// !$*UTF8*$!
{
	archiveVersion = 1;
	classes = {
	};
	objectVersion = 46;
	objects = {

/* Begin PBXBuildFile section */
		77114D681C6BC9C700AE7508 /* RegulationsViewController.m in Sources */ = {isa = PBXBuildFile; fileRef = 77114D671C6BC9C700AE7508 /* RegulationsViewController.m */; };
		77114D6C1C6BCCC500AE7508 /* RequirementsViewController.m in Sources */ = {isa = PBXBuildFile; fileRef = 77114D6B1C6BCCC500AE7508 /* RequirementsViewController.m */; };
		77114D701C6BCCF900AE7508 /* JuryViewController.m in Sources */ = {isa = PBXBuildFile; fileRef = 77114D6F1C6BCCF900AE7508 /* JuryViewController.m */; };
		77114D741C6BCD2600AE7508 /* GalleryViewController.m in Sources */ = {isa = PBXBuildFile; fileRef = 77114D731C6BCD2600AE7508 /* GalleryViewController.m */; };
		77114D781C6BCD5A00AE7508 /* ApplicationViewController.m in Sources */ = {isa = PBXBuildFile; fileRef = 77114D771C6BCD5A00AE7508 /* ApplicationViewController.m */; };
		776A118B1C6B410A0089D19A /* main.m in Sources */ = {isa = PBXBuildFile; fileRef = 776A118A1C6B410A0089D19A /* main.m */; };
		776A118E1C6B410A0089D19A /* AppDelegate.m in Sources */ = {isa = PBXBuildFile; fileRef = 776A118D1C6B410A0089D19A /* AppDelegate.m */; };
		776A11911C6B410A0089D19A /* ViewController.m in Sources */ = {isa = PBXBuildFile; fileRef = 776A11901C6B410A0089D19A /* ViewController.m */; };
		776A11941C6B410A0089D19A /* Main.storyboard in Resources */ = {isa = PBXBuildFile; fileRef = 776A11921C6B410A0089D19A /* Main.storyboard */; };
		776A11961C6B410A0089D19A /* Assets.xcassets in Resources */ = {isa = PBXBuildFile; fileRef = 776A11951C6B410A0089D19A /* Assets.xcassets */; };
		776A11991C6B410A0089D19A /* LaunchScreen.storyboard in Resources */ = {isa = PBXBuildFile; fileRef = 776A11971C6B410A0089D19A /* LaunchScreen.storyboard */; };
		776A11A41C6B410A0089D19A /* My_kamchatkaTests.m in Sources */ = {isa = PBXBuildFile; fileRef = 776A11A31C6B410A0089D19A /* My_kamchatkaTests.m */; };
		776A11AF1C6B410B0089D19A /* My_kamchatkaUITests.m in Sources */ = {isa = PBXBuildFile; fileRef = 776A11AE1C6B410B0089D19A /* My_kamchatkaUITests.m */; };
		776A11BF1C6B429D0089D19A /* SWRevealViewController.m in Sources */ = {isa = PBXBuildFile; fileRef = 776A11BE1C6B429D0089D19A /* SWRevealViewController.m */; };
		776A11C21C6B430E0089D19A /* MenuViewController.m in Sources */ = {isa = PBXBuildFile; fileRef = 776A11C11C6B430E0089D19A /* MenuViewController.m */; };
		776A11C61C6B44760089D19A /* MainViewController.m in Sources */ = {isa = PBXBuildFile; fileRef = 776A11C51C6B44760089D19A /* MainViewController.m */; };
/* End PBXBuildFile section */

/* Begin PBXContainerItemProxy section */
		776A11A01C6B410A0089D19A /* PBXContainerItemProxy */ = {
			isa = PBXContainerItemProxy;
			containerPortal = 776A117E1C6B410A0089D19A /* Project object */;
			proxyType = 1;
			remoteGlobalIDString = 776A11851C6B410A0089D19A;
			remoteInfo = "My kamchatka";
		};
		776A11AB1C6B410B0089D19A /* PBXContainerItemProxy */ = {
			isa = PBXContainerItemProxy;
			containerPortal = 776A117E1C6B410A0089D19A /* Project object */;
			proxyType = 1;
			remoteGlobalIDString = 776A11851C6B410A0089D19A;
			remoteInfo = "My kamchatka";
		};
/* End PBXContainerItemProxy section */

/* Begin PBXFileReference section */
		77114D661C6BC9C700AE7508 /* RegulationsViewController.h */ = {isa = PBXFileReference; fileEncoding = 4; lastKnownFileType = sourcecode.c.h; path = RegulationsViewController.h; sourceTree = "<group>"; };
		77114D671C6BC9C700AE7508 /* RegulationsViewController.m */ = {isa = PBXFileReference; fileEncoding = 4; lastKnownFileType = sourcecode.c.objc; path = RegulationsViewController.m; sourceTree = "<group>"; };
		77114D6A1C6BCCC500AE7508 /* RequirementsViewController.h */ = {isa = PBXFileReference; fileEncoding = 4; lastKnownFileType = sourcecode.c.h; path = RequirementsViewController.h; sourceTree = "<group>"; };
		77114D6B1C6BCCC500AE7508 /* RequirementsViewController.m */ = {isa = PBXFileReference; fileEncoding = 4; lastKnownFileType = sourcecode.c.objc; path = RequirementsViewController.m; sourceTree = "<group>"; };
		77114D6E1C6BCCF900AE7508 /* JuryViewController.h */ = {isa = PBXFileReference; fileEncoding = 4; lastKnownFileType = sourcecode.c.h; path = JuryViewController.h; sourceTree = "<group>"; };
		77114D6F1C6BCCF900AE7508 /* JuryViewController.m */ = {isa = PBXFileReference; fileEncoding = 4; lastKnownFileType = sourcecode.c.objc; path = JuryViewController.m; sourceTree = "<group>"; };
		77114D721C6BCD2600AE7508 /* GalleryViewController.h */ = {isa = PBXFileReference; fileEncoding = 4; lastKnownFileType = sourcecode.c.h; path = GalleryViewController.h; sourceTree = "<group>"; };
		77114D731C6BCD2600AE7508 /* GalleryViewController.m */ = {isa = PBXFileReference; fileEncoding = 4; lastKnownFileType = sourcecode.c.objc; path = GalleryViewController.m; sourceTree = "<group>"; };
		77114D761C6BCD5A00AE7508 /* ApplicationViewController.h */ = {isa = PBXFileReference; fileEncoding = 4; lastKnownFileType = sourcecode.c.h; path = ApplicationViewController.h; sourceTree = "<group>"; };
		77114D771C6BCD5A00AE7508 /* ApplicationViewController.m */ = {isa = PBXFileReference; fileEncoding = 4; lastKnownFileType = sourcecode.c.objc; path = ApplicationViewController.m; sourceTree = "<group>"; };
		776A11861C6B410A0089D19A /* My kamchatka.app */ = {isa = PBXFileReference; explicitFileType = wrapper.application; includeInIndex = 0; path = "My kamchatka.app"; sourceTree = BUILT_PRODUCTS_DIR; };
		776A118A1C6B410A0089D19A /* main.m */ = {isa = PBXFileReference; lastKnownFileType = sourcecode.c.objc; path = main.m; sourceTree = "<group>"; };
		776A118C1C6B410A0089D19A /* AppDelegate.h */ = {isa = PBXFileReference; lastKnownFileType = sourcecode.c.h; path = AppDelegate.h; sourceTree = "<group>"; };
		776A118D1C6B410A0089D19A /* AppDelegate.m */ = {isa = PBXFileReference; lastKnownFileType = sourcecode.c.objc; path = AppDelegate.m; sourceTree = "<group>"; };
		776A118F1C6B410A0089D19A /* ViewController.h */ = {isa = PBXFileReference; lastKnownFileType = sourcecode.c.h; path = ViewController.h; sourceTree = "<group>"; };
		776A11901C6B410A0089D19A /* ViewController.m */ = {isa = PBXFileReference; lastKnownFileType = sourcecode.c.objc; path = ViewController.m; sourceTree = "<group>"; };
		776A11931C6B410A0089D19A /* Base */ = {isa = PBXFileReference; lastKnownFileType = file.storyboard; name = Base; path = Base.lproj/Main.storyboard; sourceTree = "<group>"; };
		776A11951C6B410A0089D19A /* Assets.xcassets */ = {isa = PBXFileReference; lastKnownFileType = folder.assetcatalog; path = Assets.xcassets; sourceTree = "<group>"; };
		776A11981C6B410A0089D19A /* Base */ = {isa = PBXFileReference; lastKnownFileType = file.storyboard; name = Base; path = Base.lproj/LaunchScreen.storyboard; sourceTree = "<group>"; };
		776A119A1C6B410A0089D19A /* Info.plist */ = {isa = PBXFileReference; lastKnownFileType = text.plist.xml; path = Info.plist; sourceTree = "<group>"; };
		776A119F1C6B410A0089D19A /* My kamchatkaTests.xctest */ = {isa = PBXFileReference; explicitFileType = wrapper.cfbundle; includeInIndex = 0; path = "My kamchatkaTests.xctest"; sourceTree = BUILT_PRODUCTS_DIR; };
		776A11A31C6B410A0089D19A /* My_kamchatkaTests.m */ = {isa = PBXFileReference; lastKnownFileType = sourcecode.c.objc; path = My_kamchatkaTests.m; sourceTree = "<group>"; };
		776A11A51C6B410A0089D19A /* Info.plist */ = {isa = PBXFileReference; lastKnownFileType = text.plist.xml; path = Info.plist; sourceTree = "<group>"; };
		776A11AA1C6B410B0089D19A /* My kamchatkaUITests.xctest */ = {isa = PBXFileReference; explicitFileType = wrapper.cfbundle; includeInIndex = 0; path = "My kamchatkaUITests.xctest"; sourceTree = BUILT_PRODUCTS_DIR; };
		776A11AE1C6B410B0089D19A /* My_kamchatkaUITests.m */ = {isa = PBXFileReference; lastKnownFileType = sourcecode.c.objc; path = My_kamchatkaUITests.m; sourceTree = "<group>"; };
		776A11B01C6B410B0089D19A /* Info.plist */ = {isa = PBXFileReference; lastKnownFileType = text.plist.xml; path = Info.plist; sourceTree = "<group>"; };
		776A11BD1C6B429D0089D19A /* SWRevealViewController.h */ = {isa = PBXFileReference; fileEncoding = 4; lastKnownFileType = sourcecode.c.h; path = SWRevealViewController.h; sourceTree = "<group>"; };
		776A11BE1C6B429D0089D19A /* SWRevealViewController.m */ = {isa = PBXFileReference; fileEncoding = 4; lastKnownFileType = sourcecode.c.objc; path = SWRevealViewController.m; sourceTree = "<group>"; };
		776A11C01C6B430E0089D19A /* MenuViewController.h */ = {isa = PBXFileReference; fileEncoding = 4; lastKnownFileType = sourcecode.c.h; path = MenuViewController.h; sourceTree = "<group>"; };
		776A11C11C6B430E0089D19A /* MenuViewController.m */ = {isa = PBXFileReference; fileEncoding = 4; lastKnownFileType = sourcecode.c.objc; path = MenuViewController.m; sourceTree = "<group>"; };
		776A11C41C6B44760089D19A /* MainViewController.h */ = {isa = PBXFileReference; fileEncoding = 4; lastKnownFileType = sourcecode.c.h; path = MainViewController.h; sourceTree = "<group>"; };
		776A11C51C6B44760089D19A /* MainViewController.m */ = {isa = PBXFileReference; fileEncoding = 4; lastKnownFileType = sourcecode.c.objc; path = MainViewController.m; sourceTree = "<group>"; };
/* End PBXFileReference section */

/* Begin PBXFrameworksBuildPhase section */
		776A11831C6B410A0089D19A /* Frameworks */ = {
			isa = PBXFrameworksBuildPhase;
			buildActionMask = 2147483647;
			files = (
			);
			runOnlyForDeploymentPostprocessing = 0;
		};
		776A119C1C6B410A0089D19A /* Frameworks */ = {
			isa = PBXFrameworksBuildPhase;
			buildActionMask = 2147483647;
			files = (
			);
			runOnlyForDeploymentPostprocessing = 0;
		};
		776A11A71C6B410B0089D19A /* Frameworks */ = {
			isa = PBXFrameworksBuildPhase;
			buildActionMask = 2147483647;
			files = (
			);
			runOnlyForDeploymentPostprocessing = 0;
		};
/* End PBXFrameworksBuildPhase section */

/* Begin PBXGroup section */
		77114D621C6BC97E00AE7508 /* Regulations */ = {
			isa = PBXGroup;
			children = (
				77114D661C6BC9C700AE7508 /* RegulationsViewController.h */,
				77114D671C6BC9C700AE7508 /* RegulationsViewController.m */,
			);
			name = Regulations;
			sourceTree = "<group>";
		};
		77114D691C6BCCA000AE7508 /* Requirements */ = {
			isa = PBXGroup;
			children = (
				77114D6A1C6BCCC500AE7508 /* RequirementsViewController.h */,
				77114D6B1C6BCCC500AE7508 /* RequirementsViewController.m */,
			);
			name = Requirements;
			sourceTree = "<group>";
		};
		77114D6D1C6BCCE200AE7508 /* Jury */ = {
			isa = PBXGroup;
			children = (
				77114D6E1C6BCCF900AE7508 /* JuryViewController.h */,
				77114D6F1C6BCCF900AE7508 /* JuryViewController.m */,
			);
			name = Jury;
			sourceTree = "<group>";
		};
		77114D711C6BCD1100AE7508 /* Gallery */ = {
			isa = PBXGroup;
			children = (
				77114D721C6BCD2600AE7508 /* GalleryViewController.h */,
				77114D731C6BCD2600AE7508 /* GalleryViewController.m */,
			);
			name = Gallery;
			sourceTree = "<group>";
		};
		77114D751C6BCD4600AE7508 /* Application */ = {
			isa = PBXGroup;
			children = (
				77114D761C6BCD5A00AE7508 /* ApplicationViewController.h */,
				77114D771C6BCD5A00AE7508 /* ApplicationViewController.m */,
			);
			name = Application;
			sourceTree = "<group>";
		};
		776A117D1C6B410A0089D19A = {
			isa = PBXGroup;
			children = (
				776A11881C6B410A0089D19A /* My kamchatka */,
				776A11A21C6B410A0089D19A /* My kamchatkaTests */,
				776A11AD1C6B410B0089D19A /* My kamchatkaUITests */,
				776A11871C6B410A0089D19A /* Products */,
			);
			sourceTree = "<group>";
		};
		776A11871C6B410A0089D19A /* Products */ = {
			isa = PBXGroup;
			children = (
				776A11861C6B410A0089D19A /* My kamchatka.app */,
				776A119F1C6B410A0089D19A /* My kamchatkaTests.xctest */,
				776A11AA1C6B410B0089D19A /* My kamchatkaUITests.xctest */,
			);
			name = Products;
			sourceTree = "<group>";
		};
		776A11881C6B410A0089D19A /* My kamchatka */ = {
			isa = PBXGroup;
			children = (
				776A11BC1C6B42370089D19A /* MenuProject */,
				776A11C31C6B44610089D19A /* MainView */,
				77114D621C6BC97E00AE7508 /* Regulations */,
				77114D691C6BCCA000AE7508 /* Requirements */,
				77114D6D1C6BCCE200AE7508 /* Jury */,
				77114D711C6BCD1100AE7508 /* Gallery */,
				77114D751C6BCD4600AE7508 /* Application */,
				776A118C1C6B410A0089D19A /* AppDelegate.h */,
				776A118D1C6B410A0089D19A /* AppDelegate.m */,
				776A118F1C6B410A0089D19A /* ViewController.h */,
				776A11901C6B410A0089D19A /* ViewController.m */,
				776A11921C6B410A0089D19A /* Main.storyboard */,
				776A11951C6B410A0089D19A /* Assets.xcassets */,
				776A11971C6B410A0089D19A /* LaunchScreen.storyboard */,
				776A119A1C6B410A0089D19A /* Info.plist */,
				776A11891C6B410A0089D19A /* Supporting Files */,
			);
			path = "My kamchatka";
			sourceTree = "<group>";
		};
		776A11891C6B410A0089D19A /* Supporting Files */ = {
			isa = PBXGroup;
			children = (
				776A118A1C6B410A0089D19A /* main.m */,
			);
			name = "Supporting Files";
			sourceTree = "<group>";
		};
		776A11A21C6B410A0089D19A /* My kamchatkaTests */ = {
			isa = PBXGroup;
			children = (
				776A11A31C6B410A0089D19A /* My_kamchatkaTests.m */,
				776A11A51C6B410A0089D19A /* Info.plist */,
			);
			path = "My kamchatkaTests";
			sourceTree = "<group>";
		};
		776A11AD1C6B410B0089D19A /* My kamchatkaUITests */ = {
			isa = PBXGroup;
			children = (
				776A11AE1C6B410B0089D19A /* My_kamchatkaUITests.m */,
				776A11B01C6B410B0089D19A /* Info.plist */,
			);
			path = "My kamchatkaUITests";
			sourceTree = "<group>";
		};
		776A11BC1C6B42370089D19A /* MenuProject */ = {
			isa = PBXGroup;
			children = (
				776A11BD1C6B429D0089D19A /* SWRevealViewController.h */,
				776A11BE1C6B429D0089D19A /* SWRevealViewController.m */,
				776A11C01C6B430E0089D19A /* MenuViewController.h */,
				776A11C11C6B430E0089D19A /* MenuViewController.m */,
			);
			name = MenuProject;
			sourceTree = "<group>";
		};
		776A11C31C6B44610089D19A /* MainView */ = {
			isa = PBXGroup;
			children = (
				776A11C41C6B44760089D19A /* MainViewController.h */,
				776A11C51C6B44760089D19A /* MainViewController.m */,
			);
			name = MainView;
			sourceTree = "<group>";
		};
/* End PBXGroup section */

/* Begin PBXNativeTarget section */
		776A11851C6B410A0089D19A /* My kamchatka */ = {
			isa = PBXNativeTarget;
			buildConfigurationList = 776A11B31C6B410B0089D19A /* Build configuration list for PBXNativeTarget "My kamchatka" */;
			buildPhases = (
				776A11821C6B410A0089D19A /* Sources */,
				776A11831C6B410A0089D19A /* Frameworks */,
				776A11841C6B410A0089D19A /* Resources */,
			);
			buildRules = (
			);
			dependencies = (
			);
			name = "My kamchatka";
			productName = "My kamchatka";
			productReference = 776A11861C6B410A0089D19A /* My kamchatka.app */;
			productType = "com.apple.product-type.application";
		};
		776A119E1C6B410A0089D19A /* My kamchatkaTests */ = {
			isa = PBXNativeTarget;
			buildConfigurationList = 776A11B61C6B410B0089D19A /* Build configuration list for PBXNativeTarget "My kamchatkaTests" */;
			buildPhases = (
				776A119B1C6B410A0089D19A /* Sources */,
				776A119C1C6B410A0089D19A /* Frameworks */,
				776A119D1C6B410A0089D19A /* Resources */,
			);
			buildRules = (
			);
			dependencies = (
				776A11A11C6B410A0089D19A /* PBXTargetDependency */,
			);
			name = "My kamchatkaTests";
			productName = "My kamchatkaTests";
			productReference = 776A119F1C6B410A0089D19A /* My kamchatkaTests.xctest */;
			productType = "com.apple.product-type.bundle.unit-test";
		};
		776A11A91C6B410B0089D19A /* My kamchatkaUITests */ = {
			isa = PBXNativeTarget;
			buildConfigurationList = 776A11B91C6B410B0089D19A /* Build configuration list for PBXNativeTarget "My kamchatkaUITests" */;
			buildPhases = (
				776A11A61C6B410B0089D19A /* Sources */,
				776A11A71C6B410B0089D19A /* Frameworks */,
				776A11A81C6B410B0089D19A /* Resources */,
			);
			buildRules = (
			);
			dependencies = (
				776A11AC1C6B410B0089D19A /* PBXTargetDependency */,
			);
			name = "My kamchatkaUITests";
			productName = "My kamchatkaUITests";
			productReference = 776A11AA1C6B410B0089D19A /* My kamchatkaUITests.xctest */;
			productType = "com.apple.product-type.bundle.ui-testing";
		};
/* End PBXNativeTarget section */

/* Begin PBXProject section */
		776A117E1C6B410A0089D19A /* Project object */ = {
			isa = PBXProject;
			attributes = {
				LastUpgradeCheck = 0720;
				ORGANIZATIONNAME = Viktor;
				TargetAttributes = {
					776A11851C6B410A0089D19A = {
						CreatedOnToolsVersion = 7.2;
					};
					776A119E1C6B410A0089D19A = {
						CreatedOnToolsVersion = 7.2;
						TestTargetID = 776A11851C6B410A0089D19A;
					};
					776A11A91C6B410B0089D19A = {
						CreatedOnToolsVersion = 7.2;
						TestTargetID = 776A11851C6B410A0089D19A;
					};
				};
			};
			buildConfigurationList = 776A11811C6B410A0089D19A /* Build configuration list for PBXProject "My kamchatka" */;
			compatibilityVersion = "Xcode 3.2";
			developmentRegion = English;
			hasScannedForEncodings = 0;
			knownRegions = (
				en,
				Base,
			);
			mainGroup = 776A117D1C6B410A0089D19A;
			productRefGroup = 776A11871C6B410A0089D19A /* Products */;
			projectDirPath = "";
			projectRoot = "";
			targets = (
				776A11851C6B410A0089D19A /* My kamchatka */,
				776A119E1C6B410A0089D19A /* My kamchatkaTests */,
				776A11A91C6B410B0089D19A /* My kamchatkaUITests */,
			);
		};
/* End PBXProject section */

/* Begin PBXResourcesBuildPhase section */
		776A11841C6B410A0089D19A /* Resources */ = {
			isa = PBXResourcesBuildPhase;
			buildActionMask = 2147483647;
			files = (
				776A11991C6B410A0089D19A /* LaunchScreen.storyboard in Resources */,
				776A11961C6B410A0089D19A /* Assets.xcassets in Resources */,
				776A11941C6B410A0089D19A /* Main.storyboard in Resources */,
			);
			runOnlyForDeploymentPostprocessing = 0;
		};
		776A119D1C6B410A0089D19A /* Resources */ = {
			isa = PBXResourcesBuildPhase;
			buildActionMask = 2147483647;
			files = (
			);
			runOnlyForDeploymentPostprocessing = 0;
		};
		776A11A81C6B410B0089D19A /* Resources */ = {
			isa = PBXResourcesBuildPhase;
			buildActionMask = 2147483647;
			files = (
			);
			runOnlyForDeploymentPostprocessing = 0;
		};
/* End PBXResourcesBuildPhase section */

/* Begin PBXSourcesBuildPhase section */
		776A11821C6B410A0089D19A /* Sources */ = {
			isa = PBXSourcesBuildPhase;
			buildActionMask = 2147483647;
			files = (
				77114D681C6BC9C700AE7508 /* RegulationsViewController.m in Sources */,
				776A11911C6B410A0089D19A /* ViewController.m in Sources */,
				77114D701C6BCCF900AE7508 /* JuryViewController.m in Sources */,
				77114D6C1C6BCCC500AE7508 /* RequirementsViewController.m in Sources */,
				776A11C61C6B44760089D19A /* MainViewController.m in Sources */,
				776A118E1C6B410A0089D19A /* AppDelegate.m in Sources */,
				776A118B1C6B410A0089D19A /* main.m in Sources */,
				776A11BF1C6B429D0089D19A /* SWRevealViewController.m in Sources */,
				776A11C21C6B430E0089D19A /* MenuViewController.m in Sources */,
				77114D781C6BCD5A00AE7508 /* ApplicationViewController.m in Sources */,
				77114D741C6BCD2600AE7508 /* GalleryViewController.m in Sources */,
			);
			runOnlyForDeploymentPostprocessing = 0;
		};
		776A119B1C6B410A0089D19A /* Sources */ = {
			isa = PBXSourcesBuildPhase;
			buildActionMask = 2147483647;
			files = (
				776A11A41C6B410A0089D19A /* My_kamchatkaTests.m in Sources */,
			);
			runOnlyForDeploymentPostprocessing = 0;
		};
		776A11A61C6B410B0089D19A /* Sources */ = {
			isa = PBXSourcesBuildPhase;
			buildActionMask = 2147483647;
			files = (
				776A11AF1C6B410B0089D19A /* My_kamchatkaUITests.m in Sources */,
			);
			runOnlyForDeploymentPostprocessing = 0;
		};
/* End PBXSourcesBuildPhase section */

/* Begin PBXTargetDependency section */
		776A11A11C6B410A0089D19A /* PBXTargetDependency */ = {
			isa = PBXTargetDependency;
			target = 776A11851C6B410A0089D19A /* My kamchatka */;
			targetProxy = 776A11A01C6B410A0089D19A /* PBXContainerItemProxy */;
		};
		776A11AC1C6B410B0089D19A /* PBXTargetDependency */ = {
			isa = PBXTargetDependency;
			target = 776A11851C6B410A0089D19A /* My kamchatka */;
			targetProxy = 776A11AB1C6B410B0089D19A /* PBXContainerItemProxy */;
		};
/* End PBXTargetDependency section */

/* Begin PBXVariantGroup section */
		776A11921C6B410A0089D19A /* Main.storyboard */ = {
			isa = PBXVariantGroup;
			children = (
				776A11931C6B410A0089D19A /* Base */,
			);
			name = Main.storyboard;
			sourceTree = "<group>";
		};
		776A11971C6B410A0089D19A /* LaunchScreen.storyboard */ = {
			isa = PBXVariantGroup;
			children = (
				776A11981C6B410A0089D19A /* Base */,
			);
			name = LaunchScreen.storyboard;
			sourceTree = "<group>";
		};
/* End PBXVariantGroup section */

/* Begin XCBuildConfiguration section */
		776A11B11C6B410B0089D19A /* Debug */ = {
			isa = XCBuildConfiguration;
			buildSettings = {
				ALWAYS_SEARCH_USER_PATHS = NO;
				CLANG_CXX_LANGUAGE_STANDARD = "gnu++0x";
				CLANG_CXX_LIBRARY = "libc++";
				CLANG_ENABLE_MODULES = YES;
				CLANG_ENABLE_OBJC_ARC = YES;
				CLANG_WARN_BOOL_CONVERSION = YES;
				CLANG_WARN_CONSTANT_CONVERSION = YES;
				CLANG_WARN_DIRECT_OBJC_ISA_USAGE = YES_ERROR;
				CLANG_WARN_EMPTY_BODY = YES;
				CLANG_WARN_ENUM_CONVERSION = YES;
				CLANG_WARN_INT_CONVERSION = YES;
				CLANG_WARN_OBJC_ROOT_CLASS = YES_ERROR;
				CLANG_WARN_UNREACHABLE_CODE = YES;
				CLANG_WARN__DUPLICATE_METHOD_MATCH = YES;
				"CODE_SIGN_IDENTITY[sdk=iphoneos*]" = "iPhone Developer";
				COPY_PHASE_STRIP = NO;
				DEBUG_INFORMATION_FORMAT = dwarf;
				ENABLE_STRICT_OBJC_MSGSEND = YES;
				ENABLE_TESTABILITY = YES;
				GCC_C_LANGUAGE_STANDARD = gnu99;
				GCC_DYNAMIC_NO_PIC = NO;
				GCC_NO_COMMON_BLOCKS = YES;
				GCC_OPTIMIZATION_LEVEL = 0;
				GCC_PREPROCESSOR_DEFINITIONS = (
					"DEBUG=1",
					"$(inherited)",
				);
				GCC_WARN_64_TO_32_BIT_CONVERSION = YES;
				GCC_WARN_ABOUT_RETURN_TYPE = YES_ERROR;
				GCC_WARN_UNDECLARED_SELECTOR = YES;
				GCC_WARN_UNINITIALIZED_AUTOS = YES_AGGRESSIVE;
				GCC_WARN_UNUSED_FUNCTION = YES;
				GCC_WARN_UNUSED_VARIABLE = YES;
				IPHONEOS_DEPLOYMENT_TARGET = 9.2;
				MTL_ENABLE_DEBUG_INFO = YES;
				ONLY_ACTIVE_ARCH = YES;
				SDKROOT = iphoneos;
				TARGETED_DEVICE_FAMILY = "1,2";
			};
			name = Debug;
		};
		776A11B21C6B410B0089D19A /* Release */ = {
			isa = XCBuildConfiguration;
			buildSettings = {
				ALWAYS_SEARCH_USER_PATHS = NO;
				CLANG_CXX_LANGUAGE_STANDARD = "gnu++0x";
				CLANG_CXX_LIBRARY = "libc++";
				CLANG_ENABLE_MODULES = YES;
				CLANG_ENABLE_OBJC_ARC = YES;
				CLANG_WARN_BOOL_CONVERSION = YES;
				CLANG_WARN_CONSTANT_CONVERSION = YES;
				CLANG_WARN_DIRECT_OBJC_ISA_USAGE = YES_ERROR;
				CLANG_WARN_EMPTY_BODY = YES;
				CLANG_WARN_ENUM_CONVERSION = YES;
				CLANG_WARN_INT_CONVERSION = YES;
				CLANG_WARN_OBJC_ROOT_CLASS = YES_ERROR;
				CLANG_WARN_UNREACHABLE_CODE = YES;
				CLANG_WARN__DUPLICATE_METHOD_MATCH = YES;
				"CODE_SIGN_IDENTITY[sdk=iphoneos*]" = "iPhone Developer";
				COPY_PHASE_STRIP = NO;
				DEBUG_INFORMATION_FORMAT = "dwarf-with-dsym";
				ENABLE_NS_ASSERTIONS = NO;
				ENABLE_STRICT_OBJC_MSGSEND = YES;
				GCC_C_LANGUAGE_STANDARD = gnu99;
				GCC_NO_COMMON_BLOCKS = YES;
				GCC_WARN_64_TO_32_BIT_CONVERSION = YES;
				GCC_WARN_ABOUT_RETURN_TYPE = YES_ERROR;
				GCC_WARN_UNDECLARED_SELECTOR = YES;
				GCC_WARN_UNINITIALIZED_AUTOS = YES_AGGRESSIVE;
				GCC_WARN_UNUSED_FUNCTION = YES;
				GCC_WARN_UNUSED_VARIABLE = YES;
				IPHONEOS_DEPLOYMENT_TARGET = 9.2;
				MTL_ENABLE_DEBUG_INFO = NO;
				SDKROOT = iphoneos;
				TARGETED_DEVICE_FAMILY = "1,2";
				VALIDATE_PRODUCT = YES;
			};
			name = Release;
		};
		776A11B41C6B410B0089D19A /* Debug */ = {
			isa = XCBuildConfiguration;
			buildSettings = {
				ASSETCATALOG_COMPILER_APPICON_NAME = AppIcon;
				INFOPLIST_FILE = "My kamchatka/Info.plist";
				LD_RUNPATH_SEARCH_PATHS = "$(inherited) @executable_path/Frameworks";
				PRODUCT_BUNDLE_IDENTIFIER = "Ugi-Ugi.My-kamchatka";
				PRODUCT_NAME = "$(TARGET_NAME)";
			};
			name = Debug;
		};
		776A11B51C6B410B0089D19A /* Release */ = {
			isa = XCBuildConfiguration;
			buildSettings = {
				ASSETCATALOG_COMPILER_APPICON_NAME = AppIcon;
				INFOPLIST_FILE = "My kamchatka/Info.plist";
				LD_RUNPATH_SEARCH_PATHS = "$(inherited) @executable_path/Frameworks";
				PRODUCT_BUNDLE_IDENTIFIER = "Ugi-Ugi.My-kamchatka";
				PRODUCT_NAME = "$(TARGET_NAME)";
			};
			name = Release;
		};
		776A11B71C6B410B0089D19A /* Debug */ = {
			isa = XCBuildConfiguration;
			buildSettings = {
				BUNDLE_LOADER = "$(TEST_HOST)";
				INFOPLIST_FILE = "My kamchatkaTests/Info.plist";
				LD_RUNPATH_SEARCH_PATHS = "$(inherited) @executable_path/Frameworks @loader_path/Frameworks";
				PRODUCT_BUNDLE_IDENTIFIER = "Ugi-Ugi.My-kamchatkaTests";
				PRODUCT_NAME = "$(TARGET_NAME)";
				TEST_HOST = "$(BUILT_PRODUCTS_DIR)/My kamchatka.app/My kamchatka";
			};
			name = Debug;
		};
		776A11B81C6B410B0089D19A /* Release */ = {
			isa = XCBuildConfiguration;
			buildSettings = {
				BUNDLE_LOADER = "$(TEST_HOST)";
				INFOPLIST_FILE = "My kamchatkaTests/Info.plist";
				LD_RUNPATH_SEARCH_PATHS = "$(inherited) @executable_path/Frameworks @loader_path/Frameworks";
				PRODUCT_BUNDLE_IDENTIFIER = "Ugi-Ugi.My-kamchatkaTests";
				PRODUCT_NAME = "$(TARGET_NAME)";
				TEST_HOST = "$(BUILT_PRODUCTS_DIR)/My kamchatka.app/My kamchatka";
			};
			name = Release;
		};
		776A11BA1C6B410B0089D19A /* Debug */ = {
			isa = XCBuildConfiguration;
			buildSettings = {
				INFOPLIST_FILE = "My kamchatkaUITests/Info.plist";
				LD_RUNPATH_SEARCH_PATHS = "$(inherited) @executable_path/Frameworks @loader_path/Frameworks";
				PRODUCT_BUNDLE_IDENTIFIER = "Ugi-Ugi.My-kamchatkaUITests";
				PRODUCT_NAME = "$(TARGET_NAME)";
				TEST_TARGET_NAME = "My kamchatka";
				USES_XCTRUNNER = YES;
			};
			name = Debug;
		};
		776A11BB1C6B410B0089D19A /* Release */ = {
			isa = XCBuildConfiguration;
			buildSettings = {
				INFOPLIST_FILE = "My kamchatkaUITests/Info.plist";
				LD_RUNPATH_SEARCH_PATHS = "$(inherited) @executable_path/Frameworks @loader_path/Frameworks";
				PRODUCT_BUNDLE_IDENTIFIER = "Ugi-Ugi.My-kamchatkaUITests";
				PRODUCT_NAME = "$(TARGET_NAME)";
				TEST_TARGET_NAME = "My kamchatka";
				USES_XCTRUNNER = YES;
			};
			name = Release;
		};
/* End XCBuildConfiguration section */

/* Begin XCConfigurationList section */
		776A11811C6B410A0089D19A /* Build configuration list for PBXProject "My kamchatka" */ = {
			isa = XCConfigurationList;
			buildConfigurations = (
				776A11B11C6B410B0089D19A /* Debug */,
				776A11B21C6B410B0089D19A /* Release */,
			);
			defaultConfigurationIsVisible = 0;
			defaultConfigurationName = Release;
		};
		776A11B31C6B410B0089D19A /* Build configuration list for PBXNativeTarget "My kamchatka" */ = {
			isa = XCConfigurationList;
			buildConfigurations = (
				776A11B41C6B410B0089D19A /* Debug */,
				776A11B51C6B410B0089D19A /* Release */,
			);
			defaultConfigurationIsVisible = 0;
			defaultConfigurationName = Release;
		};
		776A11B61C6B410B0089D19A /* Build configuration list for PBXNativeTarget "My kamchatkaTests" */ = {
			isa = XCConfigurationList;
			buildConfigurations = (
				776A11B71C6B410B0089D19A /* Debug */,
				776A11B81C6B410B0089D19A /* Release */,
			);
			defaultConfigurationIsVisible = 0;
			defaultConfigurationName = Release;
		};
		776A11B91C6B410B0089D19A /* Build configuration list for PBXNativeTarget "My kamchatkaUITests" */ = {
			isa = XCConfigurationList;
			buildConfigurations = (
				776A11BA1C6B410B0089D19A /* Debug */,
				776A11BB1C6B410B0089D19A /* Release */,
			);
			defaultConfigurationIsVisible = 0;
			defaultConfigurationName = Release;
		};
/* End XCConfigurationList section */
	};
	rootObject = 776A117E1C6B410A0089D19A /* Project object */;
}
