// !$*UTF8*$!
{
	archiveVersion = 1;
	classes = {
	};
	objectVersion = 46;
	objects = {

/* Begin PBXBuildFile section */
		AC36DC9D768EECD4FCE84CE4 /* Pods_WeatherFull.framework in Frameworks */ = {isa = PBXBuildFile; fileRef = B354D12D7C1E591AB87C5814 /* Pods_WeatherFull.framework */; };
		AD989DD91DFAD6CF0005E3C9 /* AppDelegate.swift in Sources */ = {isa = PBXBuildFile; fileRef = AD989DD81DFAD6CF0005E3C9 /* AppDelegate.swift */; };
		AD989DDB1DFAD6CF0005E3C9 /* ViewController.swift in Sources */ = {isa = PBXBuildFile; fileRef = AD989DDA1DFAD6CF0005E3C9 /* ViewController.swift */; };
		AD989DDE1DFAD6CF0005E3C9 /* Main.storyboard in Resources */ = {isa = PBXBuildFile; fileRef = AD989DDC1DFAD6CF0005E3C9 /* Main.storyboard */; };
		AD989DE01DFAD6CF0005E3C9 /* Assets.xcassets in Resources */ = {isa = PBXBuildFile; fileRef = AD989DDF1DFAD6CF0005E3C9 /* Assets.xcassets */; };
		AD989DE31DFAD6CF0005E3C9 /* LaunchScreen.storyboard in Resources */ = {isa = PBXBuildFile; fileRef = AD989DE11DFAD6CF0005E3C9 /* LaunchScreen.storyboard */; };
		AD989DEB1DFAD8A40005E3C9 /* WeatherData.swift in Sources */ = {isa = PBXBuildFile; fileRef = AD989DEA1DFAD8A40005E3C9 /* WeatherData.swift */; };
		AD989DF01DFADA510005E3C9 /* TempData.swift in Sources */ = {isa = PBXBuildFile; fileRef = AD989DEF1DFADA510005E3C9 /* TempData.swift */; };
		AD989DF21DFADACC0005E3C9 /* ManagerData.swift in Sources */ = {isa = PBXBuildFile; fileRef = AD989DF11DFADACC0005E3C9 /* ManagerData.swift */; };
		AD989DF51DFAE6180005E3C9 /* DateToFormat.swift in Sources */ = {isa = PBXBuildFile; fileRef = AD989DF41DFAE6180005E3C9 /* DateToFormat.swift */; };
		AD989DF71DFAF8940005E3C9 /* CheckInernetConnection.swift in Sources */ = {isa = PBXBuildFile; fileRef = AD989DF61DFAF8940005E3C9 /* CheckInernetConnection.swift */; };
		AD989DF91DFB0C000005E3C9 /* LoadScreenDesign.swift in Sources */ = {isa = PBXBuildFile; fileRef = AD989DF81DFB0C000005E3C9 /* LoadScreenDesign.swift */; };
/* End PBXBuildFile section */

/* Begin PBXFileReference section */
		1ED92AAFCF0723A52DEF97AA /* Pods-WeatherFull.debug.xcconfig */ = {isa = PBXFileReference; includeInIndex = 1; lastKnownFileType = text.xcconfig; name = "Pods-WeatherFull.debug.xcconfig"; path = "Pods/Target Support Files/Pods-WeatherFull/Pods-WeatherFull.debug.xcconfig"; sourceTree = "<group>"; };
		AD989DD51DFAD6CF0005E3C9 /* WeatherFull.app */ = {isa = PBXFileReference; explicitFileType = wrapper.application; includeInIndex = 0; path = WeatherFull.app; sourceTree = BUILT_PRODUCTS_DIR; };
		AD989DD81DFAD6CF0005E3C9 /* AppDelegate.swift */ = {isa = PBXFileReference; lastKnownFileType = sourcecode.swift; path = AppDelegate.swift; sourceTree = "<group>"; };
		AD989DDA1DFAD6CF0005E3C9 /* ViewController.swift */ = {isa = PBXFileReference; lastKnownFileType = sourcecode.swift; path = ViewController.swift; sourceTree = "<group>"; };
		AD989DDD1DFAD6CF0005E3C9 /* Base */ = {isa = PBXFileReference; lastKnownFileType = file.storyboard; name = Base; path = Base.lproj/Main.storyboard; sourceTree = "<group>"; };
		AD989DDF1DFAD6CF0005E3C9 /* Assets.xcassets */ = {isa = PBXFileReference; lastKnownFileType = folder.assetcatalog; path = Assets.xcassets; sourceTree = "<group>"; };
		AD989DE21DFAD6CF0005E3C9 /* Base */ = {isa = PBXFileReference; lastKnownFileType = file.storyboard; name = Base; path = Base.lproj/LaunchScreen.storyboard; sourceTree = "<group>"; };
		AD989DE41DFAD6CF0005E3C9 /* Info.plist */ = {isa = PBXFileReference; lastKnownFileType = text.plist.xml; path = Info.plist; sourceTree = "<group>"; };
		AD989DEA1DFAD8A40005E3C9 /* WeatherData.swift */ = {isa = PBXFileReference; fileEncoding = 4; lastKnownFileType = sourcecode.swift; path = WeatherData.swift; sourceTree = "<group>"; };
		AD989DEF1DFADA510005E3C9 /* TempData.swift */ = {isa = PBXFileReference; fileEncoding = 4; lastKnownFileType = sourcecode.swift; path = TempData.swift; sourceTree = "<group>"; };
		AD989DF11DFADACC0005E3C9 /* ManagerData.swift */ = {isa = PBXFileReference; fileEncoding = 4; lastKnownFileType = sourcecode.swift; path = ManagerData.swift; sourceTree = "<group>"; };
		AD989DF41DFAE6180005E3C9 /* DateToFormat.swift */ = {isa = PBXFileReference; fileEncoding = 4; lastKnownFileType = sourcecode.swift; path = DateToFormat.swift; sourceTree = "<group>"; };
		AD989DF61DFAF8940005E3C9 /* CheckInernetConnection.swift */ = {isa = PBXFileReference; fileEncoding = 4; lastKnownFileType = sourcecode.swift; path = CheckInernetConnection.swift; sourceTree = "<group>"; };
		AD989DF81DFB0C000005E3C9 /* LoadScreenDesign.swift */ = {isa = PBXFileReference; fileEncoding = 4; lastKnownFileType = sourcecode.swift; path = LoadScreenDesign.swift; sourceTree = "<group>"; };
		B354D12D7C1E591AB87C5814 /* Pods_WeatherFull.framework */ = {isa = PBXFileReference; explicitFileType = wrapper.framework; includeInIndex = 0; path = Pods_WeatherFull.framework; sourceTree = BUILT_PRODUCTS_DIR; };
		F633145F0C0E6A20F7CFC123 /* Pods-WeatherFull.release.xcconfig */ = {isa = PBXFileReference; includeInIndex = 1; lastKnownFileType = text.xcconfig; name = "Pods-WeatherFull.release.xcconfig"; path = "Pods/Target Support Files/Pods-WeatherFull/Pods-WeatherFull.release.xcconfig"; sourceTree = "<group>"; };
/* End PBXFileReference section */

/* Begin PBXFrameworksBuildPhase section */
		AD989DD21DFAD6CF0005E3C9 /* Frameworks */ = {
			isa = PBXFrameworksBuildPhase;
			buildActionMask = 2147483647;
			files = (
				AC36DC9D768EECD4FCE84CE4 /* Pods_WeatherFull.framework in Frameworks */,
			);
			runOnlyForDeploymentPostprocessing = 0;
		};
/* End PBXFrameworksBuildPhase section */

/* Begin PBXGroup section */
		8A8AF45B10D289F3DC0492AB /* Pods */ = {
			isa = PBXGroup;
			children = (
				1ED92AAFCF0723A52DEF97AA /* Pods-WeatherFull.debug.xcconfig */,
				F633145F0C0E6A20F7CFC123 /* Pods-WeatherFull.release.xcconfig */,
			);
			name = Pods;
			sourceTree = "<group>";
		};
		A606165FC08D360EE13085E1 /* Frameworks */ = {
			isa = PBXGroup;
			children = (
				B354D12D7C1E591AB87C5814 /* Pods_WeatherFull.framework */,
			);
			name = Frameworks;
			sourceTree = "<group>";
		};
		AD989DCC1DFAD6CF0005E3C9 = {
			isa = PBXGroup;
			children = (
				AD989DD71DFAD6CF0005E3C9 /* WeatherFull */,
				AD989DD61DFAD6CF0005E3C9 /* Products */,
				8A8AF45B10D289F3DC0492AB /* Pods */,
				A606165FC08D360EE13085E1 /* Frameworks */,
			);
			sourceTree = "<group>";
		};
		AD989DD61DFAD6CF0005E3C9 /* Products */ = {
			isa = PBXGroup;
			children = (
				AD989DD51DFAD6CF0005E3C9 /* WeatherFull.app */,
			);
			name = Products;
			sourceTree = "<group>";
		};
		AD989DD71DFAD6CF0005E3C9 /* WeatherFull */ = {
			isa = PBXGroup;
			children = (
				AD989DEC1DFAD8AC0005E3C9 /* Data */,
				AD989DD81DFAD6CF0005E3C9 /* AppDelegate.swift */,
				AD989DDA1DFAD6CF0005E3C9 /* ViewController.swift */,
				AD989DF81DFB0C000005E3C9 /* LoadScreenDesign.swift */,
				AD989DDC1DFAD6CF0005E3C9 /* Main.storyboard */,
				AD989DDF1DFAD6CF0005E3C9 /* Assets.xcassets */,
				AD989DE11DFAD6CF0005E3C9 /* LaunchScreen.storyboard */,
				AD989DE41DFAD6CF0005E3C9 /* Info.plist */,
				AD989DF31DFAE5F90005E3C9 /* SupportFiles */,
			);
			path = WeatherFull;
			sourceTree = "<group>";
		};
		AD989DEC1DFAD8AC0005E3C9 /* Data */ = {
			isa = PBXGroup;
			children = (
				AD989DEA1DFAD8A40005E3C9 /* WeatherData.swift */,
				AD989DEF1DFADA510005E3C9 /* TempData.swift */,
				AD989DF11DFADACC0005E3C9 /* ManagerData.swift */,
			);
			name = Data;
			sourceTree = "<group>";
		};
		AD989DF31DFAE5F90005E3C9 /* SupportFiles */ = {
			isa = PBXGroup;
			children = (
				AD989DF41DFAE6180005E3C9 /* DateToFormat.swift */,
				AD989DF61DFAF8940005E3C9 /* CheckInernetConnection.swift */,
			);
			name = SupportFiles;
			sourceTree = "<group>";
		};
/* End PBXGroup section */

/* Begin PBXNativeTarget section */
		AD989DD41DFAD6CF0005E3C9 /* WeatherFull */ = {
			isa = PBXNativeTarget;
			buildConfigurationList = AD989DE71DFAD6CF0005E3C9 /* Build configuration list for PBXNativeTarget "WeatherFull" */;
			buildPhases = (
				1D4B7D80FC464DB3EF5E041D /* [CP] Check Pods Manifest.lock */,
				AD989DD11DFAD6CF0005E3C9 /* Sources */,
				AD989DD21DFAD6CF0005E3C9 /* Frameworks */,
				AD989DD31DFAD6CF0005E3C9 /* Resources */,
				434BCF7BF0E95ACDFE77B55A /* [CP] Embed Pods Frameworks */,
				501EC1FF40056F3EE2D13758 /* [CP] Copy Pods Resources */,
			);
			buildRules = (
			);
			dependencies = (
			);
			name = WeatherFull;
			productName = WeatherFull;
			productReference = AD989DD51DFAD6CF0005E3C9 /* WeatherFull.app */;
			productType = "com.apple.product-type.application";
		};
/* End PBXNativeTarget section */

/* Begin PBXProject section */
		AD989DCD1DFAD6CF0005E3C9 /* Project object */ = {
			isa = PBXProject;
			attributes = {
				LastSwiftUpdateCheck = 0810;
				LastUpgradeCheck = 0810;
				ORGANIZATIONNAME = datastore24;
				TargetAttributes = {
					AD989DD41DFAD6CF0005E3C9 = {
						CreatedOnToolsVersion = 8.1;
						DevelopmentTeam = 6598R4ULA4;
						ProvisioningStyle = Automatic;
					};
				};
			};
			buildConfigurationList = AD989DD01DFAD6CF0005E3C9 /* Build configuration list for PBXProject "WeatherFull" */;
			compatibilityVersion = "Xcode 3.2";
			developmentRegion = English;
			hasScannedForEncodings = 0;
			knownRegions = (
				en,
				Base,
			);
			mainGroup = AD989DCC1DFAD6CF0005E3C9;
			productRefGroup = AD989DD61DFAD6CF0005E3C9 /* Products */;
			projectDirPath = "";
			projectRoot = "";
			targets = (
				AD989DD41DFAD6CF0005E3C9 /* WeatherFull */,
			);
		};
/* End PBXProject section */

/* Begin PBXResourcesBuildPhase section */
		AD989DD31DFAD6CF0005E3C9 /* Resources */ = {
			isa = PBXResourcesBuildPhase;
			buildActionMask = 2147483647;
			files = (
				AD989DE31DFAD6CF0005E3C9 /* LaunchScreen.storyboard in Resources */,
				AD989DE01DFAD6CF0005E3C9 /* Assets.xcassets in Resources */,
				AD989DDE1DFAD6CF0005E3C9 /* Main.storyboard in Resources */,
			);
			runOnlyForDeploymentPostprocessing = 0;
		};
/* End PBXResourcesBuildPhase section */

/* Begin PBXShellScriptBuildPhase section */
		1D4B7D80FC464DB3EF5E041D /* [CP] Check Pods Manifest.lock */ = {
			isa = PBXShellScriptBuildPhase;
			buildActionMask = 2147483647;
			files = (
			);
			inputPaths = (
			);
			name = "[CP] Check Pods Manifest.lock";
			outputPaths = (
			);
			runOnlyForDeploymentPostprocessing = 0;
			shellPath = /bin/sh;
			shellScript = "diff \"${PODS_ROOT}/../Podfile.lock\" \"${PODS_ROOT}/Manifest.lock\" > /dev/null\nif [ $? != 0 ] ; then\n    # print error to STDERR\n    echo \"error: The sandbox is not in sync with the Podfile.lock. Run 'pod install' or update your CocoaPods installation.\" >&2\n    exit 1\nfi\n";
			showEnvVarsInLog = 0;
		};
		434BCF7BF0E95ACDFE77B55A /* [CP] Embed Pods Frameworks */ = {
			isa = PBXShellScriptBuildPhase;
			buildActionMask = 2147483647;
			files = (
			);
			inputPaths = (
			);
			name = "[CP] Embed Pods Frameworks";
			outputPaths = (
			);
			runOnlyForDeploymentPostprocessing = 0;
			shellPath = /bin/sh;
			shellScript = "\"${SRCROOT}/Pods/Target Support Files/Pods-WeatherFull/Pods-WeatherFull-frameworks.sh\"\n";
			showEnvVarsInLog = 0;
		};
		501EC1FF40056F3EE2D13758 /* [CP] Copy Pods Resources */ = {
			isa = PBXShellScriptBuildPhase;
			buildActionMask = 2147483647;
			files = (
			);
			inputPaths = (
			);
			name = "[CP] Copy Pods Resources";
			outputPaths = (
			);
			runOnlyForDeploymentPostprocessing = 0;
			shellPath = /bin/sh;
			shellScript = "\"${SRCROOT}/Pods/Target Support Files/Pods-WeatherFull/Pods-WeatherFull-resources.sh\"\n";
			showEnvVarsInLog = 0;
		};
/* End PBXShellScriptBuildPhase section */

/* Begin PBXSourcesBuildPhase section */
		AD989DD11DFAD6CF0005E3C9 /* Sources */ = {
			isa = PBXSourcesBuildPhase;
			buildActionMask = 2147483647;
			files = (
				AD989DF21DFADACC0005E3C9 /* ManagerData.swift in Sources */,
				AD989DF71DFAF8940005E3C9 /* CheckInernetConnection.swift in Sources */,
				AD989DF51DFAE6180005E3C9 /* DateToFormat.swift in Sources */,
				AD989DF91DFB0C000005E3C9 /* LoadScreenDesign.swift in Sources */,
				AD989DDB1DFAD6CF0005E3C9 /* ViewController.swift in Sources */,
				AD989DF01DFADA510005E3C9 /* TempData.swift in Sources */,
				AD989DEB1DFAD8A40005E3C9 /* WeatherData.swift in Sources */,
				AD989DD91DFAD6CF0005E3C9 /* AppDelegate.swift in Sources */,
			);
			runOnlyForDeploymentPostprocessing = 0;
		};
/* End PBXSourcesBuildPhase section */

/* Begin PBXVariantGroup section */
		AD989DDC1DFAD6CF0005E3C9 /* Main.storyboard */ = {
			isa = PBXVariantGroup;
			children = (
				AD989DDD1DFAD6CF0005E3C9 /* Base */,
			);
			name = Main.storyboard;
			sourceTree = "<group>";
		};
		AD989DE11DFAD6CF0005E3C9 /* LaunchScreen.storyboard */ = {
			isa = PBXVariantGroup;
			children = (
				AD989DE21DFAD6CF0005E3C9 /* Base */,
			);
			name = LaunchScreen.storyboard;
			sourceTree = "<group>";
		};
/* End PBXVariantGroup section */

/* Begin XCBuildConfiguration section */
		AD989DE51DFAD6CF0005E3C9 /* Debug */ = {
			isa = XCBuildConfiguration;
			buildSettings = {
				ALWAYS_SEARCH_USER_PATHS = NO;
				CLANG_ANALYZER_NONNULL = YES;
				CLANG_CXX_LANGUAGE_STANDARD = "gnu++0x";
				CLANG_CXX_LIBRARY = "libc++";
				CLANG_ENABLE_MODULES = YES;
				CLANG_ENABLE_OBJC_ARC = YES;
				CLANG_WARN_BOOL_CONVERSION = YES;
				CLANG_WARN_CONSTANT_CONVERSION = YES;
				CLANG_WARN_DIRECT_OBJC_ISA_USAGE = YES_ERROR;
				CLANG_WARN_DOCUMENTATION_COMMENTS = YES;
				CLANG_WARN_EMPTY_BODY = YES;
				CLANG_WARN_ENUM_CONVERSION = YES;
				CLANG_WARN_INFINITE_RECURSION = YES;
				CLANG_WARN_INT_CONVERSION = YES;
				CLANG_WARN_OBJC_ROOT_CLASS = YES_ERROR;
				CLANG_WARN_SUSPICIOUS_MOVES = YES;
				CLANG_WARN_UNREACHABLE_CODE = YES;
				CLANG_WARN__DUPLICATE_METHOD_MATCH = YES;
				"CODE_SIGN_IDENTITY[sdk=iphoneos*]" = "iPhone Developer";
				COPY_PHASE_STRIP = NO;
				DEBUG_INFORMATION_FORMAT = dwarf;
				ENABLE_STRICT_OBJC_MSGSEND = YES;
				ENABLE_TESTABILITY = YES;
				GCC_C_LANGUAGE_STANDARD = gnu99;
				GCC_DYNAMIC_NO_PIC = NO;
				GCC_NO_COMMON_BLOCKS = YES;
				GCC_OPTIMIZATION_LEVEL = 0;
				GCC_PREPROCESSOR_DEFINITIONS = (
					"DEBUG=1",
					"$(inherited)",
				);
				GCC_WARN_64_TO_32_BIT_CONVERSION = YES;
				GCC_WARN_ABOUT_RETURN_TYPE = YES_ERROR;
				GCC_WARN_UNDECLARED_SELECTOR = YES;
				GCC_WARN_UNINITIALIZED_AUTOS = YES_AGGRESSIVE;
				GCC_WARN_UNUSED_FUNCTION = YES;
				GCC_WARN_UNUSED_VARIABLE = YES;
				IPHONEOS_DEPLOYMENT_TARGET = 10.1;
				MTL_ENABLE_DEBUG_INFO = YES;
				ONLY_ACTIVE_ARCH = YES;
				SDKROOT = iphoneos;
				SWIFT_ACTIVE_COMPILATION_CONDITIONS = DEBUG;
				SWIFT_OPTIMIZATION_LEVEL = "-Onone";
			};
			name = Debug;
		};
		AD989DE61DFAD6CF0005E3C9 /* Release */ = {
			isa = XCBuildConfiguration;
			buildSettings = {
				ALWAYS_SEARCH_USER_PATHS = NO;
				CLANG_ANALYZER_NONNULL = YES;
				CLANG_CXX_LANGUAGE_STANDARD = "gnu++0x";
				CLANG_CXX_LIBRARY = "libc++";
				CLANG_ENABLE_MODULES = YES;
				CLANG_ENABLE_OBJC_ARC = YES;
				CLANG_WARN_BOOL_CONVERSION = YES;
				CLANG_WARN_CONSTANT_CONVERSION = YES;
				CLANG_WARN_DIRECT_OBJC_ISA_USAGE = YES_ERROR;
				CLANG_WARN_DOCUMENTATION_COMMENTS = YES;
				CLANG_WARN_EMPTY_BODY = YES;
				CLANG_WARN_ENUM_CONVERSION = YES;
				CLANG_WARN_INFINITE_RECURSION = YES;
				CLANG_WARN_INT_CONVERSION = YES;
				CLANG_WARN_OBJC_ROOT_CLASS = YES_ERROR;
				CLANG_WARN_SUSPICIOUS_MOVES = YES;
				CLANG_WARN_UNREACHABLE_CODE = YES;
				CLANG_WARN__DUPLICATE_METHOD_MATCH = YES;
				"CODE_SIGN_IDENTITY[sdk=iphoneos*]" = "iPhone Developer";
				COPY_PHASE_STRIP = NO;
				DEBUG_INFORMATION_FORMAT = "dwarf-with-dsym";
				ENABLE_NS_ASSERTIONS = NO;
				ENABLE_STRICT_OBJC_MSGSEND = YES;
				GCC_C_LANGUAGE_STANDARD = gnu99;
				GCC_NO_COMMON_BLOCKS = YES;
				GCC_WARN_64_TO_32_BIT_CONVERSION = YES;
				GCC_WARN_ABOUT_RETURN_TYPE = YES_ERROR;
				GCC_WARN_UNDECLARED_SELECTOR = YES;
				GCC_WARN_UNINITIALIZED_AUTOS = YES_AGGRESSIVE;
				GCC_WARN_UNUSED_FUNCTION = YES;
				GCC_WARN_UNUSED_VARIABLE = YES;
				IPHONEOS_DEPLOYMENT_TARGET = 10.1;
				MTL_ENABLE_DEBUG_INFO = NO;
				SDKROOT = iphoneos;
				SWIFT_OPTIMIZATION_LEVEL = "-Owholemodule";
				VALIDATE_PRODUCT = YES;
			};
			name = Release;
		};
		AD989DE81DFAD6CF0005E3C9 /* Debug */ = {
			isa = XCBuildConfiguration;
			baseConfigurationReference = 1ED92AAFCF0723A52DEF97AA /* Pods-WeatherFull.debug.xcconfig */;
			buildSettings = {
				ASSETCATALOG_COMPILER_APPICON_NAME = AppIcon;
				DEVELOPMENT_TEAM = 6598R4ULA4;
				INFOPLIST_FILE = WeatherFull/Info.plist;
				LD_RUNPATH_SEARCH_PATHS = "$(inherited) @executable_path/Frameworks";
				PRODUCT_BUNDLE_IDENTIFIER = com.kivilab.WeatherFull;
				PRODUCT_NAME = "$(TARGET_NAME)";
				SWIFT_VERSION = 3.0;
			};
			name = Debug;
		};
		AD989DE91DFAD6CF0005E3C9 /* Release */ = {
			isa = XCBuildConfiguration;
			baseConfigurationReference = F633145F0C0E6A20F7CFC123 /* Pods-WeatherFull.release.xcconfig */;
			buildSettings = {
				ASSETCATALOG_COMPILER_APPICON_NAME = AppIcon;
				DEVELOPMENT_TEAM = 6598R4ULA4;
				INFOPLIST_FILE = WeatherFull/Info.plist;
				LD_RUNPATH_SEARCH_PATHS = "$(inherited) @executable_path/Frameworks";
				PRODUCT_BUNDLE_IDENTIFIER = com.kivilab.WeatherFull;
				PRODUCT_NAME = "$(TARGET_NAME)";
				SWIFT_VERSION = 3.0;
			};
			name = Release;
		};
/* End XCBuildConfiguration section */

/* Begin XCConfigurationList section */
		AD989DD01DFAD6CF0005E3C9 /* Build configuration list for PBXProject "WeatherFull" */ = {
			isa = XCConfigurationList;
			buildConfigurations = (
				AD989DE51DFAD6CF0005E3C9 /* Debug */,
				AD989DE61DFAD6CF0005E3C9 /* Release */,
			);
			defaultConfigurationIsVisible = 0;
			defaultConfigurationName = Release;
		};
		AD989DE71DFAD6CF0005E3C9 /* Build configuration list for PBXNativeTarget "WeatherFull" */ = {
			isa = XCConfigurationList;
			buildConfigurations = (
				AD989DE81DFAD6CF0005E3C9 /* Debug */,
				AD989DE91DFAD6CF0005E3C9 /* Release */,
			);
			defaultConfigurationIsVisible = 0;
			defaultConfigurationName = Release;
		};
/* End XCConfigurationList section */
	};
	rootObject = AD989DCD1DFAD6CF0005E3C9 /* Project object */;
}
