// !$*UTF8*$!
{
	archiveVersion = 1;
	classes = {
	};
	objectVersion = 46;
	objects = {

/* Begin PBXBuildFile section */
		8E4673EDE51176BC06DBFE1A /* libPods-Kinopro365.a in Frameworks */ = {isa = PBXBuildFile; fileRef = EDDE7B67A9A384650BBF74B5 /* libPods-Kinopro365.a */; };
		AD2624A61E0AB873007B78CA /* UserInformationTable.m in Sources */ = {isa = PBXBuildFile; fileRef = AD2624A51E0AB873007B78CA /* UserInformationTable.m */; };
		AD2624A91E0AC639007B78CA /* VkLoginViewController.m in Sources */ = {isa = PBXBuildFile; fileRef = AD2624A81E0AC639007B78CA /* VkLoginViewController.m */; };
		AD2624AC1E0AD565007B78CA /* VKAPI.m in Sources */ = {isa = PBXBuildFile; fileRef = AD2624AB1E0AD565007B78CA /* VKAPI.m */; };
		AD50A49A1E13DC2300CC44DB /* APIManger.m in Sources */ = {isa = PBXBuildFile; fileRef = AD50A4991E13DC2300CC44DB /* APIManger.m */; };
		AD7FCCC81E43177500E754BC /* MenuViewModel.m in Sources */ = {isa = PBXBuildFile; fileRef = AD7FCCC71E43177500E754BC /* MenuViewModel.m */; };
		AD887E731E105CDA00CA7B8F /* LaunchViewController.m in Sources */ = {isa = PBXBuildFile; fileRef = AD887E721E105CDA00CA7B8F /* LaunchViewController.m */; };
		ADED89DA1E3644FC00D74761 /* PhonesTable.m in Sources */ = {isa = PBXBuildFile; fileRef = ADED89D91E3644FC00D74761 /* PhonesTable.m */; };
		ADED89DD1E36451400D74761 /* ProfessionsTable.m in Sources */ = {isa = PBXBuildFile; fileRef = ADED89DC1E36451400D74761 /* ProfessionsTable.m */; };
		ADED89E01E36454300D74761 /* AdditionalTable.m in Sources */ = {isa = PBXBuildFile; fileRef = ADED89DF1E36454300D74761 /* AdditionalTable.m */; };
		ADED89E31E37B0EA00D74761 /* CustomButton.m in Sources */ = {isa = PBXBuildFile; fileRef = ADED89E21E37B0EA00D74761 /* CustomButton.m */; };
		ADF9C7431E3A19EC0085F993 /* DateTimeMethod.m in Sources */ = {isa = PBXBuildFile; fileRef = ADF9C7421E3A19EC0085F993 /* DateTimeMethod.m */; };
		FF25B9761DF97CBF00D59716 /* MainViewController.m in Sources */ = {isa = PBXBuildFile; fileRef = FF25B9751DF97CBF00D59716 /* MainViewController.m */; };
		FF25B9791DF97CF900D59716 /* LoginViewController.m in Sources */ = {isa = PBXBuildFile; fileRef = FF25B9781DF97CF900D59716 /* LoginViewController.m */; };
		FF25B9DC1DFAB36400D59716 /* Istok-Bold.ttf in Resources */ = {isa = PBXBuildFile; fileRef = FF25B9D81DFAB35100D59716 /* Istok-Bold.ttf */; };
		FF25B9DD1DFAB37000D59716 /* Istok-BoldItalic.ttf in Resources */ = {isa = PBXBuildFile; fileRef = FF25B9D91DFAB35100D59716 /* Istok-BoldItalic.ttf */; };
		FF25B9DE1DFAB37500D59716 /* Istok-Italic.ttf in Resources */ = {isa = PBXBuildFile; fileRef = FF25B9DA1DFAB35100D59716 /* Istok-Italic.ttf */; };
		FF25B9DF1DFAB37900D59716 /* Istok-Regular.ttf in Resources */ = {isa = PBXBuildFile; fileRef = FF25B9DB1DFAB35100D59716 /* Istok-Regular.ttf */; };
		FF25B9E91DFAF72000D59716 /* HexColors.m in Sources */ = {isa = PBXBuildFile; fileRef = FF25B9E81DFAF72000D59716 /* HexColors.m */; };
		FF533E1A1E41E5EF003A5E90 /* TestViewController.m in Sources */ = {isa = PBXBuildFile; fileRef = FF533E191E41E5EF003A5E90 /* TestViewController.m */; };
		FF68933B1E0D4FDC0022EE7D /* Photos.framework in Frameworks */ = {isa = PBXBuildFile; fileRef = FF68933A1E0D4FDC0022EE7D /* Photos.framework */; };
		FF88DF4A1E0E696B0002FBBC /* HMAlbum.m in Sources */ = {isa = PBXBuildFile; fileRef = FF88DF331E0E696B0002FBBC /* HMAlbum.m */; };
		FF88DF4B1E0E696B0002FBBC /* HMAlbumTableViewCell.m in Sources */ = {isa = PBXBuildFile; fileRef = FF88DF351E0E696B0002FBBC /* HMAlbumTableViewCell.m */; };
		FF88DF4C1E0E696B0002FBBC /* HMAlbumTableViewController.m in Sources */ = {isa = PBXBuildFile; fileRef = FF88DF371E0E696B0002FBBC /* HMAlbumTableViewController.m */; };
		FF88DF4D1E0E696B0002FBBC /* HMImageGridCell.m in Sources */ = {isa = PBXBuildFile; fileRef = FF88DF391E0E696B0002FBBC /* HMImageGridCell.m */; };
		FF88DF4E1E0E696B0002FBBC /* HMImageGridViewController.m in Sources */ = {isa = PBXBuildFile; fileRef = FF88DF3B1E0E696B0002FBBC /* HMImageGridViewController.m */; };
		FF88DF4F1E0E696B0002FBBC /* HMImageGridViewLayout.m in Sources */ = {isa = PBXBuildFile; fileRef = FF88DF3D1E0E696B0002FBBC /* HMImageGridViewLayout.m */; };
		FF88DF501E0E696B0002FBBC /* HMImagePicker.bundle in Resources */ = {isa = PBXBuildFile; fileRef = FF88DF3E1E0E696B0002FBBC /* HMImagePicker.bundle */; };
		FF88DF511E0E696B0002FBBC /* HMImagePickerController.m in Sources */ = {isa = PBXBuildFile; fileRef = FF88DF401E0E696B0002FBBC /* HMImagePickerController.m */; };
		FF88DF521E0E696B0002FBBC /* HMImageSelectButton.m in Sources */ = {isa = PBXBuildFile; fileRef = FF88DF431E0E696B0002FBBC /* HMImageSelectButton.m */; };
		FF88DF531E0E696B0002FBBC /* HMPreviewViewController.m in Sources */ = {isa = PBXBuildFile; fileRef = FF88DF451E0E696B0002FBBC /* HMPreviewViewController.m */; };
		FF88DF541E0E696B0002FBBC /* HMSelectCounterButton.m in Sources */ = {isa = PBXBuildFile; fileRef = FF88DF471E0E696B0002FBBC /* HMSelectCounterButton.m */; };
		FF88DF551E0E696B0002FBBC /* HMViewerViewController.m in Sources */ = {isa = PBXBuildFile; fileRef = FF88DF491E0E696B0002FBBC /* HMViewerViewController.m */; };
		FF8EDAF01E41CA7E0051D88F /* KinosferaCell.m in Sources */ = {isa = PBXBuildFile; fileRef = FF8EDAEF1E41CA7E0051D88F /* KinosferaCell.m */; };
		FF8EDAF31E41DAA70051D88F /* KinoproSearchController.m in Sources */ = {isa = PBXBuildFile; fileRef = FF8EDAF21E41DAA70051D88F /* KinoproSearchController.m */; };
		FF90942D1DFDC2AD0062F556 /* PersonalDataController.m in Sources */ = {isa = PBXBuildFile; fileRef = FF90942C1DFDC2AD0062F556 /* PersonalDataController.m */; };
		FF9094331DFDC5E20062F556 /* UITextField+CheckNumber.m in Sources */ = {isa = PBXBuildFile; fileRef = FF9094321DFDC5E20062F556 /* UITextField+CheckNumber.m */; };
		FF90ED2D1E03C15600094F6D /* ChooseProfessionalModel.m in Sources */ = {isa = PBXBuildFile; fileRef = FF90ED2C1E03C15600094F6D /* ChooseProfessionalModel.m */; };
		FF90ED301E03C9FB00094F6D /* nazad.png in Resources */ = {isa = PBXBuildFile; fileRef = FF90ED2F1E03C9FB00094F6D /* nazad.png */; };
		FF90ED331E03CB1400094F6D /* ProfeccionalTableViewCell.m in Sources */ = {isa = PBXBuildFile; fileRef = FF90ED321E03CB1400094F6D /* ProfeccionalTableViewCell.m */; };
		FF90ED361E03D47300094F6D /* UILabel+TitleCategory.m in Sources */ = {isa = PBXBuildFile; fileRef = FF90ED351E03D47300094F6D /* UILabel+TitleCategory.m */; };
		FF90ED3F1E03D79F00094F6D /* actorsImage.png in Resources */ = {isa = PBXBuildFile; fileRef = FF90ED371E03D79F00094F6D /* actorsImage.png */; };
		FF90ED401E03D79F00094F6D /* choreographersImage.png in Resources */ = {isa = PBXBuildFile; fileRef = FF90ED381E03D79F00094F6D /* choreographersImage.png */; };
		FF90ED411E03D79F00094F6D /* designersImage.png in Resources */ = {isa = PBXBuildFile; fileRef = FF90ED391E03D79F00094F6D /* designersImage.png */; };
		FF90ED421E03D79F00094F6D /* dressersImage.png in Resources */ = {isa = PBXBuildFile; fileRef = FF90ED3A1E03D79F00094F6D /* dressersImage.png */; };
		FF90ED431E03D79F00094F6D /* gamersImage.png in Resources */ = {isa = PBXBuildFile; fileRef = FF90ED3B1E03D79F00094F6D /* gamersImage.png */; };
		FF90ED441E03D79F00094F6D /* massActorsImage.png in Resources */ = {isa = PBXBuildFile; fileRef = FF90ED3C1E03D79F00094F6D /* massActorsImage.png */; };
		FF90ED451E03D79F00094F6D /* operatorsImage.png in Resources */ = {isa = PBXBuildFile; fileRef = FF90ED3D1E03D79F00094F6D /* operatorsImage.png */; };
		FF90ED461E03D79F00094F6D /* ProductionOperatorImage.png in Resources */ = {isa = PBXBuildFile; fileRef = FF90ED3E1E03D79F00094F6D /* ProductionOperatorImage.png */; };
		FF90ED491E03DB8100094F6D /* activ_galka.png in Resources */ = {isa = PBXBuildFile; fileRef = FF90ED471E03DB8100094F6D /* activ_galka.png */; };
		FF90ED4A1E03DB8100094F6D /* neactiv_galka.png in Resources */ = {isa = PBXBuildFile; fileRef = FF90ED481E03DB8100094F6D /* neactiv_galka.png */; };
		FF9DE2421E02EAAD007ED49F /* CountryViewController.m in Sources */ = {isa = PBXBuildFile; fileRef = FF9DE2411E02EAAD007ED49F /* CountryViewController.m */; };
		FF9DE2461E02EB46007ED49F /* CoutryModel.m in Sources */ = {isa = PBXBuildFile; fileRef = FF9DE2451E02EB46007ED49F /* CoutryModel.m */; };
		FF9DE2491E03086C007ED49F /* SingleTone.m in Sources */ = {isa = PBXBuildFile; fileRef = FF9DE2481E03086C007ED49F /* SingleTone.m */; };
		FFA8E7DB1E0414DD00D541B3 /* ChooseProfessionViewController.m in Sources */ = {isa = PBXBuildFile; fileRef = FFA8E7DA1E0414DD00D541B3 /* ChooseProfessionViewController.m */; };
		FFBC2C751E3779E400B1C064 /* AddParamsView.m in Sources */ = {isa = PBXBuildFile; fileRef = FFBC2C741E3779E400B1C064 /* AddParamsView.m */; };
		FFDE8B971DDDC46000F937BD /* main.m in Sources */ = {isa = PBXBuildFile; fileRef = FFDE8B961DDDC46000F937BD /* main.m */; };
		FFDE8B9A1DDDC46000F937BD /* AppDelegate.m in Sources */ = {isa = PBXBuildFile; fileRef = FFDE8B991DDDC46000F937BD /* AppDelegate.m */; };
		FFDE8BA01DDDC46000F937BD /* Main.storyboard in Resources */ = {isa = PBXBuildFile; fileRef = FFDE8B9E1DDDC46000F937BD /* Main.storyboard */; };
		FFDE8BA21DDDC46000F937BD /* Assets.xcassets in Resources */ = {isa = PBXBuildFile; fileRef = FFDE8BA11DDDC46000F937BD /* Assets.xcassets */; };
		FFDE8BA51DDDC46000F937BD /* LaunchScreen.storyboard in Resources */ = {isa = PBXBuildFile; fileRef = FFDE8BA31DDDC46000F937BD /* LaunchScreen.storyboard */; };
		FFDE8BAE1DDDD5CE00F937BD /* MenuViewController.m in Sources */ = {isa = PBXBuildFile; fileRef = FFDE8BAD1DDDD5CE00F937BD /* MenuViewController.m */; };
		FFDE8BBA1DDEC7BA00F937BD /* KinoproViewController.m in Sources */ = {isa = PBXBuildFile; fileRef = FFDE8BB91DDEC7BA00F937BD /* KinoproViewController.m */; };
		FFF4933A1E0FDBD900C26176 /* VideoViewController.m in Sources */ = {isa = PBXBuildFile; fileRef = FFF493391E0FDBD900C26176 /* VideoViewController.m */; };
		FFFD1A471E092FFB00626219 /* AddInfoemationController.m in Sources */ = {isa = PBXBuildFile; fileRef = FFFD1A461E092FFB00626219 /* AddInfoemationController.m */; };
		FFFD1A4B1E09489300626219 /* AddParamsController.m in Sources */ = {isa = PBXBuildFile; fileRef = FFFD1A4A1E09489300626219 /* AddParamsController.m */; };
		FFFD1A4D1E09539800626219 /* arrowForAge.png in Resources */ = {isa = PBXBuildFile; fileRef = FFFD1A4C1E09539800626219 /* arrowForAge.png */; };
		FFFD1A501E0969C600626219 /* AddParamsModel.m in Sources */ = {isa = PBXBuildFile; fileRef = FFFD1A4F1E0969C600626219 /* AddParamsModel.m */; };
/* End PBXBuildFile section */

/* Begin PBXFileReference section */
		03BE460E5AEF85BD0CA12475 /* Pods-Kinopro365.debug.xcconfig */ = {isa = PBXFileReference; includeInIndex = 1; lastKnownFileType = text.xcconfig; name = "Pods-Kinopro365.debug.xcconfig"; path = "Pods/Target Support Files/Pods-Kinopro365/Pods-Kinopro365.debug.xcconfig"; sourceTree = "<group>"; };
		57B581C766F205CB0C49FF04 /* Pods-Kinopro365.release.xcconfig */ = {isa = PBXFileReference; includeInIndex = 1; lastKnownFileType = text.xcconfig; name = "Pods-Kinopro365.release.xcconfig"; path = "Pods/Target Support Files/Pods-Kinopro365/Pods-Kinopro365.release.xcconfig"; sourceTree = "<group>"; };
		AD2624A41E0AB873007B78CA /* UserInformationTable.h */ = {isa = PBXFileReference; fileEncoding = 4; lastKnownFileType = sourcecode.c.h; path = UserInformationTable.h; sourceTree = "<group>"; };
		AD2624A51E0AB873007B78CA /* UserInformationTable.m */ = {isa = PBXFileReference; fileEncoding = 4; lastKnownFileType = sourcecode.c.objc; path = UserInformationTable.m; sourceTree = "<group>"; };
		AD2624A71E0AC639007B78CA /* VkLoginViewController.h */ = {isa = PBXFileReference; fileEncoding = 4; lastKnownFileType = sourcecode.c.h; path = VkLoginViewController.h; sourceTree = "<group>"; };
		AD2624A81E0AC639007B78CA /* VkLoginViewController.m */ = {isa = PBXFileReference; fileEncoding = 4; lastKnownFileType = sourcecode.c.objc; path = VkLoginViewController.m; sourceTree = "<group>"; };
		AD2624AA1E0AD565007B78CA /* VKAPI.h */ = {isa = PBXFileReference; fileEncoding = 4; lastKnownFileType = sourcecode.c.h; path = VKAPI.h; sourceTree = "<group>"; };
		AD2624AB1E0AD565007B78CA /* VKAPI.m */ = {isa = PBXFileReference; fileEncoding = 4; lastKnownFileType = sourcecode.c.objc; path = VKAPI.m; sourceTree = "<group>"; };
		AD50A4981E13DC2300CC44DB /* APIManger.h */ = {isa = PBXFileReference; fileEncoding = 4; lastKnownFileType = sourcecode.c.h; path = APIManger.h; sourceTree = "<group>"; };
		AD50A4991E13DC2300CC44DB /* APIManger.m */ = {isa = PBXFileReference; fileEncoding = 4; lastKnownFileType = sourcecode.c.objc; path = APIManger.m; sourceTree = "<group>"; };
		AD7FCCC61E43177500E754BC /* MenuViewModel.h */ = {isa = PBXFileReference; fileEncoding = 4; lastKnownFileType = sourcecode.c.h; path = MenuViewModel.h; sourceTree = "<group>"; };
		AD7FCCC71E43177500E754BC /* MenuViewModel.m */ = {isa = PBXFileReference; fileEncoding = 4; lastKnownFileType = sourcecode.c.objc; path = MenuViewModel.m; sourceTree = "<group>"; };
		AD887E711E105CD900CA7B8F /* LaunchViewController.h */ = {isa = PBXFileReference; fileEncoding = 4; lastKnownFileType = sourcecode.c.h; path = LaunchViewController.h; sourceTree = "<group>"; };
		AD887E721E105CDA00CA7B8F /* LaunchViewController.m */ = {isa = PBXFileReference; fileEncoding = 4; lastKnownFileType = sourcecode.c.objc; path = LaunchViewController.m; sourceTree = "<group>"; };
		ADED89D81E3644FC00D74761 /* PhonesTable.h */ = {isa = PBXFileReference; fileEncoding = 4; lastKnownFileType = sourcecode.c.h; path = PhonesTable.h; sourceTree = "<group>"; };
		ADED89D91E3644FC00D74761 /* PhonesTable.m */ = {isa = PBXFileReference; fileEncoding = 4; lastKnownFileType = sourcecode.c.objc; path = PhonesTable.m; sourceTree = "<group>"; };
		ADED89DB1E36451400D74761 /* ProfessionsTable.h */ = {isa = PBXFileReference; fileEncoding = 4; lastKnownFileType = sourcecode.c.h; path = ProfessionsTable.h; sourceTree = "<group>"; };
		ADED89DC1E36451400D74761 /* ProfessionsTable.m */ = {isa = PBXFileReference; fileEncoding = 4; lastKnownFileType = sourcecode.c.objc; path = ProfessionsTable.m; sourceTree = "<group>"; };
		ADED89DE1E36454300D74761 /* AdditionalTable.h */ = {isa = PBXFileReference; fileEncoding = 4; lastKnownFileType = sourcecode.c.h; path = AdditionalTable.h; sourceTree = "<group>"; };
		ADED89DF1E36454300D74761 /* AdditionalTable.m */ = {isa = PBXFileReference; fileEncoding = 4; lastKnownFileType = sourcecode.c.objc; path = AdditionalTable.m; sourceTree = "<group>"; };
		ADED89E11E37B0EA00D74761 /* CustomButton.h */ = {isa = PBXFileReference; fileEncoding = 4; lastKnownFileType = sourcecode.c.h; path = CustomButton.h; sourceTree = "<group>"; };
		ADED89E21E37B0EA00D74761 /* CustomButton.m */ = {isa = PBXFileReference; fileEncoding = 4; lastKnownFileType = sourcecode.c.objc; path = CustomButton.m; sourceTree = "<group>"; };
		ADF9C7411E3A19EC0085F993 /* DateTimeMethod.h */ = {isa = PBXFileReference; fileEncoding = 4; lastKnownFileType = sourcecode.c.h; path = DateTimeMethod.h; sourceTree = "<group>"; };
		ADF9C7421E3A19EC0085F993 /* DateTimeMethod.m */ = {isa = PBXFileReference; fileEncoding = 4; lastKnownFileType = sourcecode.c.objc; path = DateTimeMethod.m; sourceTree = "<group>"; };
		EDDE7B67A9A384650BBF74B5 /* libPods-Kinopro365.a */ = {isa = PBXFileReference; explicitFileType = archive.ar; includeInIndex = 0; path = "libPods-Kinopro365.a"; sourceTree = BUILT_PRODUCTS_DIR; };
		FF25B9741DF97CBF00D59716 /* MainViewController.h */ = {isa = PBXFileReference; fileEncoding = 4; lastKnownFileType = sourcecode.c.h; name = MainViewController.h; path = ../MainViewController.h; sourceTree = "<group>"; };
		FF25B9751DF97CBF00D59716 /* MainViewController.m */ = {isa = PBXFileReference; fileEncoding = 4; lastKnownFileType = sourcecode.c.objc; name = MainViewController.m; path = ../MainViewController.m; sourceTree = "<group>"; };
		FF25B9771DF97CF900D59716 /* LoginViewController.h */ = {isa = PBXFileReference; fileEncoding = 4; lastKnownFileType = sourcecode.c.h; path = LoginViewController.h; sourceTree = "<group>"; };
		FF25B9781DF97CF900D59716 /* LoginViewController.m */ = {isa = PBXFileReference; fileEncoding = 4; lastKnownFileType = sourcecode.c.objc; path = LoginViewController.m; sourceTree = "<group>"; };
		FF25B97F1DF9808B00D59716 /* Macros.h */ = {isa = PBXFileReference; lastKnownFileType = sourcecode.c.h; path = Macros.h; sourceTree = "<group>"; };
		FF25B9D81DFAB35100D59716 /* Istok-Bold.ttf */ = {isa = PBXFileReference; lastKnownFileType = file; name = "Istok-Bold.ttf"; path = "Fonts/Istok-Bold.ttf"; sourceTree = "<group>"; };
		FF25B9D91DFAB35100D59716 /* Istok-BoldItalic.ttf */ = {isa = PBXFileReference; lastKnownFileType = file; name = "Istok-BoldItalic.ttf"; path = "Fonts/Istok-BoldItalic.ttf"; sourceTree = "<group>"; };
		FF25B9DA1DFAB35100D59716 /* Istok-Italic.ttf */ = {isa = PBXFileReference; lastKnownFileType = file; name = "Istok-Italic.ttf"; path = "Fonts/Istok-Italic.ttf"; sourceTree = "<group>"; };
		FF25B9DB1DFAB35100D59716 /* Istok-Regular.ttf */ = {isa = PBXFileReference; lastKnownFileType = file; name = "Istok-Regular.ttf"; path = "Fonts/Istok-Regular.ttf"; sourceTree = "<group>"; };
		FF25B9E71DFAF72000D59716 /* HexColors.h */ = {isa = PBXFileReference; fileEncoding = 4; lastKnownFileType = sourcecode.c.h; path = HexColors.h; sourceTree = "<group>"; };
		FF25B9E81DFAF72000D59716 /* HexColors.m */ = {isa = PBXFileReference; fileEncoding = 4; lastKnownFileType = sourcecode.c.objc; path = HexColors.m; sourceTree = "<group>"; };
		FF533E181E41E5EF003A5E90 /* TestViewController.h */ = {isa = PBXFileReference; fileEncoding = 4; lastKnownFileType = sourcecode.c.h; path = TestViewController.h; sourceTree = "<group>"; };
		FF533E191E41E5EF003A5E90 /* TestViewController.m */ = {isa = PBXFileReference; fileEncoding = 4; lastKnownFileType = sourcecode.c.objc; path = TestViewController.m; sourceTree = "<group>"; };
		FF68933A1E0D4FDC0022EE7D /* Photos.framework */ = {isa = PBXFileReference; lastKnownFileType = wrapper.framework; name = Photos.framework; path = System/Library/Frameworks/Photos.framework; sourceTree = SDKROOT; };
		FF88DF321E0E696B0002FBBC /* HMAlbum.h */ = {isa = PBXFileReference; fileEncoding = 4; lastKnownFileType = sourcecode.c.h; path = HMAlbum.h; sourceTree = "<group>"; };
		FF88DF331E0E696B0002FBBC /* HMAlbum.m */ = {isa = PBXFileReference; fileEncoding = 4; lastKnownFileType = sourcecode.c.objc; path = HMAlbum.m; sourceTree = "<group>"; };
		FF88DF341E0E696B0002FBBC /* HMAlbumTableViewCell.h */ = {isa = PBXFileReference; fileEncoding = 4; lastKnownFileType = sourcecode.c.h; path = HMAlbumTableViewCell.h; sourceTree = "<group>"; };
		FF88DF351E0E696B0002FBBC /* HMAlbumTableViewCell.m */ = {isa = PBXFileReference; fileEncoding = 4; lastKnownFileType = sourcecode.c.objc; path = HMAlbumTableViewCell.m; sourceTree = "<group>"; };
		FF88DF361E0E696B0002FBBC /* HMAlbumTableViewController.h */ = {isa = PBXFileReference; fileEncoding = 4; lastKnownFileType = sourcecode.c.h; path = HMAlbumTableViewController.h; sourceTree = "<group>"; };
		FF88DF371E0E696B0002FBBC /* HMAlbumTableViewController.m */ = {isa = PBXFileReference; fileEncoding = 4; lastKnownFileType = sourcecode.c.objc; path = HMAlbumTableViewController.m; sourceTree = "<group>"; };
		FF88DF381E0E696B0002FBBC /* HMImageGridCell.h */ = {isa = PBXFileReference; fileEncoding = 4; lastKnownFileType = sourcecode.c.h; path = HMImageGridCell.h; sourceTree = "<group>"; };
		FF88DF391E0E696B0002FBBC /* HMImageGridCell.m */ = {isa = PBXFileReference; fileEncoding = 4; lastKnownFileType = sourcecode.c.objc; path = HMImageGridCell.m; sourceTree = "<group>"; };
		FF88DF3A1E0E696B0002FBBC /* HMImageGridViewController.h */ = {isa = PBXFileReference; fileEncoding = 4; lastKnownFileType = sourcecode.c.h; path = HMImageGridViewController.h; sourceTree = "<group>"; };
		FF88DF3B1E0E696B0002FBBC /* HMImageGridViewController.m */ = {isa = PBXFileReference; fileEncoding = 4; lastKnownFileType = sourcecode.c.objc; path = HMImageGridViewController.m; sourceTree = "<group>"; };
		FF88DF3C1E0E696B0002FBBC /* HMImageGridViewLayout.h */ = {isa = PBXFileReference; fileEncoding = 4; lastKnownFileType = sourcecode.c.h; path = HMImageGridViewLayout.h; sourceTree = "<group>"; };
		FF88DF3D1E0E696B0002FBBC /* HMImageGridViewLayout.m */ = {isa = PBXFileReference; fileEncoding = 4; lastKnownFileType = sourcecode.c.objc; path = HMImageGridViewLayout.m; sourceTree = "<group>"; };
		FF88DF3E1E0E696B0002FBBC /* HMImagePicker.bundle */ = {isa = PBXFileReference; lastKnownFileType = "wrapper.plug-in"; path = HMImagePicker.bundle; sourceTree = "<group>"; };
		FF88DF3F1E0E696B0002FBBC /* HMImagePickerController.h */ = {isa = PBXFileReference; fileEncoding = 4; lastKnownFileType = sourcecode.c.h; path = HMImagePickerController.h; sourceTree = "<group>"; };
		FF88DF401E0E696B0002FBBC /* HMImagePickerController.m */ = {isa = PBXFileReference; fileEncoding = 4; lastKnownFileType = sourcecode.c.objc; path = HMImagePickerController.m; sourceTree = "<group>"; };
		FF88DF411E0E696B0002FBBC /* HMImagePickerGlobal.h */ = {isa = PBXFileReference; fileEncoding = 4; lastKnownFileType = sourcecode.c.h; path = HMImagePickerGlobal.h; sourceTree = "<group>"; };
		FF88DF421E0E696B0002FBBC /* HMImageSelectButton.h */ = {isa = PBXFileReference; fileEncoding = 4; lastKnownFileType = sourcecode.c.h; path = HMImageSelectButton.h; sourceTree = "<group>"; };
		FF88DF431E0E696B0002FBBC /* HMImageSelectButton.m */ = {isa = PBXFileReference; fileEncoding = 4; lastKnownFileType = sourcecode.c.objc; path = HMImageSelectButton.m; sourceTree = "<group>"; };
		FF88DF441E0E696B0002FBBC /* HMPreviewViewController.h */ = {isa = PBXFileReference; fileEncoding = 4; lastKnownFileType = sourcecode.c.h; path = HMPreviewViewController.h; sourceTree = "<group>"; };
		FF88DF451E0E696B0002FBBC /* HMPreviewViewController.m */ = {isa = PBXFileReference; fileEncoding = 4; lastKnownFileType = sourcecode.c.objc; path = HMPreviewViewController.m; sourceTree = "<group>"; };
		FF88DF461E0E696B0002FBBC /* HMSelectCounterButton.h */ = {isa = PBXFileReference; fileEncoding = 4; lastKnownFileType = sourcecode.c.h; path = HMSelectCounterButton.h; sourceTree = "<group>"; };
		FF88DF471E0E696B0002FBBC /* HMSelectCounterButton.m */ = {isa = PBXFileReference; fileEncoding = 4; lastKnownFileType = sourcecode.c.objc; path = HMSelectCounterButton.m; sourceTree = "<group>"; };
		FF88DF481E0E696B0002FBBC /* HMViewerViewController.h */ = {isa = PBXFileReference; fileEncoding = 4; lastKnownFileType = sourcecode.c.h; path = HMViewerViewController.h; sourceTree = "<group>"; };
		FF88DF491E0E696B0002FBBC /* HMViewerViewController.m */ = {isa = PBXFileReference; fileEncoding = 4; lastKnownFileType = sourcecode.c.objc; path = HMViewerViewController.m; sourceTree = "<group>"; };
		FF8EDAEE1E41CA7E0051D88F /* KinosferaCell.h */ = {isa = PBXFileReference; fileEncoding = 4; lastKnownFileType = sourcecode.c.h; path = KinosferaCell.h; sourceTree = "<group>"; };
		FF8EDAEF1E41CA7E0051D88F /* KinosferaCell.m */ = {isa = PBXFileReference; fileEncoding = 4; lastKnownFileType = sourcecode.c.objc; path = KinosferaCell.m; sourceTree = "<group>"; };
		FF8EDAF11E41DAA70051D88F /* KinoproSearchController.h */ = {isa = PBXFileReference; fileEncoding = 4; lastKnownFileType = sourcecode.c.h; path = KinoproSearchController.h; sourceTree = "<group>"; };
		FF8EDAF21E41DAA70051D88F /* KinoproSearchController.m */ = {isa = PBXFileReference; fileEncoding = 4; lastKnownFileType = sourcecode.c.objc; path = KinoproSearchController.m; sourceTree = "<group>"; };
		FF90942B1DFDC2AD0062F556 /* PersonalDataController.h */ = {isa = PBXFileReference; fileEncoding = 4; lastKnownFileType = sourcecode.c.h; path = PersonalDataController.h; sourceTree = "<group>"; };
		FF90942C1DFDC2AD0062F556 /* PersonalDataController.m */ = {isa = PBXFileReference; fileEncoding = 4; lastKnownFileType = sourcecode.c.objc; path = PersonalDataController.m; sourceTree = "<group>"; };
		FF9094311DFDC5E20062F556 /* UITextField+CheckNumber.h */ = {isa = PBXFileReference; fileEncoding = 4; lastKnownFileType = sourcecode.c.h; path = "UITextField+CheckNumber.h"; sourceTree = "<group>"; };
		FF9094321DFDC5E20062F556 /* UITextField+CheckNumber.m */ = {isa = PBXFileReference; fileEncoding = 4; lastKnownFileType = sourcecode.c.objc; path = "UITextField+CheckNumber.m"; sourceTree = "<group>"; };
		FF90ED2B1E03C15600094F6D /* ChooseProfessionalModel.h */ = {isa = PBXFileReference; fileEncoding = 4; lastKnownFileType = sourcecode.c.h; path = ChooseProfessionalModel.h; sourceTree = "<group>"; };
		FF90ED2C1E03C15600094F6D /* ChooseProfessionalModel.m */ = {isa = PBXFileReference; fileEncoding = 4; lastKnownFileType = sourcecode.c.objc; path = ChooseProfessionalModel.m; sourceTree = "<group>"; };
		FF90ED2F1E03C9FB00094F6D /* nazad.png */ = {isa = PBXFileReference; lastKnownFileType = image.png; name = nazad.png; path = Images/PersonalData/nazad.png; sourceTree = SOURCE_ROOT; };
		FF90ED311E03CB1400094F6D /* ProfeccionalTableViewCell.h */ = {isa = PBXFileReference; fileEncoding = 4; lastKnownFileType = sourcecode.c.h; path = ProfeccionalTableViewCell.h; sourceTree = "<group>"; };
		FF90ED321E03CB1400094F6D /* ProfeccionalTableViewCell.m */ = {isa = PBXFileReference; fileEncoding = 4; lastKnownFileType = sourcecode.c.objc; path = ProfeccionalTableViewCell.m; sourceTree = "<group>"; };
		FF90ED341E03D47300094F6D /* UILabel+TitleCategory.h */ = {isa = PBXFileReference; fileEncoding = 4; lastKnownFileType = sourcecode.c.h; path = "UILabel+TitleCategory.h"; sourceTree = "<group>"; };
		FF90ED351E03D47300094F6D /* UILabel+TitleCategory.m */ = {isa = PBXFileReference; fileEncoding = 4; lastKnownFileType = sourcecode.c.objc; path = "UILabel+TitleCategory.m"; sourceTree = "<group>"; };
		FF90ED371E03D79F00094F6D /* actorsImage.png */ = {isa = PBXFileReference; lastKnownFileType = image.png; name = actorsImage.png; path = Images/PersonalData/actorsImage.png; sourceTree = SOURCE_ROOT; };
		FF90ED381E03D79F00094F6D /* choreographersImage.png */ = {isa = PBXFileReference; lastKnownFileType = image.png; name = choreographersImage.png; path = Images/PersonalData/choreographersImage.png; sourceTree = SOURCE_ROOT; };
		FF90ED391E03D79F00094F6D /* designersImage.png */ = {isa = PBXFileReference; lastKnownFileType = image.png; name = designersImage.png; path = Images/PersonalData/designersImage.png; sourceTree = SOURCE_ROOT; };
		FF90ED3A1E03D79F00094F6D /* dressersImage.png */ = {isa = PBXFileReference; lastKnownFileType = image.png; name = dressersImage.png; path = Images/PersonalData/dressersImage.png; sourceTree = SOURCE_ROOT; };
		FF90ED3B1E03D79F00094F6D /* gamersImage.png */ = {isa = PBXFileReference; lastKnownFileType = image.png; name = gamersImage.png; path = Images/PersonalData/gamersImage.png; sourceTree = SOURCE_ROOT; };
		FF90ED3C1E03D79F00094F6D /* massActorsImage.png */ = {isa = PBXFileReference; lastKnownFileType = image.png; name = massActorsImage.png; path = Images/PersonalData/massActorsImage.png; sourceTree = SOURCE_ROOT; };
		FF90ED3D1E03D79F00094F6D /* operatorsImage.png */ = {isa = PBXFileReference; lastKnownFileType = image.png; name = operatorsImage.png; path = Images/PersonalData/operatorsImage.png; sourceTree = SOURCE_ROOT; };
		FF90ED3E1E03D79F00094F6D /* ProductionOperatorImage.png */ = {isa = PBXFileReference; lastKnownFileType = image.png; name = ProductionOperatorImage.png; path = Images/PersonalData/ProductionOperatorImage.png; sourceTree = SOURCE_ROOT; };
		FF90ED471E03DB8100094F6D /* activ_galka.png */ = {isa = PBXFileReference; lastKnownFileType = image.png; name = activ_galka.png; path = Images/PersonalData/activ_galka.png; sourceTree = SOURCE_ROOT; };
		FF90ED481E03DB8100094F6D /* neactiv_galka.png */ = {isa = PBXFileReference; lastKnownFileType = image.png; name = neactiv_galka.png; path = Images/PersonalData/neactiv_galka.png; sourceTree = SOURCE_ROOT; };
		FF9DE2401E02EAAD007ED49F /* CountryViewController.h */ = {isa = PBXFileReference; fileEncoding = 4; lastKnownFileType = sourcecode.c.h; name = CountryViewController.h; path = ../CountryViewController.h; sourceTree = "<group>"; };
		FF9DE2411E02EAAD007ED49F /* CountryViewController.m */ = {isa = PBXFileReference; fileEncoding = 4; lastKnownFileType = sourcecode.c.objc; name = CountryViewController.m; path = ../CountryViewController.m; sourceTree = "<group>"; };
		FF9DE2441E02EB46007ED49F /* CoutryModel.h */ = {isa = PBXFileReference; fileEncoding = 4; lastKnownFileType = sourcecode.c.h; path = CoutryModel.h; sourceTree = "<group>"; };
		FF9DE2451E02EB46007ED49F /* CoutryModel.m */ = {isa = PBXFileReference; fileEncoding = 4; lastKnownFileType = sourcecode.c.objc; path = CoutryModel.m; sourceTree = "<group>"; };
		FF9DE2471E03086C007ED49F /* SingleTone.h */ = {isa = PBXFileReference; fileEncoding = 4; lastKnownFileType = sourcecode.c.h; path = SingleTone.h; sourceTree = "<group>"; };
		FF9DE2481E03086C007ED49F /* SingleTone.m */ = {isa = PBXFileReference; fileEncoding = 4; lastKnownFileType = sourcecode.c.objc; path = SingleTone.m; sourceTree = "<group>"; };
		FFA8E7D91E0414DD00D541B3 /* ChooseProfessionViewController.h */ = {isa = PBXFileReference; fileEncoding = 4; lastKnownFileType = sourcecode.c.h; path = ChooseProfessionViewController.h; sourceTree = "<group>"; };
		FFA8E7DA1E0414DD00D541B3 /* ChooseProfessionViewController.m */ = {isa = PBXFileReference; fileEncoding = 4; lastKnownFileType = sourcecode.c.objc; path = ChooseProfessionViewController.m; sourceTree = "<group>"; };
		FFBC2C731E3779E400B1C064 /* AddParamsView.h */ = {isa = PBXFileReference; fileEncoding = 4; lastKnownFileType = sourcecode.c.h; path = AddParamsView.h; sourceTree = "<group>"; };
		FFBC2C741E3779E400B1C064 /* AddParamsView.m */ = {isa = PBXFileReference; fileEncoding = 4; lastKnownFileType = sourcecode.c.objc; path = AddParamsView.m; sourceTree = "<group>"; };
		FFDE8B921DDDC46000F937BD /* Kinopro365.app */ = {isa = PBXFileReference; explicitFileType = wrapper.application; includeInIndex = 0; path = Kinopro365.app; sourceTree = BUILT_PRODUCTS_DIR; };
		FFDE8B961DDDC46000F937BD /* main.m */ = {isa = PBXFileReference; lastKnownFileType = sourcecode.c.objc; path = main.m; sourceTree = "<group>"; };
		FFDE8B981DDDC46000F937BD /* AppDelegate.h */ = {isa = PBXFileReference; lastKnownFileType = sourcecode.c.h; path = AppDelegate.h; sourceTree = "<group>"; };
		FFDE8B991DDDC46000F937BD /* AppDelegate.m */ = {isa = PBXFileReference; lastKnownFileType = sourcecode.c.objc; path = AppDelegate.m; sourceTree = "<group>"; };
		FFDE8B9F1DDDC46000F937BD /* Base */ = {isa = PBXFileReference; lastKnownFileType = file.storyboard; name = Base; path = Base.lproj/Main.storyboard; sourceTree = "<group>"; };
		FFDE8BA11DDDC46000F937BD /* Assets.xcassets */ = {isa = PBXFileReference; lastKnownFileType = folder.assetcatalog; path = Assets.xcassets; sourceTree = "<group>"; };
		FFDE8BA41DDDC46000F937BD /* Base */ = {isa = PBXFileReference; lastKnownFileType = file.storyboard; name = Base; path = Base.lproj/LaunchScreen.storyboard; sourceTree = "<group>"; };
		FFDE8BA61DDDC46000F937BD /* Info.plist */ = {isa = PBXFileReference; lastKnownFileType = text.plist.xml; path = Info.plist; sourceTree = "<group>"; };
		FFDE8BAC1DDDD5CE00F937BD /* MenuViewController.h */ = {isa = PBXFileReference; fileEncoding = 4; lastKnownFileType = sourcecode.c.h; name = MenuViewController.h; path = ../MenuViewController.h; sourceTree = "<group>"; };
		FFDE8BAD1DDDD5CE00F937BD /* MenuViewController.m */ = {isa = PBXFileReference; fileEncoding = 4; lastKnownFileType = sourcecode.c.objc; name = MenuViewController.m; path = ../MenuViewController.m; sourceTree = "<group>"; };
		FFDE8BB81DDEC7BA00F937BD /* KinoproViewController.h */ = {isa = PBXFileReference; fileEncoding = 4; lastKnownFileType = sourcecode.c.h; name = KinoproViewController.h; path = ../KinoproViewController.h; sourceTree = "<group>"; };
		FFDE8BB91DDEC7BA00F937BD /* KinoproViewController.m */ = {isa = PBXFileReference; fileEncoding = 4; lastKnownFileType = sourcecode.c.objc; name = KinoproViewController.m; path = ../KinoproViewController.m; sourceTree = "<group>"; };
		FFF493381E0FDBD900C26176 /* VideoViewController.h */ = {isa = PBXFileReference; fileEncoding = 4; lastKnownFileType = sourcecode.c.h; path = VideoViewController.h; sourceTree = "<group>"; };
		FFF493391E0FDBD900C26176 /* VideoViewController.m */ = {isa = PBXFileReference; fileEncoding = 4; lastKnownFileType = sourcecode.c.objc; path = VideoViewController.m; sourceTree = "<group>"; };
		FFFD1A451E092FFB00626219 /* AddInfoemationController.h */ = {isa = PBXFileReference; fileEncoding = 4; lastKnownFileType = sourcecode.c.h; path = AddInfoemationController.h; sourceTree = "<group>"; };
		FFFD1A461E092FFB00626219 /* AddInfoemationController.m */ = {isa = PBXFileReference; fileEncoding = 4; lastKnownFileType = sourcecode.c.objc; path = AddInfoemationController.m; sourceTree = "<group>"; };
		FFFD1A491E09489300626219 /* AddParamsController.h */ = {isa = PBXFileReference; fileEncoding = 4; lastKnownFileType = sourcecode.c.h; path = AddParamsController.h; sourceTree = "<group>"; };
		FFFD1A4A1E09489300626219 /* AddParamsController.m */ = {isa = PBXFileReference; fileEncoding = 4; lastKnownFileType = sourcecode.c.objc; path = AddParamsController.m; sourceTree = "<group>"; };
		FFFD1A4C1E09539800626219 /* arrowForAge.png */ = {isa = PBXFileReference; lastKnownFileType = image.png; name = arrowForAge.png; path = Images/arrowForAge.png; sourceTree = SOURCE_ROOT; };
		FFFD1A4E1E0969C600626219 /* AddParamsModel.h */ = {isa = PBXFileReference; fileEncoding = 4; lastKnownFileType = sourcecode.c.h; path = AddParamsModel.h; sourceTree = "<group>"; };
		FFFD1A4F1E0969C600626219 /* AddParamsModel.m */ = {isa = PBXFileReference; fileEncoding = 4; lastKnownFileType = sourcecode.c.objc; path = AddParamsModel.m; sourceTree = "<group>"; };
/* End PBXFileReference section */

/* Begin PBXFrameworksBuildPhase section */
		FFDE8B8F1DDDC45F00F937BD /* Frameworks */ = {
			isa = PBXFrameworksBuildPhase;
			buildActionMask = 2147483647;
			files = (
				FF68933B1E0D4FDC0022EE7D /* Photos.framework in Frameworks */,
				8E4673EDE51176BC06DBFE1A /* libPods-Kinopro365.a in Frameworks */,
			);
			runOnlyForDeploymentPostprocessing = 0;
		};
/* End PBXFrameworksBuildPhase section */

/* Begin PBXGroup section */
		024121D3396F9F694D25306F /* Pods */ = {
			isa = PBXGroup;
			children = (
				03BE460E5AEF85BD0CA12475 /* Pods-Kinopro365.debug.xcconfig */,
				57B581C766F205CB0C49FF04 /* Pods-Kinopro365.release.xcconfig */,
			);
			name = Pods;
			sourceTree = "<group>";
		};
		7B1BA7514A6C0947729AA2F3 /* Frameworks */ = {
			isa = PBXGroup;
			children = (
				FF68933A1E0D4FDC0022EE7D /* Photos.framework */,
				EDDE7B67A9A384650BBF74B5 /* libPods-Kinopro365.a */,
			);
			name = Frameworks;
			sourceTree = "<group>";
		};
		AD2624A31E0AB779007B78CA /* RealmBase */ = {
			isa = PBXGroup;
			children = (
				AD2624A41E0AB873007B78CA /* UserInformationTable.h */,
				AD2624A51E0AB873007B78CA /* UserInformationTable.m */,
				ADED89D81E3644FC00D74761 /* PhonesTable.h */,
				ADED89D91E3644FC00D74761 /* PhonesTable.m */,
				ADED89DB1E36451400D74761 /* ProfessionsTable.h */,
				ADED89DC1E36451400D74761 /* ProfessionsTable.m */,
				ADED89DE1E36454300D74761 /* AdditionalTable.h */,
				ADED89DF1E36454300D74761 /* AdditionalTable.m */,
			);
			name = RealmBase;
			sourceTree = "<group>";
		};
		AD50A4971E13DC0400CC44DB /* API */ = {
			isa = PBXGroup;
			children = (
				AD50A4981E13DC2300CC44DB /* APIManger.h */,
				AD50A4991E13DC2300CC44DB /* APIManger.m */,
			);
			name = API;
			sourceTree = "<group>";
		};
		AD887E741E105CE600CA7B8F /* LaunchScreen */ = {
			isa = PBXGroup;
			children = (
				AD887E711E105CD900CA7B8F /* LaunchViewController.h */,
				AD887E721E105CDA00CA7B8F /* LaunchViewController.m */,
			);
			name = LaunchScreen;
			sourceTree = "<group>";
		};
		FF25B97A1DF97CFE00D59716 /* Login */ = {
			isa = PBXGroup;
			children = (
				FF25B9771DF97CF900D59716 /* LoginViewController.h */,
				FF25B9781DF97CF900D59716 /* LoginViewController.m */,
				AD2624A71E0AC639007B78CA /* VkLoginViewController.h */,
				AD2624A81E0AC639007B78CA /* VkLoginViewController.m */,
				AD2624AA1E0AD565007B78CA /* VKAPI.h */,
				AD2624AB1E0AD565007B78CA /* VKAPI.m */,
			);
			name = Login;
			path = ..;
			sourceTree = "<group>";
		};
		FF25B9D71DFAB31400D59716 /* Fonts */ = {
			isa = PBXGroup;
			children = (
				FF25B9D81DFAB35100D59716 /* Istok-Bold.ttf */,
				FF25B9D91DFAB35100D59716 /* Istok-BoldItalic.ttf */,
				FF25B9DA1DFAB35100D59716 /* Istok-Italic.ttf */,
				FF25B9DB1DFAB35100D59716 /* Istok-Regular.ttf */,
			);
			name = Fonts;
			path = ..;
			sourceTree = "<group>";
		};
		FF25B9E61DFAF6E400D59716 /* Category */ = {
			isa = PBXGroup;
			children = (
				FF90ED341E03D47300094F6D /* UILabel+TitleCategory.h */,
				FF90ED351E03D47300094F6D /* UILabel+TitleCategory.m */,
				FF25B9E71DFAF72000D59716 /* HexColors.h */,
				FF25B9E81DFAF72000D59716 /* HexColors.m */,
				ADED89E11E37B0EA00D74761 /* CustomButton.h */,
				ADED89E21E37B0EA00D74761 /* CustomButton.m */,
				FF9094311DFDC5E20062F556 /* UITextField+CheckNumber.h */,
				FF9094321DFDC5E20062F556 /* UITextField+CheckNumber.m */,
			);
			name = Category;
			path = ..;
			sourceTree = "<group>";
		};
		FF88DF301E0E69260002FBBC /* PhotoController */ = {
			isa = PBXGroup;
			children = (
				FF88DF311E0E696B0002FBBC /* HMImagePicker */,
			);
			name = PhotoController;
			sourceTree = "<group>";
		};
		FF88DF311E0E696B0002FBBC /* HMImagePicker */ = {
			isa = PBXGroup;
			children = (
				FF88DF321E0E696B0002FBBC /* HMAlbum.h */,
				FF88DF331E0E696B0002FBBC /* HMAlbum.m */,
				FF88DF341E0E696B0002FBBC /* HMAlbumTableViewCell.h */,
				FF88DF351E0E696B0002FBBC /* HMAlbumTableViewCell.m */,
				FF88DF361E0E696B0002FBBC /* HMAlbumTableViewController.h */,
				FF88DF371E0E696B0002FBBC /* HMAlbumTableViewController.m */,
				FF88DF381E0E696B0002FBBC /* HMImageGridCell.h */,
				FF88DF391E0E696B0002FBBC /* HMImageGridCell.m */,
				FF88DF3A1E0E696B0002FBBC /* HMImageGridViewController.h */,
				FF88DF3B1E0E696B0002FBBC /* HMImageGridViewController.m */,
				FF88DF3C1E0E696B0002FBBC /* HMImageGridViewLayout.h */,
				FF88DF3D1E0E696B0002FBBC /* HMImageGridViewLayout.m */,
				FF88DF3E1E0E696B0002FBBC /* HMImagePicker.bundle */,
				FF88DF3F1E0E696B0002FBBC /* HMImagePickerController.h */,
				FF88DF401E0E696B0002FBBC /* HMImagePickerController.m */,
				FF88DF411E0E696B0002FBBC /* HMImagePickerGlobal.h */,
				FF88DF421E0E696B0002FBBC /* HMImageSelectButton.h */,
				FF88DF431E0E696B0002FBBC /* HMImageSelectButton.m */,
				FF88DF441E0E696B0002FBBC /* HMPreviewViewController.h */,
				FF88DF451E0E696B0002FBBC /* HMPreviewViewController.m */,
				FF88DF461E0E696B0002FBBC /* HMSelectCounterButton.h */,
				FF88DF471E0E696B0002FBBC /* HMSelectCounterButton.m */,
				FF88DF481E0E696B0002FBBC /* HMViewerViewController.h */,
				FF88DF491E0E696B0002FBBC /* HMViewerViewController.m */,
			);
			path = HMImagePicker;
			sourceTree = SOURCE_ROOT;
		};
		FF8EDAF41E41DAAB0051D88F /* KinoptoSearch */ = {
			isa = PBXGroup;
			children = (
				FF8EDAF11E41DAA70051D88F /* KinoproSearchController.h */,
				FF8EDAF21E41DAA70051D88F /* KinoproSearchController.m */,
			);
			name = KinoptoSearch;
			sourceTree = "<group>";
		};
		FF90942A1DFDC2870062F556 /* PersonalData */ = {
			isa = PBXGroup;
			children = (
				FF90942B1DFDC2AD0062F556 /* PersonalDataController.h */,
				FF90942C1DFDC2AD0062F556 /* PersonalDataController.m */,
				FF9DE2431E02EB1D007ED49F /* CountryController */,
				FFF493371E0FDBBE00C26176 /* WebViewVideo */,
				FF88DF301E0E69260002FBBC /* PhotoController */,
				FFFD1A441E092FC900626219 /* AddInformation */,
				FF90ED271E03C04900094F6D /* ChooseProfession */,
				FFFD1A481E09486B00626219 /* AddParams */,
			);
			name = PersonalData;
			sourceTree = "<group>";
		};
		FF90ED271E03C04900094F6D /* ChooseProfession */ = {
			isa = PBXGroup;
			children = (
				FFA8E7D91E0414DD00D541B3 /* ChooseProfessionViewController.h */,
				FFA8E7DA1E0414DD00D541B3 /* ChooseProfessionViewController.m */,
				FF90ED2B1E03C15600094F6D /* ChooseProfessionalModel.h */,
				FF90ED2C1E03C15600094F6D /* ChooseProfessionalModel.m */,
				FF90ED311E03CB1400094F6D /* ProfeccionalTableViewCell.h */,
				FF90ED321E03CB1400094F6D /* ProfeccionalTableViewCell.m */,
			);
			name = ChooseProfession;
			sourceTree = "<group>";
		};
		FF90ED2E1E03C9EF00094F6D /* Images */ = {
			isa = PBXGroup;
			children = (
				FFFD1A4C1E09539800626219 /* arrowForAge.png */,
				FF90ED471E03DB8100094F6D /* activ_galka.png */,
				FF90ED481E03DB8100094F6D /* neactiv_galka.png */,
				FF90ED2F1E03C9FB00094F6D /* nazad.png */,
				FF90ED371E03D79F00094F6D /* actorsImage.png */,
				FF90ED381E03D79F00094F6D /* choreographersImage.png */,
				FF90ED391E03D79F00094F6D /* designersImage.png */,
				FF90ED3A1E03D79F00094F6D /* dressersImage.png */,
				FF90ED3B1E03D79F00094F6D /* gamersImage.png */,
				FF90ED3C1E03D79F00094F6D /* massActorsImage.png */,
				FF90ED3D1E03D79F00094F6D /* operatorsImage.png */,
				FF90ED3E1E03D79F00094F6D /* ProductionOperatorImage.png */,
			);
			name = Images;
			sourceTree = "<group>";
		};
		FF9DE23F1E02B2FE007ED49F /* Other */ = {
			isa = PBXGroup;
			children = (
			);
			name = Other;
			sourceTree = "<group>";
		};
		FF9DE2431E02EB1D007ED49F /* CountryController */ = {
			isa = PBXGroup;
			children = (
				FF9DE2401E02EAAD007ED49F /* CountryViewController.h */,
				FF9DE2411E02EAAD007ED49F /* CountryViewController.m */,
				FF9DE2441E02EB46007ED49F /* CoutryModel.h */,
				FF9DE2451E02EB46007ED49F /* CoutryModel.m */,
			);
			name = CountryController;
			sourceTree = "<group>";
		};
		FFA8676E1E3642C0000195DB /* Kinosfera */ = {
			isa = PBXGroup;
			children = (
				FFDE8BB81DDEC7BA00F937BD /* KinoproViewController.h */,
				FFDE8BB91DDEC7BA00F937BD /* KinoproViewController.m */,
				FF8EDAEE1E41CA7E0051D88F /* KinosferaCell.h */,
				FF8EDAEF1E41CA7E0051D88F /* KinosferaCell.m */,
				FF8EDAF41E41DAAB0051D88F /* KinoptoSearch */,
				FF533E181E41E5EF003A5E90 /* TestViewController.h */,
				FF533E191E41E5EF003A5E90 /* TestViewController.m */,
			);
			name = Kinosfera;
			sourceTree = "<group>";
		};
		FFDE8B891DDDC45F00F937BD = {
			isa = PBXGroup;
			children = (
				FFDE8B941DDDC46000F937BD /* Kinopro365 */,
				FF9DE23F1E02B2FE007ED49F /* Other */,
				FFDE8B931DDDC46000F937BD /* Products */,
				024121D3396F9F694D25306F /* Pods */,
				7B1BA7514A6C0947729AA2F3 /* Frameworks */,
			);
			sourceTree = "<group>";
		};
		FFDE8B931DDDC46000F937BD /* Products */ = {
			isa = PBXGroup;
			children = (
				FFDE8B921DDDC46000F937BD /* Kinopro365.app */,
			);
			name = Products;
			sourceTree = "<group>";
		};
		FFDE8B941DDDC46000F937BD /* Kinopro365 */ = {
			isa = PBXGroup;
			children = (
				FFA8676E1E3642C0000195DB /* Kinosfera */,
				FFFBBA3F1E40D87F007EBD14 /* Menu */,
				FF90942A1DFDC2870062F556 /* PersonalData */,
				FF25B97A1DF97CFE00D59716 /* Login */,
				AD887E741E105CE600CA7B8F /* LaunchScreen */,
				FFDE8B981DDDC46000F937BD /* AppDelegate.h */,
				FFDE8B991DDDC46000F937BD /* AppDelegate.m */,
				FF25B9741DF97CBF00D59716 /* MainViewController.h */,
				FF25B9751DF97CBF00D59716 /* MainViewController.m */,
				FFDE8B9E1DDDC46000F937BD /* Main.storyboard */,
				FFDE8BA31DDDC46000F937BD /* LaunchScreen.storyboard */,
				AD50A4971E13DC0400CC44DB /* API */,
				FF25B9E61DFAF6E400D59716 /* Category */,
				FF90ED2E1E03C9EF00094F6D /* Images */,
				FF25B9D71DFAB31400D59716 /* Fonts */,
				AD2624A31E0AB779007B78CA /* RealmBase */,
				FFDE8B951DDDC46000F937BD /* Supporting Files */,
			);
			path = Kinopro365;
			sourceTree = "<group>";
		};
		FFDE8B951DDDC46000F937BD /* Supporting Files */ = {
			isa = PBXGroup;
			children = (
				ADF9C7411E3A19EC0085F993 /* DateTimeMethod.h */,
				ADF9C7421E3A19EC0085F993 /* DateTimeMethod.m */,
				FF9DE2471E03086C007ED49F /* SingleTone.h */,
				FF9DE2481E03086C007ED49F /* SingleTone.m */,
				FFDE8BA11DDDC46000F937BD /* Assets.xcassets */,
				FFDE8BA61DDDC46000F937BD /* Info.plist */,
				FFDE8B961DDDC46000F937BD /* main.m */,
				FF25B97F1DF9808B00D59716 /* Macros.h */,
			);
			name = "Supporting Files";
			sourceTree = "<group>";
		};
		FFF493371E0FDBBE00C26176 /* WebViewVideo */ = {
			isa = PBXGroup;
			children = (
				FFF493381E0FDBD900C26176 /* VideoViewController.h */,
				FFF493391E0FDBD900C26176 /* VideoViewController.m */,
			);
			name = WebViewVideo;
			sourceTree = "<group>";
		};
		FFFBBA3F1E40D87F007EBD14 /* Menu */ = {
			isa = PBXGroup;
			children = (
				FFDE8BAC1DDDD5CE00F937BD /* MenuViewController.h */,
				FFDE8BAD1DDDD5CE00F937BD /* MenuViewController.m */,
				AD7FCCC61E43177500E754BC /* MenuViewModel.h */,
				AD7FCCC71E43177500E754BC /* MenuViewModel.m */,
			);
			name = Menu;
			sourceTree = "<group>";
		};
		FFFD1A441E092FC900626219 /* AddInformation */ = {
			isa = PBXGroup;
			children = (
				FFFD1A451E092FFB00626219 /* AddInfoemationController.h */,
				FFFD1A461E092FFB00626219 /* AddInfoemationController.m */,
			);
			name = AddInformation;
			sourceTree = "<group>";
		};
		FFFD1A481E09486B00626219 /* AddParams */ = {
			isa = PBXGroup;
			children = (
				FFFD1A491E09489300626219 /* AddParamsController.h */,
				FFFD1A4A1E09489300626219 /* AddParamsController.m */,
				FFBC2C731E3779E400B1C064 /* AddParamsView.h */,
				FFBC2C741E3779E400B1C064 /* AddParamsView.m */,
				FFFD1A4E1E0969C600626219 /* AddParamsModel.h */,
				FFFD1A4F1E0969C600626219 /* AddParamsModel.m */,
			);
			name = AddParams;
			sourceTree = "<group>";
		};
/* End PBXGroup section */

/* Begin PBXNativeTarget section */
		FFDE8B911DDDC45F00F937BD /* Kinopro365 */ = {
			isa = PBXNativeTarget;
			buildConfigurationList = FFDE8BA91DDDC46000F937BD /* Build configuration list for PBXNativeTarget "Kinopro365" */;
			buildPhases = (
				5B5B68FBD34407FF59C054F7 /* [CP] Check Pods Manifest.lock */,
				FFDE8B8E1DDDC45F00F937BD /* Sources */,
				FFDE8B8F1DDDC45F00F937BD /* Frameworks */,
				FFDE8B901DDDC45F00F937BD /* Resources */,
				109B912859C83BFC81BB2527 /* [CP] Embed Pods Frameworks */,
				828CE999A5504644BABD1774 /* [CP] Copy Pods Resources */,
			);
			buildRules = (
			);
			dependencies = (
			);
			name = Kinopro365;
			productName = Kinopro365;
			productReference = FFDE8B921DDDC46000F937BD /* Kinopro365.app */;
			productType = "com.apple.product-type.application";
		};
/* End PBXNativeTarget section */

/* Begin PBXProject section */
		FFDE8B8A1DDDC45F00F937BD /* Project object */ = {
			isa = PBXProject;
			attributes = {
				LastUpgradeCheck = 0820;
				ORGANIZATIONNAME = kiviLab.com;
				TargetAttributes = {
					FFDE8B911DDDC45F00F937BD = {
						CreatedOnToolsVersion = 8.1;
						DevelopmentTeam = 6598R4ULA4;
						ProvisioningStyle = Automatic;
					};
				};
			};
			buildConfigurationList = FFDE8B8D1DDDC45F00F937BD /* Build configuration list for PBXProject "Kinopro365" */;
			compatibilityVersion = "Xcode 3.2";
			developmentRegion = English;
			hasScannedForEncodings = 0;
			knownRegions = (
				en,
				Base,
			);
			mainGroup = FFDE8B891DDDC45F00F937BD;
			productRefGroup = FFDE8B931DDDC46000F937BD /* Products */;
			projectDirPath = "";
			projectRoot = "";
			targets = (
				FFDE8B911DDDC45F00F937BD /* Kinopro365 */,
			);
		};
/* End PBXProject section */

/* Begin PBXResourcesBuildPhase section */
		FFDE8B901DDDC45F00F937BD /* Resources */ = {
			isa = PBXResourcesBuildPhase;
			buildActionMask = 2147483647;
			files = (
				FF25B9DF1DFAB37900D59716 /* Istok-Regular.ttf in Resources */,
				FF90ED441E03D79F00094F6D /* massActorsImage.png in Resources */,
				FF25B9DE1DFAB37500D59716 /* Istok-Italic.ttf in Resources */,
				FF90ED421E03D79F00094F6D /* dressersImage.png in Resources */,
				FF90ED461E03D79F00094F6D /* ProductionOperatorImage.png in Resources */,
				FF90ED4A1E03DB8100094F6D /* neactiv_galka.png in Resources */,
				FF90ED301E03C9FB00094F6D /* nazad.png in Resources */,
				FF90ED431E03D79F00094F6D /* gamersImage.png in Resources */,
				FF25B9DD1DFAB37000D59716 /* Istok-BoldItalic.ttf in Resources */,
				FF25B9DC1DFAB36400D59716 /* Istok-Bold.ttf in Resources */,
				FF88DF501E0E696B0002FBBC /* HMImagePicker.bundle in Resources */,
				FF90ED401E03D79F00094F6D /* choreographersImage.png in Resources */,
				FF90ED411E03D79F00094F6D /* designersImage.png in Resources */,
				FFDE8BA51DDDC46000F937BD /* LaunchScreen.storyboard in Resources */,
				FF90ED3F1E03D79F00094F6D /* actorsImage.png in Resources */,
				FF90ED491E03DB8100094F6D /* activ_galka.png in Resources */,
				FFDE8BA21DDDC46000F937BD /* Assets.xcassets in Resources */,
				FF90ED451E03D79F00094F6D /* operatorsImage.png in Resources */,
				FFDE8BA01DDDC46000F937BD /* Main.storyboard in Resources */,
				FFFD1A4D1E09539800626219 /* arrowForAge.png in Resources */,
			);
			runOnlyForDeploymentPostprocessing = 0;
		};
/* End PBXResourcesBuildPhase section */

/* Begin PBXShellScriptBuildPhase section */
		109B912859C83BFC81BB2527 /* [CP] Embed Pods Frameworks */ = {
			isa = PBXShellScriptBuildPhase;
			buildActionMask = 2147483647;
			files = (
			);
			inputPaths = (
			);
			name = "[CP] Embed Pods Frameworks";
			outputPaths = (
			);
			runOnlyForDeploymentPostprocessing = 0;
			shellPath = /bin/sh;
			shellScript = "\"${SRCROOT}/Pods/Target Support Files/Pods-Kinopro365/Pods-Kinopro365-frameworks.sh\"\n";
			showEnvVarsInLog = 0;
		};
		5B5B68FBD34407FF59C054F7 /* [CP] Check Pods Manifest.lock */ = {
			isa = PBXShellScriptBuildPhase;
			buildActionMask = 2147483647;
			files = (
			);
			inputPaths = (
			);
			name = "[CP] Check Pods Manifest.lock";
			outputPaths = (
			);
			runOnlyForDeploymentPostprocessing = 0;
			shellPath = /bin/sh;
			shellScript = "diff \"${PODS_ROOT}/../Podfile.lock\" \"${PODS_ROOT}/Manifest.lock\" > /dev/null\nif [ $? != 0 ] ; then\n    # print error to STDERR\n    echo \"error: The sandbox is not in sync with the Podfile.lock. Run 'pod install' or update your CocoaPods installation.\" >&2\n    exit 1\nfi\n";
			showEnvVarsInLog = 0;
		};
		828CE999A5504644BABD1774 /* [CP] Copy Pods Resources */ = {
			isa = PBXShellScriptBuildPhase;
			buildActionMask = 2147483647;
			files = (
			);
			inputPaths = (
			);
			name = "[CP] Copy Pods Resources";
			outputPaths = (
			);
			runOnlyForDeploymentPostprocessing = 0;
			shellPath = /bin/sh;
			shellScript = "\"${SRCROOT}/Pods/Target Support Files/Pods-Kinopro365/Pods-Kinopro365-resources.sh\"\n";
			showEnvVarsInLog = 0;
		};
/* End PBXShellScriptBuildPhase section */

/* Begin PBXSourcesBuildPhase section */
		FFDE8B8E1DDDC45F00F937BD /* Sources */ = {
			isa = PBXSourcesBuildPhase;
			buildActionMask = 2147483647;
			files = (
				FF25B9791DF97CF900D59716 /* LoginViewController.m in Sources */,
				FFDE8B9A1DDDC46000F937BD /* AppDelegate.m in Sources */,
				FF88DF4D1E0E696B0002FBBC /* HMImageGridCell.m in Sources */,
				FF9DE2491E03086C007ED49F /* SingleTone.m in Sources */,
				FFDE8BBA1DDEC7BA00F937BD /* KinoproViewController.m in Sources */,
				AD2624A91E0AC639007B78CA /* VkLoginViewController.m in Sources */,
				FF88DF4F1E0E696B0002FBBC /* HMImageGridViewLayout.m in Sources */,
				FF8EDAF01E41CA7E0051D88F /* KinosferaCell.m in Sources */,
				FF25B9761DF97CBF00D59716 /* MainViewController.m in Sources */,
				ADED89DD1E36451400D74761 /* ProfessionsTable.m in Sources */,
				ADF9C7431E3A19EC0085F993 /* DateTimeMethod.m in Sources */,
				FF90ED2D1E03C15600094F6D /* ChooseProfessionalModel.m in Sources */,
				FF88DF531E0E696B0002FBBC /* HMPreviewViewController.m in Sources */,
				AD887E731E105CDA00CA7B8F /* LaunchViewController.m in Sources */,
				FF88DF551E0E696B0002FBBC /* HMViewerViewController.m in Sources */,
				AD7FCCC81E43177500E754BC /* MenuViewModel.m in Sources */,
				FF88DF4B1E0E696B0002FBBC /* HMAlbumTableViewCell.m in Sources */,
				FF90ED361E03D47300094F6D /* UILabel+TitleCategory.m in Sources */,
				FF88DF4E1E0E696B0002FBBC /* HMImageGridViewController.m in Sources */,
				FF9DE2421E02EAAD007ED49F /* CountryViewController.m in Sources */,
				FF25B9E91DFAF72000D59716 /* HexColors.m in Sources */,
				ADED89E31E37B0EA00D74761 /* CustomButton.m in Sources */,
				FF9DE2461E02EB46007ED49F /* CoutryModel.m in Sources */,
				FFBC2C751E3779E400B1C064 /* AddParamsView.m in Sources */,
				FFFD1A471E092FFB00626219 /* AddInfoemationController.m in Sources */,
				FF533E1A1E41E5EF003A5E90 /* TestViewController.m in Sources */,
				FFFD1A4B1E09489300626219 /* AddParamsController.m in Sources */,
				FFFD1A501E0969C600626219 /* AddParamsModel.m in Sources */,
				FF88DF4C1E0E696B0002FBBC /* HMAlbumTableViewController.m in Sources */,
				FF90942D1DFDC2AD0062F556 /* PersonalDataController.m in Sources */,
				AD2624A61E0AB873007B78CA /* UserInformationTable.m in Sources */,
				FF9094331DFDC5E20062F556 /* UITextField+CheckNumber.m in Sources */,
				FFF4933A1E0FDBD900C26176 /* VideoViewController.m in Sources */,
				ADED89E01E36454300D74761 /* AdditionalTable.m in Sources */,
				FF8EDAF31E41DAA70051D88F /* KinoproSearchController.m in Sources */,
				FF88DF4A1E0E696B0002FBBC /* HMAlbum.m in Sources */,
				ADED89DA1E3644FC00D74761 /* PhonesTable.m in Sources */,
				FF88DF511E0E696B0002FBBC /* HMImagePickerController.m in Sources */,
				AD2624AC1E0AD565007B78CA /* VKAPI.m in Sources */,
				FF88DF541E0E696B0002FBBC /* HMSelectCounterButton.m in Sources */,
				FFDE8BAE1DDDD5CE00F937BD /* MenuViewController.m in Sources */,
				AD50A49A1E13DC2300CC44DB /* APIManger.m in Sources */,
				FFA8E7DB1E0414DD00D541B3 /* ChooseProfessionViewController.m in Sources */,
				FF90ED331E03CB1400094F6D /* ProfeccionalTableViewCell.m in Sources */,
				FF88DF521E0E696B0002FBBC /* HMImageSelectButton.m in Sources */,
				FFDE8B971DDDC46000F937BD /* main.m in Sources */,
			);
			runOnlyForDeploymentPostprocessing = 0;
		};
/* End PBXSourcesBuildPhase section */

/* Begin PBXVariantGroup section */
		FFDE8B9E1DDDC46000F937BD /* Main.storyboard */ = {
			isa = PBXVariantGroup;
			children = (
				FFDE8B9F1DDDC46000F937BD /* Base */,
			);
			name = Main.storyboard;
			sourceTree = "<group>";
		};
		FFDE8BA31DDDC46000F937BD /* LaunchScreen.storyboard */ = {
			isa = PBXVariantGroup;
			children = (
				FFDE8BA41DDDC46000F937BD /* Base */,
			);
			name = LaunchScreen.storyboard;
			sourceTree = "<group>";
		};
/* End PBXVariantGroup section */

/* Begin XCBuildConfiguration section */
		FFDE8BA71DDDC46000F937BD /* Debug */ = {
			isa = XCBuildConfiguration;
			buildSettings = {
				ALWAYS_SEARCH_USER_PATHS = NO;
				CLANG_ANALYZER_NONNULL = YES;
				CLANG_CXX_LANGUAGE_STANDARD = "gnu++0x";
				CLANG_CXX_LIBRARY = "libc++";
				CLANG_ENABLE_MODULES = YES;
				CLANG_ENABLE_OBJC_ARC = YES;
				CLANG_WARN_BOOL_CONVERSION = YES;
				CLANG_WARN_CONSTANT_CONVERSION = YES;
				CLANG_WARN_DIRECT_OBJC_ISA_USAGE = YES_ERROR;
				CLANG_WARN_DOCUMENTATION_COMMENTS = YES;
				CLANG_WARN_EMPTY_BODY = YES;
				CLANG_WARN_ENUM_CONVERSION = YES;
				CLANG_WARN_INFINITE_RECURSION = YES;
				CLANG_WARN_INT_CONVERSION = YES;
				CLANG_WARN_OBJC_ROOT_CLASS = YES_ERROR;
				CLANG_WARN_SUSPICIOUS_MOVE = YES;
				CLANG_WARN_SUSPICIOUS_MOVES = YES;
				CLANG_WARN_UNREACHABLE_CODE = YES;
				CLANG_WARN__DUPLICATE_METHOD_MATCH = YES;
				"CODE_SIGN_IDENTITY[sdk=iphoneos*]" = "iPhone Developer";
				COPY_PHASE_STRIP = NO;
				DEBUG_INFORMATION_FORMAT = dwarf;
				ENABLE_STRICT_OBJC_MSGSEND = YES;
				ENABLE_TESTABILITY = YES;
				GCC_C_LANGUAGE_STANDARD = gnu99;
				GCC_DYNAMIC_NO_PIC = NO;
				GCC_NO_COMMON_BLOCKS = YES;
				GCC_OPTIMIZATION_LEVEL = 0;
				GCC_PREPROCESSOR_DEFINITIONS = (
					"DEBUG=1",
					"$(inherited)",
				);
				GCC_WARN_64_TO_32_BIT_CONVERSION = YES;
				GCC_WARN_ABOUT_RETURN_TYPE = YES_ERROR;
				GCC_WARN_UNDECLARED_SELECTOR = YES;
				GCC_WARN_UNINITIALIZED_AUTOS = YES_AGGRESSIVE;
				GCC_WARN_UNUSED_FUNCTION = YES;
				GCC_WARN_UNUSED_VARIABLE = YES;
				IPHONEOS_DEPLOYMENT_TARGET = 10.1;
				MTL_ENABLE_DEBUG_INFO = YES;
				ONLY_ACTIVE_ARCH = YES;
				SDKROOT = iphoneos;
			};
			name = Debug;
		};
		FFDE8BA81DDDC46000F937BD /* Release */ = {
			isa = XCBuildConfiguration;
			buildSettings = {
				ALWAYS_SEARCH_USER_PATHS = NO;
				CLANG_ANALYZER_NONNULL = YES;
				CLANG_CXX_LANGUAGE_STANDARD = "gnu++0x";
				CLANG_CXX_LIBRARY = "libc++";
				CLANG_ENABLE_MODULES = YES;
				CLANG_ENABLE_OBJC_ARC = YES;
				CLANG_WARN_BOOL_CONVERSION = YES;
				CLANG_WARN_CONSTANT_CONVERSION = YES;
				CLANG_WARN_DIRECT_OBJC_ISA_USAGE = YES_ERROR;
				CLANG_WARN_DOCUMENTATION_COMMENTS = YES;
				CLANG_WARN_EMPTY_BODY = YES;
				CLANG_WARN_ENUM_CONVERSION = YES;
				CLANG_WARN_INFINITE_RECURSION = YES;
				CLANG_WARN_INT_CONVERSION = YES;
				CLANG_WARN_OBJC_ROOT_CLASS = YES_ERROR;
				CLANG_WARN_SUSPICIOUS_MOVE = YES;
				CLANG_WARN_SUSPICIOUS_MOVES = YES;
				CLANG_WARN_UNREACHABLE_CODE = YES;
				CLANG_WARN__DUPLICATE_METHOD_MATCH = YES;
				"CODE_SIGN_IDENTITY[sdk=iphoneos*]" = "iPhone Developer";
				COPY_PHASE_STRIP = NO;
				DEBUG_INFORMATION_FORMAT = "dwarf-with-dsym";
				ENABLE_NS_ASSERTIONS = NO;
				ENABLE_STRICT_OBJC_MSGSEND = YES;
				GCC_C_LANGUAGE_STANDARD = gnu99;
				GCC_NO_COMMON_BLOCKS = YES;
				GCC_WARN_64_TO_32_BIT_CONVERSION = YES;
				GCC_WARN_ABOUT_RETURN_TYPE = YES_ERROR;
				GCC_WARN_UNDECLARED_SELECTOR = YES;
				GCC_WARN_UNINITIALIZED_AUTOS = YES_AGGRESSIVE;
				GCC_WARN_UNUSED_FUNCTION = YES;
				GCC_WARN_UNUSED_VARIABLE = YES;
				IPHONEOS_DEPLOYMENT_TARGET = 10.1;
				MTL_ENABLE_DEBUG_INFO = NO;
				SDKROOT = iphoneos;
				VALIDATE_PRODUCT = YES;
			};
			name = Release;
		};
		FFDE8BAA1DDDC46000F937BD /* Debug */ = {
			isa = XCBuildConfiguration;
			baseConfigurationReference = 03BE460E5AEF85BD0CA12475 /* Pods-Kinopro365.debug.xcconfig */;
			buildSettings = {
				ASSETCATALOG_COMPILER_APPICON_NAME = AppIcon;
				"CODE_SIGN_IDENTITY[sdk=iphoneos*]" = "iPhone Developer";
				DEVELOPMENT_TEAM = 6598R4ULA4;
				INFOPLIST_FILE = Kinopro365/Info.plist;
				LD_RUNPATH_SEARCH_PATHS = "$(inherited) @executable_path/Frameworks";
				PRODUCT_BUNDLE_IDENTIFIER = kivilab.Kinopro365;
				PRODUCT_NAME = "$(TARGET_NAME)";
			};
			name = Debug;
		};
		FFDE8BAB1DDDC46000F937BD /* Release */ = {
			isa = XCBuildConfiguration;
			baseConfigurationReference = 57B581C766F205CB0C49FF04 /* Pods-Kinopro365.release.xcconfig */;
			buildSettings = {
				ASSETCATALOG_COMPILER_APPICON_NAME = AppIcon;
				"CODE_SIGN_IDENTITY[sdk=iphoneos*]" = "iPhone Developer";
				DEVELOPMENT_TEAM = 6598R4ULA4;
				INFOPLIST_FILE = Kinopro365/Info.plist;
				LD_RUNPATH_SEARCH_PATHS = "$(inherited) @executable_path/Frameworks";
				PRODUCT_BUNDLE_IDENTIFIER = kivilab.Kinopro365;
				PRODUCT_NAME = "$(TARGET_NAME)";
			};
			name = Release;
		};
/* End XCBuildConfiguration section */

/* Begin XCConfigurationList section */
		FFDE8B8D1DDDC45F00F937BD /* Build configuration list for PBXProject "Kinopro365" */ = {
			isa = XCConfigurationList;
			buildConfigurations = (
				FFDE8BA71DDDC46000F937BD /* Debug */,
				FFDE8BA81DDDC46000F937BD /* Release */,
			);
			defaultConfigurationIsVisible = 0;
			defaultConfigurationName = Release;
		};
		FFDE8BA91DDDC46000F937BD /* Build configuration list for PBXNativeTarget "Kinopro365" */ = {
			isa = XCConfigurationList;
			buildConfigurations = (
				FFDE8BAA1DDDC46000F937BD /* Debug */,
				FFDE8BAB1DDDC46000F937BD /* Release */,
			);
			defaultConfigurationIsVisible = 0;
			defaultConfigurationName = Release;
		};
/* End XCConfigurationList section */
	};
	rootObject = FFDE8B8A1DDDC45F00F937BD /* Project object */;
}
