// !$*UTF8*$!
{
	archiveVersion = 1;
	classes = {
	};
	objectVersion = 46;
	objects = {

/* Begin PBXBuildFile section */
		AD4A093A1D589459009241C5 /* main.m in Sources */ = {isa = PBXBuildFile; fileRef = AD4A09391D589459009241C5 /* main.m */; };
		AD4A093D1D589459009241C5 /* AppDelegate.m in Sources */ = {isa = PBXBuildFile; fileRef = AD4A093C1D589459009241C5 /* AppDelegate.m */; };
		AD4A09401D589459009241C5 /* ViewController.m in Sources */ = {isa = PBXBuildFile; fileRef = AD4A093F1D589459009241C5 /* ViewController.m */; };
		AD4A09431D589459009241C5 /* Main.storyboard in Resources */ = {isa = PBXBuildFile; fileRef = AD4A09411D589459009241C5 /* Main.storyboard */; };
		AD4A09451D589459009241C5 /* Assets.xcassets in Resources */ = {isa = PBXBuildFile; fileRef = AD4A09441D589459009241C5 /* Assets.xcassets */; };
		AD4A09481D589459009241C5 /* LaunchScreen.storyboard in Resources */ = {isa = PBXBuildFile; fileRef = AD4A09461D589459009241C5 /* LaunchScreen.storyboard */; };
		AD4A09511D589603009241C5 /* ReloadTableViewController.m in Sources */ = {isa = PBXBuildFile; fileRef = AD4A09501D589603009241C5 /* ReloadTableViewController.m */; };
		AD4A09561D5897A8009241C5 /* compass_spinner@2x.png in Resources */ = {isa = PBXBuildFile; fileRef = AD4A09521D5897A8009241C5 /* compass_spinner@2x.png */; };
		AD4A09571D5897A8009241C5 /* compass_background@2x.png in Resources */ = {isa = PBXBuildFile; fileRef = AD4A09531D5897A8009241C5 /* compass_background@2x.png */; };
		AD4A09581D5897A8009241C5 /* map-background-fade@2x.png in Resources */ = {isa = PBXBuildFile; fileRef = AD4A09541D5897A8009241C5 /* map-background-fade@2x.png */; };
		AD4A09591D5897A8009241C5 /* map-background@2x.png in Resources */ = {isa = PBXBuildFile; fileRef = AD4A09551D5897A8009241C5 /* map-background@2x.png */; };
/* End PBXBuildFile section */

/* Begin PBXFileReference section */
		AD4A09351D589459009241C5 /* ReloadTableAndScroll.app */ = {isa = PBXFileReference; explicitFileType = wrapper.application; includeInIndex = 0; path = ReloadTableAndScroll.app; sourceTree = BUILT_PRODUCTS_DIR; };
		AD4A09391D589459009241C5 /* main.m */ = {isa = PBXFileReference; lastKnownFileType = sourcecode.c.objc; path = main.m; sourceTree = "<group>"; };
		AD4A093B1D589459009241C5 /* AppDelegate.h */ = {isa = PBXFileReference; lastKnownFileType = sourcecode.c.h; path = AppDelegate.h; sourceTree = "<group>"; };
		AD4A093C1D589459009241C5 /* AppDelegate.m */ = {isa = PBXFileReference; lastKnownFileType = sourcecode.c.objc; path = AppDelegate.m; sourceTree = "<group>"; };
		AD4A093E1D589459009241C5 /* ViewController.h */ = {isa = PBXFileReference; lastKnownFileType = sourcecode.c.h; path = ViewController.h; sourceTree = "<group>"; };
		AD4A093F1D589459009241C5 /* ViewController.m */ = {isa = PBXFileReference; lastKnownFileType = sourcecode.c.objc; path = ViewController.m; sourceTree = "<group>"; };
		AD4A09421D589459009241C5 /* Base */ = {isa = PBXFileReference; lastKnownFileType = file.storyboard; name = Base; path = Base.lproj/Main.storyboard; sourceTree = "<group>"; };
		AD4A09441D589459009241C5 /* Assets.xcassets */ = {isa = PBXFileReference; lastKnownFileType = folder.assetcatalog; path = Assets.xcassets; sourceTree = "<group>"; };
		AD4A09471D589459009241C5 /* Base */ = {isa = PBXFileReference; lastKnownFileType = file.storyboard; name = Base; path = Base.lproj/LaunchScreen.storyboard; sourceTree = "<group>"; };
		AD4A09491D589459009241C5 /* Info.plist */ = {isa = PBXFileReference; lastKnownFileType = text.plist.xml; path = Info.plist; sourceTree = "<group>"; };
		AD4A094F1D589603009241C5 /* ReloadTableViewController.h */ = {isa = PBXFileReference; fileEncoding = 4; lastKnownFileType = sourcecode.c.h; path = ReloadTableViewController.h; sourceTree = "<group>"; };
		AD4A09501D589603009241C5 /* ReloadTableViewController.m */ = {isa = PBXFileReference; fileEncoding = 4; lastKnownFileType = sourcecode.c.objc; path = ReloadTableViewController.m; sourceTree = "<group>"; };
		AD4A09521D5897A8009241C5 /* compass_spinner@2x.png */ = {isa = PBXFileReference; lastKnownFileType = image.png; path = "compass_spinner@2x.png"; sourceTree = "<group>"; };
		AD4A09531D5897A8009241C5 /* compass_background@2x.png */ = {isa = PBXFileReference; lastKnownFileType = image.png; path = "compass_background@2x.png"; sourceTree = "<group>"; };
		AD4A09541D5897A8009241C5 /* map-background-fade@2x.png */ = {isa = PBXFileReference; lastKnownFileType = image.png; path = "map-background-fade@2x.png"; sourceTree = "<group>"; };
		AD4A09551D5897A8009241C5 /* map-background@2x.png */ = {isa = PBXFileReference; lastKnownFileType = image.png; path = "map-background@2x.png"; sourceTree = "<group>"; };
/* End PBXFileReference section */

/* Begin PBXFrameworksBuildPhase section */
		AD4A09321D589459009241C5 /* Frameworks */ = {
			isa = PBXFrameworksBuildPhase;
			buildActionMask = 2147483647;
			files = (
			);
			runOnlyForDeploymentPostprocessing = 0;
		};
/* End PBXFrameworksBuildPhase section */

/* Begin PBXGroup section */
		AD4A092C1D589459009241C5 = {
			isa = PBXGroup;
			children = (
				AD4A09371D589459009241C5 /* ReloadTableAndScroll */,
				AD4A09361D589459009241C5 /* Products */,
			);
			sourceTree = "<group>";
		};
		AD4A09361D589459009241C5 /* Products */ = {
			isa = PBXGroup;
			children = (
				AD4A09351D589459009241C5 /* ReloadTableAndScroll.app */,
			);
			name = Products;
			sourceTree = "<group>";
		};
		AD4A09371D589459009241C5 /* ReloadTableAndScroll */ = {
			isa = PBXGroup;
			children = (
				AD4A093B1D589459009241C5 /* AppDelegate.h */,
				AD4A093C1D589459009241C5 /* AppDelegate.m */,
				AD4A093E1D589459009241C5 /* ViewController.h */,
				AD4A093F1D589459009241C5 /* ViewController.m */,
				AD4A09411D589459009241C5 /* Main.storyboard */,
				AD4A094F1D589603009241C5 /* ReloadTableViewController.h */,
				AD4A09501D589603009241C5 /* ReloadTableViewController.m */,
				AD4A09521D5897A8009241C5 /* compass_spinner@2x.png */,
				AD4A09531D5897A8009241C5 /* compass_background@2x.png */,
				AD4A09541D5897A8009241C5 /* map-background-fade@2x.png */,
				AD4A09551D5897A8009241C5 /* map-background@2x.png */,
				AD4A09441D589459009241C5 /* Assets.xcassets */,
				AD4A09461D589459009241C5 /* LaunchScreen.storyboard */,
				AD4A09491D589459009241C5 /* Info.plist */,
				AD4A09381D589459009241C5 /* Supporting Files */,
			);
			path = ReloadTableAndScroll;
			sourceTree = "<group>";
		};
		AD4A09381D589459009241C5 /* Supporting Files */ = {
			isa = PBXGroup;
			children = (
				AD4A09391D589459009241C5 /* main.m */,
			);
			name = "Supporting Files";
			sourceTree = "<group>";
		};
/* End PBXGroup section */

/* Begin PBXNativeTarget section */
		AD4A09341D589459009241C5 /* ReloadTableAndScroll */ = {
			isa = PBXNativeTarget;
			buildConfigurationList = AD4A094C1D589459009241C5 /* Build configuration list for PBXNativeTarget "ReloadTableAndScroll" */;
			buildPhases = (
				AD4A09311D589459009241C5 /* Sources */,
				AD4A09321D589459009241C5 /* Frameworks */,
				AD4A09331D589459009241C5 /* Resources */,
			);
			buildRules = (
			);
			dependencies = (
			);
			name = ReloadTableAndScroll;
			productName = ReloadTableAndScroll;
			productReference = AD4A09351D589459009241C5 /* ReloadTableAndScroll.app */;
			productType = "com.apple.product-type.application";
		};
/* End PBXNativeTarget section */

/* Begin PBXProject section */
		AD4A092D1D589459009241C5 /* Project object */ = {
			isa = PBXProject;
			attributes = {
				LastUpgradeCheck = 0730;
				ORGANIZATIONNAME = datastore24;
				TargetAttributes = {
					AD4A09341D589459009241C5 = {
						CreatedOnToolsVersion = 7.3.1;
					};
				};
			};
			buildConfigurationList = AD4A09301D589459009241C5 /* Build configuration list for PBXProject "ReloadTableAndScroll" */;
			compatibilityVersion = "Xcode 3.2";
			developmentRegion = English;
			hasScannedForEncodings = 0;
			knownRegions = (
				en,
				Base,
			);
			mainGroup = AD4A092C1D589459009241C5;
			productRefGroup = AD4A09361D589459009241C5 /* Products */;
			projectDirPath = "";
			projectRoot = "";
			targets = (
				AD4A09341D589459009241C5 /* ReloadTableAndScroll */,
			);
		};
/* End PBXProject section */

/* Begin PBXResourcesBuildPhase section */
		AD4A09331D589459009241C5 /* Resources */ = {
			isa = PBXResourcesBuildPhase;
			buildActionMask = 2147483647;
			files = (
				AD4A09571D5897A8009241C5 /* compass_background@2x.png in Resources */,
				AD4A09581D5897A8009241C5 /* map-background-fade@2x.png in Resources */,
				AD4A09481D589459009241C5 /* LaunchScreen.storyboard in Resources */,
				AD4A09451D589459009241C5 /* Assets.xcassets in Resources */,
				AD4A09431D589459009241C5 /* Main.storyboard in Resources */,
				AD4A09561D5897A8009241C5 /* compass_spinner@2x.png in Resources */,
				AD4A09591D5897A8009241C5 /* map-background@2x.png in Resources */,
			);
			runOnlyForDeploymentPostprocessing = 0;
		};
/* End PBXResourcesBuildPhase section */

/* Begin PBXSourcesBuildPhase section */
		AD4A09311D589459009241C5 /* Sources */ = {
			isa = PBXSourcesBuildPhase;
			buildActionMask = 2147483647;
			files = (
				AD4A09511D589603009241C5 /* ReloadTableViewController.m in Sources */,
				AD4A09401D589459009241C5 /* ViewController.m in Sources */,
				AD4A093D1D589459009241C5 /* AppDelegate.m in Sources */,
				AD4A093A1D589459009241C5 /* main.m in Sources */,
			);
			runOnlyForDeploymentPostprocessing = 0;
		};
/* End PBXSourcesBuildPhase section */

/* Begin PBXVariantGroup section */
		AD4A09411D589459009241C5 /* Main.storyboard */ = {
			isa = PBXVariantGroup;
			children = (
				AD4A09421D589459009241C5 /* Base */,
			);
			name = Main.storyboard;
			sourceTree = "<group>";
		};
		AD4A09461D589459009241C5 /* LaunchScreen.storyboard */ = {
			isa = PBXVariantGroup;
			children = (
				AD4A09471D589459009241C5 /* Base */,
			);
			name = LaunchScreen.storyboard;
			sourceTree = "<group>";
		};
/* End PBXVariantGroup section */

/* Begin XCBuildConfiguration section */
		AD4A094A1D589459009241C5 /* Debug */ = {
			isa = XCBuildConfiguration;
			buildSettings = {
				ALWAYS_SEARCH_USER_PATHS = NO;
				CLANG_ANALYZER_NONNULL = YES;
				CLANG_CXX_LANGUAGE_STANDARD = "gnu++0x";
				CLANG_CXX_LIBRARY = "libc++";
				CLANG_ENABLE_MODULES = YES;
				CLANG_ENABLE_OBJC_ARC = YES;
				CLANG_WARN_BOOL_CONVERSION = YES;
				CLANG_WARN_CONSTANT_CONVERSION = YES;
				CLANG_WARN_DIRECT_OBJC_ISA_USAGE = YES_ERROR;
				CLANG_WARN_EMPTY_BODY = YES;
				CLANG_WARN_ENUM_CONVERSION = YES;
				CLANG_WARN_INT_CONVERSION = YES;
				CLANG_WARN_OBJC_ROOT_CLASS = YES_ERROR;
				CLANG_WARN_UNREACHABLE_CODE = YES;
				CLANG_WARN__DUPLICATE_METHOD_MATCH = YES;
				"CODE_SIGN_IDENTITY[sdk=iphoneos*]" = "iPhone Developer";
				COPY_PHASE_STRIP = NO;
				DEBUG_INFORMATION_FORMAT = dwarf;
				ENABLE_STRICT_OBJC_MSGSEND = YES;
				ENABLE_TESTABILITY = YES;
				GCC_C_LANGUAGE_STANDARD = gnu99;
				GCC_DYNAMIC_NO_PIC = NO;
				GCC_NO_COMMON_BLOCKS = YES;
				GCC_OPTIMIZATION_LEVEL = 0;
				GCC_PREPROCESSOR_DEFINITIONS = (
					"DEBUG=1",
					"$(inherited)",
				);
				GCC_WARN_64_TO_32_BIT_CONVERSION = YES;
				GCC_WARN_ABOUT_RETURN_TYPE = YES_ERROR;
				GCC_WARN_UNDECLARED_SELECTOR = YES;
				GCC_WARN_UNINITIALIZED_AUTOS = YES_AGGRESSIVE;
				GCC_WARN_UNUSED_FUNCTION = YES;
				GCC_WARN_UNUSED_VARIABLE = YES;
				IPHONEOS_DEPLOYMENT_TARGET = 9.3;
				MTL_ENABLE_DEBUG_INFO = YES;
				ONLY_ACTIVE_ARCH = YES;
				SDKROOT = iphoneos;
			};
			name = Debug;
		};
		AD4A094B1D589459009241C5 /* Release */ = {
			isa = XCBuildConfiguration;
			buildSettings = {
				ALWAYS_SEARCH_USER_PATHS = NO;
				CLANG_ANALYZER_NONNULL = YES;
				CLANG_CXX_LANGUAGE_STANDARD = "gnu++0x";
				CLANG_CXX_LIBRARY = "libc++";
				CLANG_ENABLE_MODULES = YES;
				CLANG_ENABLE_OBJC_ARC = YES;
				CLANG_WARN_BOOL_CONVERSION = YES;
				CLANG_WARN_CONSTANT_CONVERSION = YES;
				CLANG_WARN_DIRECT_OBJC_ISA_USAGE = YES_ERROR;
				CLANG_WARN_EMPTY_BODY = YES;
				CLANG_WARN_ENUM_CONVERSION = YES;
				CLANG_WARN_INT_CONVERSION = YES;
				CLANG_WARN_OBJC_ROOT_CLASS = YES_ERROR;
				CLANG_WARN_UNREACHABLE_CODE = YES;
				CLANG_WARN__DUPLICATE_METHOD_MATCH = YES;
				"CODE_SIGN_IDENTITY[sdk=iphoneos*]" = "iPhone Developer";
				COPY_PHASE_STRIP = NO;
				DEBUG_INFORMATION_FORMAT = "dwarf-with-dsym";
				ENABLE_NS_ASSERTIONS = NO;
				ENABLE_STRICT_OBJC_MSGSEND = YES;
				GCC_C_LANGUAGE_STANDARD = gnu99;
				GCC_NO_COMMON_BLOCKS = YES;
				GCC_WARN_64_TO_32_BIT_CONVERSION = YES;
				GCC_WARN_ABOUT_RETURN_TYPE = YES_ERROR;
				GCC_WARN_UNDECLARED_SELECTOR = YES;
				GCC_WARN_UNINITIALIZED_AUTOS = YES_AGGRESSIVE;
				GCC_WARN_UNUSED_FUNCTION = YES;
				GCC_WARN_UNUSED_VARIABLE = YES;
				IPHONEOS_DEPLOYMENT_TARGET = 9.3;
				MTL_ENABLE_DEBUG_INFO = NO;
				SDKROOT = iphoneos;
				VALIDATE_PRODUCT = YES;
			};
			name = Release;
		};
		AD4A094D1D589459009241C5 /* Debug */ = {
			isa = XCBuildConfiguration;
			buildSettings = {
				ASSETCATALOG_COMPILER_APPICON_NAME = AppIcon;
				INFOPLIST_FILE = ReloadTableAndScroll/Info.plist;
				LD_RUNPATH_SEARCH_PATHS = "$(inherited) @executable_path/Frameworks";
				PRODUCT_BUNDLE_IDENTIFIER = com.kivilab.ReloadTableAndScroll;
				PRODUCT_NAME = "$(TARGET_NAME)";
				TARGETED_DEVICE_FAMILY = 1;
			};
			name = Debug;
		};
		AD4A094E1D589459009241C5 /* Release */ = {
			isa = XCBuildConfiguration;
			buildSettings = {
				ASSETCATALOG_COMPILER_APPICON_NAME = AppIcon;
				INFOPLIST_FILE = ReloadTableAndScroll/Info.plist;
				LD_RUNPATH_SEARCH_PATHS = "$(inherited) @executable_path/Frameworks";
				PRODUCT_BUNDLE_IDENTIFIER = com.kivilab.ReloadTableAndScroll;
				PRODUCT_NAME = "$(TARGET_NAME)";
				TARGETED_DEVICE_FAMILY = 1;
			};
			name = Release;
		};
/* End XCBuildConfiguration section */

/* Begin XCConfigurationList section */
		AD4A09301D589459009241C5 /* Build configuration list for PBXProject "ReloadTableAndScroll" */ = {
			isa = XCConfigurationList;
			buildConfigurations = (
				AD4A094A1D589459009241C5 /* Debug */,
				AD4A094B1D589459009241C5 /* Release */,
			);
			defaultConfigurationIsVisible = 0;
			defaultConfigurationName = Release;
		};
		AD4A094C1D589459009241C5 /* Build configuration list for PBXNativeTarget "ReloadTableAndScroll" */ = {
			isa = XCConfigurationList;
			buildConfigurations = (
				AD4A094D1D589459009241C5 /* Debug */,
				AD4A094E1D589459009241C5 /* Release */,
			);
			defaultConfigurationIsVisible = 0;
		};
/* End XCConfigurationList section */
	};
	rootObject = AD4A092D1D589459009241C5 /* Project object */;
}
