// !$*UTF8*$!
{
	archiveVersion = 1;
	classes = {
	};
	objectVersion = 46;
	objects = {

/* Begin PBXBuildFile section */
		AD6638061C6C90C0000718CE /* main.m in Sources */ = {isa = PBXBuildFile; fileRef = AD6638051C6C90C0000718CE /* main.m */; };
		AD6638091C6C90C0000718CE /* AppDelegate.m in Sources */ = {isa = PBXBuildFile; fileRef = AD6638081C6C90C0000718CE /* AppDelegate.m */; };
		AD66380C1C6C90C0000718CE /* ViewController.m in Sources */ = {isa = PBXBuildFile; fileRef = AD66380B1C6C90C0000718CE /* ViewController.m */; };
		AD66380F1C6C90C0000718CE /* Main.storyboard in Resources */ = {isa = PBXBuildFile; fileRef = AD66380D1C6C90C0000718CE /* Main.storyboard */; };
		AD6638111C6C90C0000718CE /* Assets.xcassets in Resources */ = {isa = PBXBuildFile; fileRef = AD6638101C6C90C0000718CE /* Assets.xcassets */; };
		AD6638141C6C90C0000718CE /* LaunchScreen.storyboard in Resources */ = {isa = PBXBuildFile; fileRef = AD6638121C6C90C0000718CE /* LaunchScreen.storyboard */; };
		AD6638201C6C91E4000718CE /* API.m in Sources */ = {isa = PBXBuildFile; fileRef = AD66381D1C6C91E4000718CE /* API.m */; };
		AD6638211C6C91E4000718CE /* APIPostClass.m in Sources */ = {isa = PBXBuildFile; fileRef = AD66381F1C6C91E4000718CE /* APIPostClass.m */; };
		AD6638251C6C91F9000718CE /* Animation.m in Sources */ = {isa = PBXBuildFile; fileRef = AD6638241C6C91F9000718CE /* Animation.m */; };
		AD6638281C6C9201000718CE /* BBlock.m in Sources */ = {isa = PBXBuildFile; fileRef = AD6638271C6C9201000718CE /* BBlock.m */; };
		AD66382C1C6C9242000718CE /* envelope.png in Resources */ = {isa = PBXBuildFile; fileRef = AD66382A1C6C9242000718CE /* envelope.png */; };
		AD66382D1C6C9242000718CE /* iam.jpg in Resources */ = {isa = PBXBuildFile; fileRef = AD66382B1C6C9242000718CE /* iam.jpg */; };
		AD6638311C6C925B000718CE /* left.png in Resources */ = {isa = PBXBuildFile; fileRef = AD66382E1C6C925B000718CE /* left.png */; };
		AD6638321C6C925B000718CE /* list-alt.png in Resources */ = {isa = PBXBuildFile; fileRef = AD66382F1C6C925B000718CE /* list-alt.png */; };
		AD6638331C6C925B000718CE /* logo.jpg in Resources */ = {isa = PBXBuildFile; fileRef = AD6638301C6C925B000718CE /* logo.jpg */; };
		AD6638351C6C9264000718CE /* order.png in Resources */ = {isa = PBXBuildFile; fileRef = AD6638341C6C9264000718CE /* order.png */; };
		AD66384C1C6C9273000718CE /* ParseDate.m in Sources */ = {isa = PBXBuildFile; fileRef = AD6638371C6C9273000718CE /* ParseDate.m */; };
		AD66384D1C6C9273000718CE /* ParserAbout.m in Sources */ = {isa = PBXBuildFile; fileRef = AD6638391C6C9273000718CE /* ParserAbout.m */; };
		AD66384E1C6C9273000718CE /* ParserArticles.m in Sources */ = {isa = PBXBuildFile; fileRef = AD66383B1C6C9273000718CE /* ParserArticles.m */; };
		AD66384F1C6C9273000718CE /* ParserMethod.m in Sources */ = {isa = PBXBuildFile; fileRef = AD66383D1C6C9273000718CE /* ParserMethod.m */; };
		AD6638501C6C9273000718CE /* ParserPrice.m in Sources */ = {isa = PBXBuildFile; fileRef = AD66383F1C6C9273000718CE /* ParserPrice.m */; };
		AD6638511C6C9273000718CE /* ParserVideo.m in Sources */ = {isa = PBXBuildFile; fileRef = AD6638411C6C9273000718CE /* ParserVideo.m */; };
		AD6638521C6C9273000718CE /* ParsingResponseAbout.m in Sources */ = {isa = PBXBuildFile; fileRef = AD6638431C6C9273000718CE /* ParsingResponseAbout.m */; };
		AD6638531C6C9273000718CE /* ParsingResponseArticle.m in Sources */ = {isa = PBXBuildFile; fileRef = AD6638451C6C9273000718CE /* ParsingResponseArticle.m */; };
		AD6638541C6C9273000718CE /* ParsingResponseNamePrice.m in Sources */ = {isa = PBXBuildFile; fileRef = AD6638471C6C9273000718CE /* ParsingResponseNamePrice.m */; };
		AD6638551C6C9273000718CE /* ParsingResponsePrice.m in Sources */ = {isa = PBXBuildFile; fileRef = AD6638491C6C9273000718CE /* ParsingResponsePrice.m */; };
		AD6638561C6C9273000718CE /* ParsingResponseVideo.m in Sources */ = {isa = PBXBuildFile; fileRef = AD66384B1C6C9273000718CE /* ParsingResponseVideo.m */; };
		AD6638581C6C927C000718CE /* phone-icon.png in Resources */ = {isa = PBXBuildFile; fileRef = AD6638571C6C927C000718CE /* phone-icon.png */; };
		AD66385B1C6C9287000718CE /* SingleTone.m in Sources */ = {isa = PBXBuildFile; fileRef = AD66385A1C6C9287000718CE /* SingleTone.m */; };
		AD6638681C6C9294000718CE /* UIImage+Alpha.m in Sources */ = {isa = PBXBuildFile; fileRef = AD66385D1C6C9294000718CE /* UIImage+Alpha.m */; };
		AD6638691C6C9294000718CE /* UIImage+Blured_And_SnapShot_Image.m in Sources */ = {isa = PBXBuildFile; fileRef = AD66385F1C6C9294000718CE /* UIImage+Blured_And_SnapShot_Image.m */; };
		AD66386A1C6C9294000718CE /* UIImage+ImageEffects.m in Sources */ = {isa = PBXBuildFile; fileRef = AD6638611C6C9294000718CE /* UIImage+ImageEffects.m */; };
		AD66386B1C6C9294000718CE /* UIImage+Resize.m in Sources */ = {isa = PBXBuildFile; fileRef = AD6638631C6C9294000718CE /* UIImage+Resize.m */; };
		AD66386C1C6C9294000718CE /* UIImage+RoundedCorner.m in Sources */ = {isa = PBXBuildFile; fileRef = AD6638651C6C9294000718CE /* UIImage+RoundedCorner.m */; };
		AD66386F1C6C929C000718CE /* youtube-play.png in Resources */ = {isa = PBXBuildFile; fileRef = AD66386E1C6C929C000718CE /* youtube-play.png */; };
		AD6638711C6C945B000718CE /* th-list.png in Resources */ = {isa = PBXBuildFile; fileRef = AD6638701C6C945B000718CE /* th-list.png */; };
		AD6638751C6C953C000718CE /* SWRevealViewController.m in Sources */ = {isa = PBXBuildFile; fileRef = AD6638741C6C953C000718CE /* SWRevealViewController.m */; };
		AD6638781C6C9547000718CE /* MenuViewController.m in Sources */ = {isa = PBXBuildFile; fileRef = AD6638771C6C9547000718CE /* MenuViewController.m */; };
		AD66387C1C6C9A99000718CE /* MainViewController.m in Sources */ = {isa = PBXBuildFile; fileRef = AD66387B1C6C9A99000718CE /* MainViewController.m */; };
		AD66387F1C6C9B43000718CE /* TextAndImageHeight.m in Sources */ = {isa = PBXBuildFile; fileRef = AD66387E1C6C9B43000718CE /* TextAndImageHeight.m */; };
		AD6638851C6CAB73000718CE /* CurveLayer.m in Sources */ = {isa = PBXBuildFile; fileRef = AD6638821C6CAB73000718CE /* CurveLayer.m */; };
		AD6638861C6CAB73000718CE /* CurveView.m in Sources */ = {isa = PBXBuildFile; fileRef = AD6638841C6CAB73000718CE /* CurveView.m */; };
		AD66388B1C6CAB83000718CE /* KYPullToCurveVeiw_footer.m in Sources */ = {isa = PBXBuildFile; fileRef = AD6638881C6CAB83000718CE /* KYPullToCurveVeiw_footer.m */; };
		AD66388C1C6CAB83000718CE /* KYPullToCurveVeiw.m in Sources */ = {isa = PBXBuildFile; fileRef = AD66388A1C6CAB83000718CE /* KYPullToCurveVeiw.m */; };
		AD6638941C6CABB7000718CE /* LabelView.m in Sources */ = {isa = PBXBuildFile; fileRef = AD6638911C6CABB7000718CE /* LabelView.m */; };
		AD6638981C6CABCE000718CE /* UIView+Convenient.m in Sources */ = {isa = PBXBuildFile; fileRef = AD6638971C6CABCE000718CE /* UIView+Convenient.m */; };
		AD6638AC1C6CB24E000718CE /* Icon-60.png in Resources */ = {isa = PBXBuildFile; fileRef = AD66389A1C6CB24E000718CE /* Icon-60.png */; };
		AD6638AD1C6CB24E000718CE /* Icon-60@2x.png in Resources */ = {isa = PBXBuildFile; fileRef = AD66389B1C6CB24E000718CE /* Icon-60@2x.png */; };
		AD6638AE1C6CB24E000718CE /* Icon-60@3x.png in Resources */ = {isa = PBXBuildFile; fileRef = AD66389C1C6CB24E000718CE /* Icon-60@3x.png */; };
		AD6638AF1C6CB24E000718CE /* Icon-72.png in Resources */ = {isa = PBXBuildFile; fileRef = AD66389D1C6CB24E000718CE /* Icon-72.png */; };
		AD6638B01C6CB24E000718CE /* Icon-72@2x.png in Resources */ = {isa = PBXBuildFile; fileRef = AD66389E1C6CB24E000718CE /* Icon-72@2x.png */; };
		AD6638B11C6CB24E000718CE /* Icon-76.png in Resources */ = {isa = PBXBuildFile; fileRef = AD66389F1C6CB24E000718CE /* Icon-76.png */; };
		AD6638B21C6CB24E000718CE /* Icon-76@2x.png in Resources */ = {isa = PBXBuildFile; fileRef = AD6638A01C6CB24E000718CE /* Icon-76@2x.png */; };
		AD6638B31C6CB24E000718CE /* Icon-Small-40.png in Resources */ = {isa = PBXBuildFile; fileRef = AD6638A11C6CB24E000718CE /* Icon-Small-40.png */; };
		AD6638B41C6CB24E000718CE /* Icon-Small-40@2x.png in Resources */ = {isa = PBXBuildFile; fileRef = AD6638A21C6CB24E000718CE /* Icon-Small-40@2x.png */; };
		AD6638B51C6CB24E000718CE /* Icon-Small-40@3x.png in Resources */ = {isa = PBXBuildFile; fileRef = AD6638A31C6CB24E000718CE /* Icon-Small-40@3x.png */; };
		AD6638B61C6CB24E000718CE /* Icon-Small-50.png in Resources */ = {isa = PBXBuildFile; fileRef = AD6638A41C6CB24E000718CE /* Icon-Small-50.png */; };
		AD6638B71C6CB24E000718CE /* Icon-Small-50@2x.png in Resources */ = {isa = PBXBuildFile; fileRef = AD6638A51C6CB24E000718CE /* Icon-Small-50@2x.png */; };
		AD6638B81C6CB24E000718CE /* Icon-Small.png in Resources */ = {isa = PBXBuildFile; fileRef = AD6638A61C6CB24E000718CE /* Icon-Small.png */; };
		AD6638B91C6CB24E000718CE /* Icon-Small@2x.png in Resources */ = {isa = PBXBuildFile; fileRef = AD6638A71C6CB24E000718CE /* Icon-Small@2x.png */; };
		AD6638BA1C6CB24E000718CE /* Icon-Small@3x.png in Resources */ = {isa = PBXBuildFile; fileRef = AD6638A81C6CB24E000718CE /* Icon-Small@3x.png */; };
		AD6638BB1C6CB24E000718CE /* Icon.png in Resources */ = {isa = PBXBuildFile; fileRef = AD6638A91C6CB24E000718CE /* Icon.png */; };
		AD6638BD1C6CB24E000718CE /* Icon@2x.png in Resources */ = {isa = PBXBuildFile; fileRef = AD6638AB1C6CB24E000718CE /* Icon@2x.png */; };
		AD6638C41C6CB710000718CE /* iphone 4.png in Resources */ = {isa = PBXBuildFile; fileRef = AD6638BF1C6CB710000718CE /* iphone 4.png */; };
		AD6638C51C6CB710000718CE /* iphone 5.png in Resources */ = {isa = PBXBuildFile; fileRef = AD6638C01C6CB710000718CE /* iphone 5.png */; };
		AD6638C61C6CB710000718CE /* iphone 6 Plus_2.png in Resources */ = {isa = PBXBuildFile; fileRef = AD6638C11C6CB710000718CE /* iphone 6 Plus_2.png */; };
		AD6638C71C6CB710000718CE /* iphone 6 Plus.png in Resources */ = {isa = PBXBuildFile; fileRef = AD6638C21C6CB710000718CE /* iphone 6 Plus.png */; };
		AD6638C81C6CB710000718CE /* iphone 6.png in Resources */ = {isa = PBXBuildFile; fileRef = AD6638C31C6CB710000718CE /* iphone 6.png */; };
		D52D92A362854B4699A5D678 /* libPods-Weddup.a in Frameworks */ = {isa = PBXBuildFile; fileRef = B76232DCCA0AE26AE08627B1 /* libPods-Weddup.a */; };
/* End PBXBuildFile section */

/* Begin PBXFileReference section */
		0CB2018ECE1D0878F7FFB7CE /* Pods-Weddup.release.xcconfig */ = {isa = PBXFileReference; includeInIndex = 1; lastKnownFileType = text.xcconfig; name = "Pods-Weddup.release.xcconfig"; path = "Pods/Target Support Files/Pods-Weddup/Pods-Weddup.release.xcconfig"; sourceTree = "<group>"; };
		AD6638011C6C90C0000718CE /* Weddup.app */ = {isa = PBXFileReference; explicitFileType = wrapper.application; includeInIndex = 0; path = Weddup.app; sourceTree = BUILT_PRODUCTS_DIR; };
		AD6638051C6C90C0000718CE /* main.m */ = {isa = PBXFileReference; lastKnownFileType = sourcecode.c.objc; path = main.m; sourceTree = "<group>"; };
		AD6638071C6C90C0000718CE /* AppDelegate.h */ = {isa = PBXFileReference; lastKnownFileType = sourcecode.c.h; path = AppDelegate.h; sourceTree = "<group>"; };
		AD6638081C6C90C0000718CE /* AppDelegate.m */ = {isa = PBXFileReference; lastKnownFileType = sourcecode.c.objc; path = AppDelegate.m; sourceTree = "<group>"; };
		AD66380A1C6C90C0000718CE /* ViewController.h */ = {isa = PBXFileReference; lastKnownFileType = sourcecode.c.h; path = ViewController.h; sourceTree = "<group>"; };
		AD66380B1C6C90C0000718CE /* ViewController.m */ = {isa = PBXFileReference; lastKnownFileType = sourcecode.c.objc; path = ViewController.m; sourceTree = "<group>"; };
		AD66380E1C6C90C0000718CE /* Base */ = {isa = PBXFileReference; lastKnownFileType = file.storyboard; name = Base; path = Base.lproj/Main.storyboard; sourceTree = "<group>"; };
		AD6638101C6C90C0000718CE /* Assets.xcassets */ = {isa = PBXFileReference; lastKnownFileType = folder.assetcatalog; path = Assets.xcassets; sourceTree = "<group>"; };
		AD6638131C6C90C0000718CE /* Base */ = {isa = PBXFileReference; lastKnownFileType = file.storyboard; name = Base; path = Base.lproj/LaunchScreen.storyboard; sourceTree = "<group>"; };
		AD6638151C6C90C0000718CE /* Info.plist */ = {isa = PBXFileReference; lastKnownFileType = text.plist.xml; path = Info.plist; sourceTree = "<group>"; };
		AD66381C1C6C91E4000718CE /* API.h */ = {isa = PBXFileReference; fileEncoding = 4; lastKnownFileType = sourcecode.c.h; path = API.h; sourceTree = "<group>"; };
		AD66381D1C6C91E4000718CE /* API.m */ = {isa = PBXFileReference; fileEncoding = 4; lastKnownFileType = sourcecode.c.objc; path = API.m; sourceTree = "<group>"; };
		AD66381E1C6C91E4000718CE /* APIPostClass.h */ = {isa = PBXFileReference; fileEncoding = 4; lastKnownFileType = sourcecode.c.h; path = APIPostClass.h; sourceTree = "<group>"; };
		AD66381F1C6C91E4000718CE /* APIPostClass.m */ = {isa = PBXFileReference; fileEncoding = 4; lastKnownFileType = sourcecode.c.objc; path = APIPostClass.m; sourceTree = "<group>"; };
		AD6638231C6C91F9000718CE /* Animation.h */ = {isa = PBXFileReference; fileEncoding = 4; lastKnownFileType = sourcecode.c.h; path = Animation.h; sourceTree = "<group>"; };
		AD6638241C6C91F9000718CE /* Animation.m */ = {isa = PBXFileReference; fileEncoding = 4; lastKnownFileType = sourcecode.c.objc; path = Animation.m; sourceTree = "<group>"; };
		AD6638261C6C9201000718CE /* BBlock.h */ = {isa = PBXFileReference; fileEncoding = 4; lastKnownFileType = sourcecode.c.h; path = BBlock.h; sourceTree = "<group>"; };
		AD6638271C6C9201000718CE /* BBlock.m */ = {isa = PBXFileReference; fileEncoding = 4; lastKnownFileType = sourcecode.c.objc; path = BBlock.m; sourceTree = "<group>"; };
		AD66382A1C6C9242000718CE /* envelope.png */ = {isa = PBXFileReference; lastKnownFileType = image.png; path = envelope.png; sourceTree = "<group>"; };
		AD66382B1C6C9242000718CE /* iam.jpg */ = {isa = PBXFileReference; lastKnownFileType = image.jpeg; path = iam.jpg; sourceTree = "<group>"; };
		AD66382E1C6C925B000718CE /* left.png */ = {isa = PBXFileReference; lastKnownFileType = image.png; path = left.png; sourceTree = "<group>"; };
		AD66382F1C6C925B000718CE /* list-alt.png */ = {isa = PBXFileReference; lastKnownFileType = image.png; path = "list-alt.png"; sourceTree = "<group>"; };
		AD6638301C6C925B000718CE /* logo.jpg */ = {isa = PBXFileReference; lastKnownFileType = image.jpeg; path = logo.jpg; sourceTree = "<group>"; };
		AD6638341C6C9264000718CE /* order.png */ = {isa = PBXFileReference; lastKnownFileType = image.png; path = order.png; sourceTree = "<group>"; };
		AD6638361C6C9273000718CE /* ParseDate.h */ = {isa = PBXFileReference; fileEncoding = 4; lastKnownFileType = sourcecode.c.h; path = ParseDate.h; sourceTree = "<group>"; };
		AD6638371C6C9273000718CE /* ParseDate.m */ = {isa = PBXFileReference; fileEncoding = 4; lastKnownFileType = sourcecode.c.objc; path = ParseDate.m; sourceTree = "<group>"; };
		AD6638381C6C9273000718CE /* ParserAbout.h */ = {isa = PBXFileReference; fileEncoding = 4; lastKnownFileType = sourcecode.c.h; path = ParserAbout.h; sourceTree = "<group>"; };
		AD6638391C6C9273000718CE /* ParserAbout.m */ = {isa = PBXFileReference; fileEncoding = 4; lastKnownFileType = sourcecode.c.objc; path = ParserAbout.m; sourceTree = "<group>"; };
		AD66383A1C6C9273000718CE /* ParserArticles.h */ = {isa = PBXFileReference; fileEncoding = 4; lastKnownFileType = sourcecode.c.h; path = ParserArticles.h; sourceTree = "<group>"; };
		AD66383B1C6C9273000718CE /* ParserArticles.m */ = {isa = PBXFileReference; fileEncoding = 4; lastKnownFileType = sourcecode.c.objc; path = ParserArticles.m; sourceTree = "<group>"; };
		AD66383C1C6C9273000718CE /* ParserMethod.h */ = {isa = PBXFileReference; fileEncoding = 4; lastKnownFileType = sourcecode.c.h; path = ParserMethod.h; sourceTree = "<group>"; };
		AD66383D1C6C9273000718CE /* ParserMethod.m */ = {isa = PBXFileReference; fileEncoding = 4; lastKnownFileType = sourcecode.c.objc; path = ParserMethod.m; sourceTree = "<group>"; };
		AD66383E1C6C9273000718CE /* ParserPrice.h */ = {isa = PBXFileReference; fileEncoding = 4; lastKnownFileType = sourcecode.c.h; path = ParserPrice.h; sourceTree = "<group>"; };
		AD66383F1C6C9273000718CE /* ParserPrice.m */ = {isa = PBXFileReference; fileEncoding = 4; lastKnownFileType = sourcecode.c.objc; path = ParserPrice.m; sourceTree = "<group>"; };
		AD6638401C6C9273000718CE /* ParserVideo.h */ = {isa = PBXFileReference; fileEncoding = 4; lastKnownFileType = sourcecode.c.h; path = ParserVideo.h; sourceTree = "<group>"; };
		AD6638411C6C9273000718CE /* ParserVideo.m */ = {isa = PBXFileReference; fileEncoding = 4; lastKnownFileType = sourcecode.c.objc; path = ParserVideo.m; sourceTree = "<group>"; };
		AD6638421C6C9273000718CE /* ParsingResponseAbout.h */ = {isa = PBXFileReference; fileEncoding = 4; lastKnownFileType = sourcecode.c.h; path = ParsingResponseAbout.h; sourceTree = "<group>"; };
		AD6638431C6C9273000718CE /* ParsingResponseAbout.m */ = {isa = PBXFileReference; fileEncoding = 4; lastKnownFileType = sourcecode.c.objc; path = ParsingResponseAbout.m; sourceTree = "<group>"; };
		AD6638441C6C9273000718CE /* ParsingResponseArticle.h */ = {isa = PBXFileReference; fileEncoding = 4; lastKnownFileType = sourcecode.c.h; path = ParsingResponseArticle.h; sourceTree = "<group>"; };
		AD6638451C6C9273000718CE /* ParsingResponseArticle.m */ = {isa = PBXFileReference; fileEncoding = 4; lastKnownFileType = sourcecode.c.objc; path = ParsingResponseArticle.m; sourceTree = "<group>"; };
		AD6638461C6C9273000718CE /* ParsingResponseNamePrice.h */ = {isa = PBXFileReference; fileEncoding = 4; lastKnownFileType = sourcecode.c.h; path = ParsingResponseNamePrice.h; sourceTree = "<group>"; };
		AD6638471C6C9273000718CE /* ParsingResponseNamePrice.m */ = {isa = PBXFileReference; fileEncoding = 4; lastKnownFileType = sourcecode.c.objc; path = ParsingResponseNamePrice.m; sourceTree = "<group>"; };
		AD6638481C6C9273000718CE /* ParsingResponsePrice.h */ = {isa = PBXFileReference; fileEncoding = 4; lastKnownFileType = sourcecode.c.h; path = ParsingResponsePrice.h; sourceTree = "<group>"; };
		AD6638491C6C9273000718CE /* ParsingResponsePrice.m */ = {isa = PBXFileReference; fileEncoding = 4; lastKnownFileType = sourcecode.c.objc; path = ParsingResponsePrice.m; sourceTree = "<group>"; };
		AD66384A1C6C9273000718CE /* ParsingResponseVideo.h */ = {isa = PBXFileReference; fileEncoding = 4; lastKnownFileType = sourcecode.c.h; path = ParsingResponseVideo.h; sourceTree = "<group>"; };
		AD66384B1C6C9273000718CE /* ParsingResponseVideo.m */ = {isa = PBXFileReference; fileEncoding = 4; lastKnownFileType = sourcecode.c.objc; path = ParsingResponseVideo.m; sourceTree = "<group>"; };
		AD6638571C6C927C000718CE /* phone-icon.png */ = {isa = PBXFileReference; lastKnownFileType = image.png; path = "phone-icon.png"; sourceTree = "<group>"; };
		AD6638591C6C9287000718CE /* SingleTone.h */ = {isa = PBXFileReference; fileEncoding = 4; lastKnownFileType = sourcecode.c.h; path = SingleTone.h; sourceTree = "<group>"; };
		AD66385A1C6C9287000718CE /* SingleTone.m */ = {isa = PBXFileReference; fileEncoding = 4; lastKnownFileType = sourcecode.c.objc; path = SingleTone.m; sourceTree = "<group>"; };
		AD66385C1C6C9294000718CE /* UIImage+Alpha.h */ = {isa = PBXFileReference; fileEncoding = 4; lastKnownFileType = sourcecode.c.h; path = "UIImage+Alpha.h"; sourceTree = "<group>"; };
		AD66385D1C6C9294000718CE /* UIImage+Alpha.m */ = {isa = PBXFileReference; fileEncoding = 4; lastKnownFileType = sourcecode.c.objc; path = "UIImage+Alpha.m"; sourceTree = "<group>"; };
		AD66385E1C6C9294000718CE /* UIImage+Blured_And_SnapShot_Image.h */ = {isa = PBXFileReference; fileEncoding = 4; lastKnownFileType = sourcecode.c.h; path = "UIImage+Blured_And_SnapShot_Image.h"; sourceTree = "<group>"; };
		AD66385F1C6C9294000718CE /* UIImage+Blured_And_SnapShot_Image.m */ = {isa = PBXFileReference; fileEncoding = 4; lastKnownFileType = sourcecode.c.objc; path = "UIImage+Blured_And_SnapShot_Image.m"; sourceTree = "<group>"; };
		AD6638601C6C9294000718CE /* UIImage+ImageEffects.h */ = {isa = PBXFileReference; fileEncoding = 4; lastKnownFileType = sourcecode.c.h; path = "UIImage+ImageEffects.h"; sourceTree = "<group>"; };
		AD6638611C6C9294000718CE /* UIImage+ImageEffects.m */ = {isa = PBXFileReference; fileEncoding = 4; lastKnownFileType = sourcecode.c.objc; path = "UIImage+ImageEffects.m"; sourceTree = "<group>"; };
		AD6638621C6C9294000718CE /* UIImage+Resize.h */ = {isa = PBXFileReference; fileEncoding = 4; lastKnownFileType = sourcecode.c.h; path = "UIImage+Resize.h"; sourceTree = "<group>"; };
		AD6638631C6C9294000718CE /* UIImage+Resize.m */ = {isa = PBXFileReference; fileEncoding = 4; lastKnownFileType = sourcecode.c.objc; path = "UIImage+Resize.m"; sourceTree = "<group>"; };
		AD6638641C6C9294000718CE /* UIImage+RoundedCorner.h */ = {isa = PBXFileReference; fileEncoding = 4; lastKnownFileType = sourcecode.c.h; path = "UIImage+RoundedCorner.h"; sourceTree = "<group>"; };
		AD6638651C6C9294000718CE /* UIImage+RoundedCorner.m */ = {isa = PBXFileReference; fileEncoding = 4; lastKnownFileType = sourcecode.c.objc; path = "UIImage+RoundedCorner.m"; sourceTree = "<group>"; };
		AD66386E1C6C929C000718CE /* youtube-play.png */ = {isa = PBXFileReference; lastKnownFileType = image.png; path = "youtube-play.png"; sourceTree = "<group>"; };
		AD6638701C6C945B000718CE /* th-list.png */ = {isa = PBXFileReference; lastKnownFileType = image.png; path = "th-list.png"; sourceTree = "<group>"; };
		AD6638731C6C953C000718CE /* SWRevealViewController.h */ = {isa = PBXFileReference; fileEncoding = 4; lastKnownFileType = sourcecode.c.h; path = SWRevealViewController.h; sourceTree = "<group>"; };
		AD6638741C6C953C000718CE /* SWRevealViewController.m */ = {isa = PBXFileReference; fileEncoding = 4; lastKnownFileType = sourcecode.c.objc; path = SWRevealViewController.m; sourceTree = "<group>"; };
		AD6638761C6C9547000718CE /* MenuViewController.h */ = {isa = PBXFileReference; fileEncoding = 4; lastKnownFileType = sourcecode.c.h; path = MenuViewController.h; sourceTree = "<group>"; };
		AD6638771C6C9547000718CE /* MenuViewController.m */ = {isa = PBXFileReference; fileEncoding = 4; lastKnownFileType = sourcecode.c.objc; path = MenuViewController.m; sourceTree = "<group>"; };
		AD66387A1C6C9A99000718CE /* MainViewController.h */ = {isa = PBXFileReference; fileEncoding = 4; lastKnownFileType = sourcecode.c.h; path = MainViewController.h; sourceTree = "<group>"; };
		AD66387B1C6C9A99000718CE /* MainViewController.m */ = {isa = PBXFileReference; fileEncoding = 4; lastKnownFileType = sourcecode.c.objc; path = MainViewController.m; sourceTree = "<group>"; };
		AD66387D1C6C9B43000718CE /* TextAndImageHeight.h */ = {isa = PBXFileReference; fileEncoding = 4; lastKnownFileType = sourcecode.c.h; path = TextAndImageHeight.h; sourceTree = "<group>"; };
		AD66387E1C6C9B43000718CE /* TextAndImageHeight.m */ = {isa = PBXFileReference; fileEncoding = 4; lastKnownFileType = sourcecode.c.objc; path = TextAndImageHeight.m; sourceTree = "<group>"; };
		AD6638811C6CAB73000718CE /* CurveLayer.h */ = {isa = PBXFileReference; fileEncoding = 4; lastKnownFileType = sourcecode.c.h; path = CurveLayer.h; sourceTree = "<group>"; };
		AD6638821C6CAB73000718CE /* CurveLayer.m */ = {isa = PBXFileReference; fileEncoding = 4; lastKnownFileType = sourcecode.c.objc; path = CurveLayer.m; sourceTree = "<group>"; };
		AD6638831C6CAB73000718CE /* CurveView.h */ = {isa = PBXFileReference; fileEncoding = 4; lastKnownFileType = sourcecode.c.h; path = CurveView.h; sourceTree = "<group>"; };
		AD6638841C6CAB73000718CE /* CurveView.m */ = {isa = PBXFileReference; fileEncoding = 4; lastKnownFileType = sourcecode.c.objc; path = CurveView.m; sourceTree = "<group>"; };
		AD6638871C6CAB83000718CE /* KYPullToCurveVeiw_footer.h */ = {isa = PBXFileReference; fileEncoding = 4; lastKnownFileType = sourcecode.c.h; path = KYPullToCurveVeiw_footer.h; sourceTree = "<group>"; };
		AD6638881C6CAB83000718CE /* KYPullToCurveVeiw_footer.m */ = {isa = PBXFileReference; fileEncoding = 4; lastKnownFileType = sourcecode.c.objc; path = KYPullToCurveVeiw_footer.m; sourceTree = "<group>"; };
		AD6638891C6CAB83000718CE /* KYPullToCurveVeiw.h */ = {isa = PBXFileReference; fileEncoding = 4; lastKnownFileType = sourcecode.c.h; path = KYPullToCurveVeiw.h; sourceTree = "<group>"; };
		AD66388A1C6CAB83000718CE /* KYPullToCurveVeiw.m */ = {isa = PBXFileReference; fileEncoding = 4; lastKnownFileType = sourcecode.c.objc; path = KYPullToCurveVeiw.m; sourceTree = "<group>"; };
		AD6638901C6CABB7000718CE /* LabelView.h */ = {isa = PBXFileReference; fileEncoding = 4; lastKnownFileType = sourcecode.c.h; path = LabelView.h; sourceTree = "<group>"; };
		AD6638911C6CABB7000718CE /* LabelView.m */ = {isa = PBXFileReference; fileEncoding = 4; lastKnownFileType = sourcecode.c.objc; path = LabelView.m; sourceTree = "<group>"; };
		AD6638961C6CABCE000718CE /* UIView+Convenient.h */ = {isa = PBXFileReference; fileEncoding = 4; lastKnownFileType = sourcecode.c.h; path = "UIView+Convenient.h"; sourceTree = "<group>"; };
		AD6638971C6CABCE000718CE /* UIView+Convenient.m */ = {isa = PBXFileReference; fileEncoding = 4; lastKnownFileType = sourcecode.c.objc; path = "UIView+Convenient.m"; sourceTree = "<group>"; };
		AD66389A1C6CB24E000718CE /* Icon-60.png */ = {isa = PBXFileReference; lastKnownFileType = image.png; name = "Icon-60.png"; path = "icons/Icon-60.png"; sourceTree = "<group>"; };
		AD66389B1C6CB24E000718CE /* Icon-60@2x.png */ = {isa = PBXFileReference; lastKnownFileType = image.png; name = "Icon-60@2x.png"; path = "icons/Icon-60@2x.png"; sourceTree = "<group>"; };
		AD66389C1C6CB24E000718CE /* Icon-60@3x.png */ = {isa = PBXFileReference; lastKnownFileType = image.png; name = "Icon-60@3x.png"; path = "icons/Icon-60@3x.png"; sourceTree = "<group>"; };
		AD66389D1C6CB24E000718CE /* Icon-72.png */ = {isa = PBXFileReference; lastKnownFileType = image.png; name = "Icon-72.png"; path = "icons/Icon-72.png"; sourceTree = "<group>"; };
		AD66389E1C6CB24E000718CE /* Icon-72@2x.png */ = {isa = PBXFileReference; lastKnownFileType = image.png; name = "Icon-72@2x.png"; path = "icons/Icon-72@2x.png"; sourceTree = "<group>"; };
		AD66389F1C6CB24E000718CE /* Icon-76.png */ = {isa = PBXFileReference; lastKnownFileType = image.png; name = "Icon-76.png"; path = "icons/Icon-76.png"; sourceTree = "<group>"; };
		AD6638A01C6CB24E000718CE /* Icon-76@2x.png */ = {isa = PBXFileReference; lastKnownFileType = image.png; name = "Icon-76@2x.png"; path = "icons/Icon-76@2x.png"; sourceTree = "<group>"; };
		AD6638A11C6CB24E000718CE /* Icon-Small-40.png */ = {isa = PBXFileReference; lastKnownFileType = image.png; name = "Icon-Small-40.png"; path = "icons/Icon-Small-40.png"; sourceTree = "<group>"; };
		AD6638A21C6CB24E000718CE /* Icon-Small-40@2x.png */ = {isa = PBXFileReference; lastKnownFileType = image.png; name = "Icon-Small-40@2x.png"; path = "icons/Icon-Small-40@2x.png"; sourceTree = "<group>"; };
		AD6638A31C6CB24E000718CE /* Icon-Small-40@3x.png */ = {isa = PBXFileReference; lastKnownFileType = image.png; name = "Icon-Small-40@3x.png"; path = "icons/Icon-Small-40@3x.png"; sourceTree = "<group>"; };
		AD6638A41C6CB24E000718CE /* Icon-Small-50.png */ = {isa = PBXFileReference; lastKnownFileType = image.png; name = "Icon-Small-50.png"; path = "icons/Icon-Small-50.png"; sourceTree = "<group>"; };
		AD6638A51C6CB24E000718CE /* Icon-Small-50@2x.png */ = {isa = PBXFileReference; lastKnownFileType = image.png; name = "Icon-Small-50@2x.png"; path = "icons/Icon-Small-50@2x.png"; sourceTree = "<group>"; };
		AD6638A61C6CB24E000718CE /* Icon-Small.png */ = {isa = PBXFileReference; lastKnownFileType = image.png; name = "Icon-Small.png"; path = "icons/Icon-Small.png"; sourceTree = "<group>"; };
		AD6638A71C6CB24E000718CE /* Icon-Small@2x.png */ = {isa = PBXFileReference; lastKnownFileType = image.png; name = "Icon-Small@2x.png"; path = "icons/Icon-Small@2x.png"; sourceTree = "<group>"; };
		AD6638A81C6CB24E000718CE /* Icon-Small@3x.png */ = {isa = PBXFileReference; lastKnownFileType = image.png; name = "Icon-Small@3x.png"; path = "icons/Icon-Small@3x.png"; sourceTree = "<group>"; };
		AD6638A91C6CB24E000718CE /* Icon.png */ = {isa = PBXFileReference; lastKnownFileType = image.png; name = Icon.png; path = icons/Icon.png; sourceTree = "<group>"; };
		AD6638AB1C6CB24E000718CE /* Icon@2x.png */ = {isa = PBXFileReference; lastKnownFileType = image.png; name = "Icon@2x.png"; path = "icons/Icon@2x.png"; sourceTree = "<group>"; };
		AD6638BF1C6CB710000718CE /* iphone 4.png */ = {isa = PBXFileReference; lastKnownFileType = image.png; name = "iphone 4.png"; path = "icons/Launch/iphone 4.png"; sourceTree = "<group>"; };
		AD6638C01C6CB710000718CE /* iphone 5.png */ = {isa = PBXFileReference; lastKnownFileType = image.png; name = "iphone 5.png"; path = "icons/Launch/iphone 5.png"; sourceTree = "<group>"; };
		AD6638C11C6CB710000718CE /* iphone 6 Plus_2.png */ = {isa = PBXFileReference; lastKnownFileType = image.png; name = "iphone 6 Plus_2.png"; path = "icons/Launch/iphone 6 Plus_2.png"; sourceTree = "<group>"; };
		AD6638C21C6CB710000718CE /* iphone 6 Plus.png */ = {isa = PBXFileReference; lastKnownFileType = image.png; name = "iphone 6 Plus.png"; path = "icons/Launch/iphone 6 Plus.png"; sourceTree = "<group>"; };
		AD6638C31C6CB710000718CE /* iphone 6.png */ = {isa = PBXFileReference; lastKnownFileType = image.png; name = "iphone 6.png"; path = "icons/Launch/iphone 6.png"; sourceTree = "<group>"; };
		B76232DCCA0AE26AE08627B1 /* libPods-Weddup.a */ = {isa = PBXFileReference; explicitFileType = archive.ar; includeInIndex = 0; path = "libPods-Weddup.a"; sourceTree = BUILT_PRODUCTS_DIR; };
		D1D93D0BA23D85BA2DF8D68A /* Pods-Weddup.debug.xcconfig */ = {isa = PBXFileReference; includeInIndex = 1; lastKnownFileType = text.xcconfig; name = "Pods-Weddup.debug.xcconfig"; path = "Pods/Target Support Files/Pods-Weddup/Pods-Weddup.debug.xcconfig"; sourceTree = "<group>"; };
/* End PBXFileReference section */

/* Begin PBXFrameworksBuildPhase section */
		AD6637FE1C6C90C0000718CE /* Frameworks */ = {
			isa = PBXFrameworksBuildPhase;
			buildActionMask = 2147483647;
			files = (
				D52D92A362854B4699A5D678 /* libPods-Weddup.a in Frameworks */,
			);
			runOnlyForDeploymentPostprocessing = 0;
		};
/* End PBXFrameworksBuildPhase section */

/* Begin PBXGroup section */
		390124A09546A18B8F99546F /* Frameworks */ = {
			isa = PBXGroup;
			children = (
				B76232DCCA0AE26AE08627B1 /* libPods-Weddup.a */,
			);
			name = Frameworks;
			sourceTree = "<group>";
		};
		7D1924137F2DAFD359603EEE /* Pods */ = {
			isa = PBXGroup;
			children = (
				D1D93D0BA23D85BA2DF8D68A /* Pods-Weddup.debug.xcconfig */,
				0CB2018ECE1D0878F7FFB7CE /* Pods-Weddup.release.xcconfig */,
			);
			name = Pods;
			sourceTree = "<group>";
		};
		AD6637F81C6C90C0000718CE = {
			isa = PBXGroup;
			children = (
				AD6638031C6C90C0000718CE /* Weddup */,
				AD6638021C6C90C0000718CE /* Products */,
				7D1924137F2DAFD359603EEE /* Pods */,
				390124A09546A18B8F99546F /* Frameworks */,
			);
			sourceTree = "<group>";
		};
		AD6638021C6C90C0000718CE /* Products */ = {
			isa = PBXGroup;
			children = (
				AD6638011C6C90C0000718CE /* Weddup.app */,
			);
			name = Products;
			sourceTree = "<group>";
		};
		AD6638031C6C90C0000718CE /* Weddup */ = {
			isa = PBXGroup;
			children = (
				AD6638591C6C9287000718CE /* SingleTone.h */,
				AD66385A1C6C9287000718CE /* SingleTone.m */,
				AD6638261C6C9201000718CE /* BBlock.h */,
				AD6638271C6C9201000718CE /* BBlock.m */,
				AD66387D1C6C9B43000718CE /* TextAndImageHeight.h */,
				AD66387E1C6C9B43000718CE /* TextAndImageHeight.m */,
				AD6638801C6CAA94000718CE /* Reloader */,
				AD6638291C6C9234000718CE /* Images */,
				AD6638221C6C91EC000718CE /* Category */,
				AD66381B1C6C91D6000718CE /* API */,
				AD6638721C6C950B000718CE /* MenuProject */,
				AD6638791C6C9A84000718CE /* MainView */,
				AD6638071C6C90C0000718CE /* AppDelegate.h */,
				AD6638081C6C90C0000718CE /* AppDelegate.m */,
				AD66380A1C6C90C0000718CE /* ViewController.h */,
				AD66380B1C6C90C0000718CE /* ViewController.m */,
				AD66380D1C6C90C0000718CE /* Main.storyboard */,
				AD6638101C6C90C0000718CE /* Assets.xcassets */,
				AD6638121C6C90C0000718CE /* LaunchScreen.storyboard */,
				AD6638151C6C90C0000718CE /* Info.plist */,
				AD6638041C6C90C0000718CE /* Supporting Files */,
			);
			path = Weddup;
			sourceTree = "<group>";
		};
		AD6638041C6C90C0000718CE /* Supporting Files */ = {
			isa = PBXGroup;
			children = (
				AD6638051C6C90C0000718CE /* main.m */,
			);
			name = "Supporting Files";
			sourceTree = "<group>";
		};
		AD66381B1C6C91D6000718CE /* API */ = {
			isa = PBXGroup;
			children = (
				AD66381C1C6C91E4000718CE /* API.h */,
				AD66381D1C6C91E4000718CE /* API.m */,
				AD66381E1C6C91E4000718CE /* APIPostClass.h */,
				AD66381F1C6C91E4000718CE /* APIPostClass.m */,
				AD6638361C6C9273000718CE /* ParseDate.h */,
				AD6638371C6C9273000718CE /* ParseDate.m */,
				AD6638381C6C9273000718CE /* ParserAbout.h */,
				AD6638391C6C9273000718CE /* ParserAbout.m */,
				AD66383A1C6C9273000718CE /* ParserArticles.h */,
				AD66383B1C6C9273000718CE /* ParserArticles.m */,
				AD66383C1C6C9273000718CE /* ParserMethod.h */,
				AD66383D1C6C9273000718CE /* ParserMethod.m */,
				AD66383E1C6C9273000718CE /* ParserPrice.h */,
				AD66383F1C6C9273000718CE /* ParserPrice.m */,
				AD6638401C6C9273000718CE /* ParserVideo.h */,
				AD6638411C6C9273000718CE /* ParserVideo.m */,
				AD6638421C6C9273000718CE /* ParsingResponseAbout.h */,
				AD6638431C6C9273000718CE /* ParsingResponseAbout.m */,
				AD6638441C6C9273000718CE /* ParsingResponseArticle.h */,
				AD6638451C6C9273000718CE /* ParsingResponseArticle.m */,
				AD6638461C6C9273000718CE /* ParsingResponseNamePrice.h */,
				AD6638471C6C9273000718CE /* ParsingResponseNamePrice.m */,
				AD6638481C6C9273000718CE /* ParsingResponsePrice.h */,
				AD6638491C6C9273000718CE /* ParsingResponsePrice.m */,
				AD66384A1C6C9273000718CE /* ParsingResponseVideo.h */,
				AD66384B1C6C9273000718CE /* ParsingResponseVideo.m */,
			);
			name = API;
			sourceTree = "<group>";
		};
		AD6638221C6C91EC000718CE /* Category */ = {
			isa = PBXGroup;
			children = (
				AD66385C1C6C9294000718CE /* UIImage+Alpha.h */,
				AD66385D1C6C9294000718CE /* UIImage+Alpha.m */,
				AD66385E1C6C9294000718CE /* UIImage+Blured_And_SnapShot_Image.h */,
				AD66385F1C6C9294000718CE /* UIImage+Blured_And_SnapShot_Image.m */,
				AD6638601C6C9294000718CE /* UIImage+ImageEffects.h */,
				AD6638611C6C9294000718CE /* UIImage+ImageEffects.m */,
				AD6638621C6C9294000718CE /* UIImage+Resize.h */,
				AD6638631C6C9294000718CE /* UIImage+Resize.m */,
				AD6638641C6C9294000718CE /* UIImage+RoundedCorner.h */,
				AD6638651C6C9294000718CE /* UIImage+RoundedCorner.m */,
				AD6638231C6C91F9000718CE /* Animation.h */,
				AD6638241C6C91F9000718CE /* Animation.m */,
			);
			name = Category;
			sourceTree = "<group>";
		};
		AD6638291C6C9234000718CE /* Images */ = {
			isa = PBXGroup;
			children = (
				AD6638BE1C6CB6FD000718CE /* Launcher */,
				AD6638991C6CB228000718CE /* Icons */,
				AD66382E1C6C925B000718CE /* left.png */,
				AD66386E1C6C929C000718CE /* youtube-play.png */,
				AD6638341C6C9264000718CE /* order.png */,
				AD66382F1C6C925B000718CE /* list-alt.png */,
				AD6638301C6C925B000718CE /* logo.jpg */,
				AD66382A1C6C9242000718CE /* envelope.png */,
				AD6638701C6C945B000718CE /* th-list.png */,
				AD66382B1C6C9242000718CE /* iam.jpg */,
				AD6638571C6C927C000718CE /* phone-icon.png */,
			);
			name = Images;
			sourceTree = "<group>";
		};
		AD6638721C6C950B000718CE /* MenuProject */ = {
			isa = PBXGroup;
			children = (
				AD6638731C6C953C000718CE /* SWRevealViewController.h */,
				AD6638741C6C953C000718CE /* SWRevealViewController.m */,
				AD6638761C6C9547000718CE /* MenuViewController.h */,
				AD6638771C6C9547000718CE /* MenuViewController.m */,
			);
			name = MenuProject;
			sourceTree = "<group>";
		};
		AD6638791C6C9A84000718CE /* MainView */ = {
			isa = PBXGroup;
			children = (
				AD66387A1C6C9A99000718CE /* MainViewController.h */,
				AD66387B1C6C9A99000718CE /* MainViewController.m */,
			);
			name = MainView;
			sourceTree = "<group>";
		};
		AD6638801C6CAA94000718CE /* Reloader */ = {
			isa = PBXGroup;
			children = (
				AD6638871C6CAB83000718CE /* KYPullToCurveVeiw_footer.h */,
				AD6638881C6CAB83000718CE /* KYPullToCurveVeiw_footer.m */,
				AD6638891C6CAB83000718CE /* KYPullToCurveVeiw.h */,
				AD66388A1C6CAB83000718CE /* KYPullToCurveVeiw.m */,
				AD6638811C6CAB73000718CE /* CurveLayer.h */,
				AD6638821C6CAB73000718CE /* CurveLayer.m */,
				AD6638831C6CAB73000718CE /* CurveView.h */,
				AD6638841C6CAB73000718CE /* CurveView.m */,
				AD6638901C6CABB7000718CE /* LabelView.h */,
				AD6638911C6CABB7000718CE /* LabelView.m */,
				AD6638961C6CABCE000718CE /* UIView+Convenient.h */,
				AD6638971C6CABCE000718CE /* UIView+Convenient.m */,
			);
			name = Reloader;
			sourceTree = "<group>";
		};
		AD6638991C6CB228000718CE /* Icons */ = {
			isa = PBXGroup;
			children = (
				AD66389A1C6CB24E000718CE /* Icon-60.png */,
				AD66389B1C6CB24E000718CE /* Icon-60@2x.png */,
				AD66389C1C6CB24E000718CE /* Icon-60@3x.png */,
				AD66389D1C6CB24E000718CE /* Icon-72.png */,
				AD66389E1C6CB24E000718CE /* Icon-72@2x.png */,
				AD66389F1C6CB24E000718CE /* Icon-76.png */,
				AD6638A01C6CB24E000718CE /* Icon-76@2x.png */,
				AD6638A11C6CB24E000718CE /* Icon-Small-40.png */,
				AD6638A21C6CB24E000718CE /* Icon-Small-40@2x.png */,
				AD6638A31C6CB24E000718CE /* Icon-Small-40@3x.png */,
				AD6638A41C6CB24E000718CE /* Icon-Small-50.png */,
				AD6638A51C6CB24E000718CE /* Icon-Small-50@2x.png */,
				AD6638A61C6CB24E000718CE /* Icon-Small.png */,
				AD6638A71C6CB24E000718CE /* Icon-Small@2x.png */,
				AD6638A81C6CB24E000718CE /* Icon-Small@3x.png */,
				AD6638A91C6CB24E000718CE /* Icon.png */,
				AD6638AB1C6CB24E000718CE /* Icon@2x.png */,
			);
			name = Icons;
			sourceTree = "<group>";
		};
		AD6638BE1C6CB6FD000718CE /* Launcher */ = {
			isa = PBXGroup;
			children = (
				AD6638BF1C6CB710000718CE /* iphone 4.png */,
				AD6638C01C6CB710000718CE /* iphone 5.png */,
				AD6638C11C6CB710000718CE /* iphone 6 Plus_2.png */,
				AD6638C21C6CB710000718CE /* iphone 6 Plus.png */,
				AD6638C31C6CB710000718CE /* iphone 6.png */,
			);
			name = Launcher;
			sourceTree = "<group>";
		};
/* End PBXGroup section */

/* Begin PBXNativeTarget section */
		AD6638001C6C90C0000718CE /* Weddup */ = {
			isa = PBXNativeTarget;
			buildConfigurationList = AD6638181C6C90C0000718CE /* Build configuration list for PBXNativeTarget "Weddup" */;
			buildPhases = (
				0ABCC02FE3DF29235CA6AFB5 /* Check Pods Manifest.lock */,
				AD6637FD1C6C90C0000718CE /* Sources */,
				AD6637FE1C6C90C0000718CE /* Frameworks */,
				AD6637FF1C6C90C0000718CE /* Resources */,
				6073E64A88E39A9BA6E8A9A0 /* Embed Pods Frameworks */,
				9A54F69C1AF987893463F105 /* Copy Pods Resources */,
			);
			buildRules = (
			);
			dependencies = (
			);
			name = Weddup;
			productName = Weddup;
			productReference = AD6638011C6C90C0000718CE /* Weddup.app */;
			productType = "com.apple.product-type.application";
		};
/* End PBXNativeTarget section */

/* Begin PBXProject section */
		AD6637F91C6C90C0000718CE /* Project object */ = {
			isa = PBXProject;
			attributes = {
				LastUpgradeCheck = 0720;
				ORGANIZATIONNAME = datastore24;
				TargetAttributes = {
					AD6638001C6C90C0000718CE = {
						CreatedOnToolsVersion = 7.2.1;
						DevelopmentTeam = 6598R4ULA4;
					};
				};
			};
			buildConfigurationList = AD6637FC1C6C90C0000718CE /* Build configuration list for PBXProject "Weddup" */;
			compatibilityVersion = "Xcode 3.2";
			developmentRegion = English;
			hasScannedForEncodings = 0;
			knownRegions = (
				en,
				Base,
			);
			mainGroup = AD6637F81C6C90C0000718CE;
			productRefGroup = AD6638021C6C90C0000718CE /* Products */;
			projectDirPath = "";
			projectRoot = "";
			targets = (
				AD6638001C6C90C0000718CE /* Weddup */,
			);
		};
/* End PBXProject section */

/* Begin PBXResourcesBuildPhase section */
		AD6637FF1C6C90C0000718CE /* Resources */ = {
			isa = PBXResourcesBuildPhase;
			buildActionMask = 2147483647;
			files = (
				AD6638C71C6CB710000718CE /* iphone 6 Plus.png in Resources */,
				AD6638C41C6CB710000718CE /* iphone 4.png in Resources */,
				AD6638331C6C925B000718CE /* logo.jpg in Resources */,
				AD6638141C6C90C0000718CE /* LaunchScreen.storyboard in Resources */,
				AD6638B61C6CB24E000718CE /* Icon-Small-50.png in Resources */,
				AD6638B81C6CB24E000718CE /* Icon-Small.png in Resources */,
				AD6638B21C6CB24E000718CE /* Icon-76@2x.png in Resources */,
				AD6638B91C6CB24E000718CE /* Icon-Small@2x.png in Resources */,
				AD6638321C6C925B000718CE /* list-alt.png in Resources */,
				AD6638AD1C6CB24E000718CE /* Icon-60@2x.png in Resources */,
				AD66386F1C6C929C000718CE /* youtube-play.png in Resources */,
				AD6638B01C6CB24E000718CE /* Icon-72@2x.png in Resources */,
				AD66382C1C6C9242000718CE /* envelope.png in Resources */,
				AD6638B51C6CB24E000718CE /* Icon-Small-40@3x.png in Resources */,
				AD6638BB1C6CB24E000718CE /* Icon.png in Resources */,
				AD6638BA1C6CB24E000718CE /* Icon-Small@3x.png in Resources */,
				AD6638AE1C6CB24E000718CE /* Icon-60@3x.png in Resources */,
				AD6638311C6C925B000718CE /* left.png in Resources */,
				AD6638B41C6CB24E000718CE /* Icon-Small-40@2x.png in Resources */,
				AD6638581C6C927C000718CE /* phone-icon.png in Resources */,
				AD6638AC1C6CB24E000718CE /* Icon-60.png in Resources */,
				AD6638C61C6CB710000718CE /* iphone 6 Plus_2.png in Resources */,
				AD6638BD1C6CB24E000718CE /* Icon@2x.png in Resources */,
				AD6638B31C6CB24E000718CE /* Icon-Small-40.png in Resources */,
				AD6638C81C6CB710000718CE /* iphone 6.png in Resources */,
				AD6638111C6C90C0000718CE /* Assets.xcassets in Resources */,
				AD66382D1C6C9242000718CE /* iam.jpg in Resources */,
				AD6638B71C6CB24E000718CE /* Icon-Small-50@2x.png in Resources */,
				AD6638C51C6CB710000718CE /* iphone 5.png in Resources */,
				AD6638351C6C9264000718CE /* order.png in Resources */,
				AD6638AF1C6CB24E000718CE /* Icon-72.png in Resources */,
				AD66380F1C6C90C0000718CE /* Main.storyboard in Resources */,
				AD6638711C6C945B000718CE /* th-list.png in Resources */,
				AD6638B11C6CB24E000718CE /* Icon-76.png in Resources */,
			);
			runOnlyForDeploymentPostprocessing = 0;
		};
/* End PBXResourcesBuildPhase section */

/* Begin PBXShellScriptBuildPhase section */
		0ABCC02FE3DF29235CA6AFB5 /* Check Pods Manifest.lock */ = {
			isa = PBXShellScriptBuildPhase;
			buildActionMask = 2147483647;
			files = (
			);
			inputPaths = (
			);
			name = "Check Pods Manifest.lock";
			outputPaths = (
			);
			runOnlyForDeploymentPostprocessing = 0;
			shellPath = /bin/sh;
			shellScript = "diff \"${PODS_ROOT}/../Podfile.lock\" \"${PODS_ROOT}/Manifest.lock\" > /dev/null\nif [[ $? != 0 ]] ; then\n    cat << EOM\nerror: The sandbox is not in sync with the Podfile.lock. Run 'pod install' or update your CocoaPods installation.\nEOM\n    exit 1\nfi\n";
			showEnvVarsInLog = 0;
		};
		6073E64A88E39A9BA6E8A9A0 /* Embed Pods Frameworks */ = {
			isa = PBXShellScriptBuildPhase;
			buildActionMask = 2147483647;
			files = (
			);
			inputPaths = (
			);
			name = "Embed Pods Frameworks";
			outputPaths = (
			);
			runOnlyForDeploymentPostprocessing = 0;
			shellPath = /bin/sh;
			shellScript = "\"${SRCROOT}/Pods/Target Support Files/Pods-Weddup/Pods-Weddup-frameworks.sh\"\n";
			showEnvVarsInLog = 0;
		};
		9A54F69C1AF987893463F105 /* Copy Pods Resources */ = {
			isa = PBXShellScriptBuildPhase;
			buildActionMask = 2147483647;
			files = (
			);
			inputPaths = (
			);
			name = "Copy Pods Resources";
			outputPaths = (
			);
			runOnlyForDeploymentPostprocessing = 0;
			shellPath = /bin/sh;
			shellScript = "\"${SRCROOT}/Pods/Target Support Files/Pods-Weddup/Pods-Weddup-resources.sh\"\n";
			showEnvVarsInLog = 0;
		};
/* End PBXShellScriptBuildPhase section */

/* Begin PBXSourcesBuildPhase section */
		AD6637FD1C6C90C0000718CE /* Sources */ = {
			isa = PBXSourcesBuildPhase;
			buildActionMask = 2147483647;
			files = (
				AD6638941C6CABB7000718CE /* LabelView.m in Sources */,
				AD66386B1C6C9294000718CE /* UIImage+Resize.m in Sources */,
				AD6638851C6CAB73000718CE /* CurveLayer.m in Sources */,
				AD6638781C6C9547000718CE /* MenuViewController.m in Sources */,
				AD66380C1C6C90C0000718CE /* ViewController.m in Sources */,
				AD6638091C6C90C0000718CE /* AppDelegate.m in Sources */,
				AD6638251C6C91F9000718CE /* Animation.m in Sources */,
				AD6638201C6C91E4000718CE /* API.m in Sources */,
				AD66388B1C6CAB83000718CE /* KYPullToCurveVeiw_footer.m in Sources */,
				AD66386A1C6C9294000718CE /* UIImage+ImageEffects.m in Sources */,
				AD66387F1C6C9B43000718CE /* TextAndImageHeight.m in Sources */,
				AD6638501C6C9273000718CE /* ParserPrice.m in Sources */,
				AD6638691C6C9294000718CE /* UIImage+Blured_And_SnapShot_Image.m in Sources */,
				AD66384D1C6C9273000718CE /* ParserAbout.m in Sources */,
				AD6638061C6C90C0000718CE /* main.m in Sources */,
				AD66387C1C6C9A99000718CE /* MainViewController.m in Sources */,
				AD66385B1C6C9287000718CE /* SingleTone.m in Sources */,
				AD6638681C6C9294000718CE /* UIImage+Alpha.m in Sources */,
				AD6638211C6C91E4000718CE /* APIPostClass.m in Sources */,
				AD6638751C6C953C000718CE /* SWRevealViewController.m in Sources */,
				AD66384E1C6C9273000718CE /* ParserArticles.m in Sources */,
				AD6638561C6C9273000718CE /* ParsingResponseVideo.m in Sources */,
				AD66388C1C6CAB83000718CE /* KYPullToCurveVeiw.m in Sources */,
				AD6638551C6C9273000718CE /* ParsingResponsePrice.m in Sources */,
				AD6638861C6CAB73000718CE /* CurveView.m in Sources */,
				AD66386C1C6C9294000718CE /* UIImage+RoundedCorner.m in Sources */,
				AD6638531C6C9273000718CE /* ParsingResponseArticle.m in Sources */,
				AD66384F1C6C9273000718CE /* ParserMethod.m in Sources */,
				AD6638281C6C9201000718CE /* BBlock.m in Sources */,
				AD6638541C6C9273000718CE /* ParsingResponseNamePrice.m in Sources */,
				AD66384C1C6C9273000718CE /* ParseDate.m in Sources */,
				AD6638511C6C9273000718CE /* ParserVideo.m in Sources */,
				AD6638521C6C9273000718CE /* ParsingResponseAbout.m in Sources */,
				AD6638981C6CABCE000718CE /* UIView+Convenient.m in Sources */,
			);
			runOnlyForDeploymentPostprocessing = 0;
		};
/* End PBXSourcesBuildPhase section */

/* Begin PBXVariantGroup section */
		AD66380D1C6C90C0000718CE /* Main.storyboard */ = {
			isa = PBXVariantGroup;
			children = (
				AD66380E1C6C90C0000718CE /* Base */,
			);
			name = Main.storyboard;
			sourceTree = "<group>";
		};
		AD6638121C6C90C0000718CE /* LaunchScreen.storyboard */ = {
			isa = PBXVariantGroup;
			children = (
				AD6638131C6C90C0000718CE /* Base */,
			);
			name = LaunchScreen.storyboard;
			sourceTree = "<group>";
		};
/* End PBXVariantGroup section */

/* Begin XCBuildConfiguration section */
		AD6638161C6C90C0000718CE /* Debug */ = {
			isa = XCBuildConfiguration;
			buildSettings = {
				ALWAYS_SEARCH_USER_PATHS = NO;
				CLANG_CXX_LANGUAGE_STANDARD = "gnu++0x";
				CLANG_CXX_LIBRARY = "libc++";
				CLANG_ENABLE_MODULES = YES;
				CLANG_ENABLE_OBJC_ARC = YES;
				CLANG_WARN_BOOL_CONVERSION = YES;
				CLANG_WARN_CONSTANT_CONVERSION = YES;
				CLANG_WARN_DIRECT_OBJC_ISA_USAGE = YES_ERROR;
				CLANG_WARN_EMPTY_BODY = YES;
				CLANG_WARN_ENUM_CONVERSION = YES;
				CLANG_WARN_INT_CONVERSION = YES;
				CLANG_WARN_OBJC_ROOT_CLASS = YES_ERROR;
				CLANG_WARN_UNREACHABLE_CODE = YES;
				CLANG_WARN__DUPLICATE_METHOD_MATCH = YES;
				"CODE_SIGN_IDENTITY[sdk=iphoneos*]" = "iPhone Developer";
				COPY_PHASE_STRIP = NO;
				DEBUG_INFORMATION_FORMAT = dwarf;
				ENABLE_STRICT_OBJC_MSGSEND = YES;
				ENABLE_TESTABILITY = YES;
				GCC_C_LANGUAGE_STANDARD = gnu99;
				GCC_DYNAMIC_NO_PIC = NO;
				GCC_NO_COMMON_BLOCKS = YES;
				GCC_OPTIMIZATION_LEVEL = 0;
				GCC_PREPROCESSOR_DEFINITIONS = (
					"DEBUG=1",
					"$(inherited)",
				);
				GCC_WARN_64_TO_32_BIT_CONVERSION = YES;
				GCC_WARN_ABOUT_RETURN_TYPE = YES_ERROR;
				GCC_WARN_UNDECLARED_SELECTOR = YES;
				GCC_WARN_UNINITIALIZED_AUTOS = YES_AGGRESSIVE;
				GCC_WARN_UNUSED_FUNCTION = YES;
				GCC_WARN_UNUSED_VARIABLE = YES;
				IPHONEOS_DEPLOYMENT_TARGET = 9.2;
				MTL_ENABLE_DEBUG_INFO = YES;
				ONLY_ACTIVE_ARCH = YES;
				SDKROOT = iphoneos;
			};
			name = Debug;
		};
		AD6638171C6C90C0000718CE /* Release */ = {
			isa = XCBuildConfiguration;
			buildSettings = {
				ALWAYS_SEARCH_USER_PATHS = NO;
				CLANG_CXX_LANGUAGE_STANDARD = "gnu++0x";
				CLANG_CXX_LIBRARY = "libc++";
				CLANG_ENABLE_MODULES = YES;
				CLANG_ENABLE_OBJC_ARC = YES;
				CLANG_WARN_BOOL_CONVERSION = YES;
				CLANG_WARN_CONSTANT_CONVERSION = YES;
				CLANG_WARN_DIRECT_OBJC_ISA_USAGE = YES_ERROR;
				CLANG_WARN_EMPTY_BODY = YES;
				CLANG_WARN_ENUM_CONVERSION = YES;
				CLANG_WARN_INT_CONVERSION = YES;
				CLANG_WARN_OBJC_ROOT_CLASS = YES_ERROR;
				CLANG_WARN_UNREACHABLE_CODE = YES;
				CLANG_WARN__DUPLICATE_METHOD_MATCH = YES;
				"CODE_SIGN_IDENTITY[sdk=iphoneos*]" = "iPhone Developer";
				COPY_PHASE_STRIP = NO;
				DEBUG_INFORMATION_FORMAT = "dwarf-with-dsym";
				ENABLE_NS_ASSERTIONS = NO;
				ENABLE_STRICT_OBJC_MSGSEND = YES;
				GCC_C_LANGUAGE_STANDARD = gnu99;
				GCC_NO_COMMON_BLOCKS = YES;
				GCC_WARN_64_TO_32_BIT_CONVERSION = YES;
				GCC_WARN_ABOUT_RETURN_TYPE = YES_ERROR;
				GCC_WARN_UNDECLARED_SELECTOR = YES;
				GCC_WARN_UNINITIALIZED_AUTOS = YES_AGGRESSIVE;
				GCC_WARN_UNUSED_FUNCTION = YES;
				GCC_WARN_UNUSED_VARIABLE = YES;
				IPHONEOS_DEPLOYMENT_TARGET = 9.2;
				MTL_ENABLE_DEBUG_INFO = NO;
				SDKROOT = iphoneos;
				VALIDATE_PRODUCT = YES;
			};
			name = Release;
		};
		AD6638191C6C90C0000718CE /* Debug */ = {
			isa = XCBuildConfiguration;
			baseConfigurationReference = D1D93D0BA23D85BA2DF8D68A /* Pods-Weddup.debug.xcconfig */;
			buildSettings = {
				ASSETCATALOG_COMPILER_APPICON_NAME = AppIcon;
				ASSETCATALOG_COMPILER_LAUNCHIMAGE_NAME = "Brand Assets";
				CODE_SIGN_IDENTITY = "iPhone Developer";
				INFOPLIST_FILE = Weddup/Info.plist;
				LD_RUNPATH_SEARCH_PATHS = "$(inherited) @executable_path/Frameworks";
				PRODUCT_BUNDLE_IDENTIFIER = com.datastore24.Weddup;
				PRODUCT_NAME = "$(TARGET_NAME)";
			};
			name = Debug;
		};
		AD66381A1C6C90C0000718CE /* Release */ = {
			isa = XCBuildConfiguration;
			baseConfigurationReference = 0CB2018ECE1D0878F7FFB7CE /* Pods-Weddup.release.xcconfig */;
			buildSettings = {
				ASSETCATALOG_COMPILER_APPICON_NAME = AppIcon;
				ASSETCATALOG_COMPILER_LAUNCHIMAGE_NAME = "Brand Assets";
				CODE_SIGN_IDENTITY = "iPhone Developer";
				INFOPLIST_FILE = Weddup/Info.plist;
				LD_RUNPATH_SEARCH_PATHS = "$(inherited) @executable_path/Frameworks";
				PRODUCT_BUNDLE_IDENTIFIER = com.datastore24.Weddup;
				PRODUCT_NAME = "$(TARGET_NAME)";
			};
			name = Release;
		};
/* End XCBuildConfiguration section */

/* Begin XCConfigurationList section */
		AD6637FC1C6C90C0000718CE /* Build configuration list for PBXProject "Weddup" */ = {
			isa = XCConfigurationList;
			buildConfigurations = (
				AD6638161C6C90C0000718CE /* Debug */,
				AD6638171C6C90C0000718CE /* Release */,
			);
			defaultConfigurationIsVisible = 0;
			defaultConfigurationName = Release;
		};
		AD6638181C6C90C0000718CE /* Build configuration list for PBXNativeTarget "Weddup" */ = {
			isa = XCConfigurationList;
			buildConfigurations = (
				AD6638191C6C90C0000718CE /* Debug */,
				AD66381A1C6C90C0000718CE /* Release */,
			);
			defaultConfigurationIsVisible = 0;
			defaultConfigurationName = Release;
		};
/* End XCConfigurationList section */
	};
	rootObject = AD6637F91C6C90C0000718CE /* Project object */;
}
